{"format_version":"1.2","terraform_version":"1.6.2","variables":{"allocated_storage":{"value":10},"azs":{"value":["ap-northeast-2a","ap-northeast-2c"]},"cidr":{"value":"10.0.0.0/16"},"db_sg_ports":{"value":{"postgresql":"5432"}},"db_subnet_cidr":{"value":["10.0.80.0/24","10.0.90.0/24"]},"desired_capacity":{"value":2},"engine":{"value":"postgres"},"engine_version":{"value":"15.3"},"health_check_grace_period":{"value":300},"health_check_type":{"value":"EC2"},"instance_class":{"value":"db.t3.micro"},"instance_type":{"value":"t3.micro"},"key_name":{"value":"juiceb"},"load_balancer_type":{"value":"application"},"max_size":{"value":4},"min_size":{"value":2},"multi_az":{"value":true},"name":{"value":"joo"},"private_lb_sg_ports":{"value":{"app":"80"}},"private_lb_subnet_cidr":{"value":["10.0.40.0/24","10.0.50.0/24"]},"public_lb_sg_ports":{"value":{"https":"443"}},"public_subnet_cidr":{"value":["10.0.0.0/24","10.0.10.0/24"]},"tags":{"value":{"owner":"joo"}},"wait_for_capacity_timeout":{"value":"5m"},"was_sg_ports":{"value":{"app":"8000"}},"was_subnet_cidr":{"value":["10.0.60.0/24","10.0.70.0/24"]},"web_sg_ports":{"value":{"http":"80","https":"443"}},"web_subnet_cidr":{"value":["10.0.20.0/24","10.0.30.0/24"]}},"planned_values":{"outputs":{"db_instance_hosted_zone_id":{"sensitive":false},"lb_sg_id":{"sensitive":false},"vpc_id":{"sensitive":false},"vpc_zone_identifier":{"sensitive":false},"was_sg_id":{"sensitive":false},"web_sg_id":{"sensitive":false}},"root_module":{"child_modules":[{"resources":[{"address":"module.db.aws_db_instance.postgres","mode":"managed","type":"aws_db_instance","name":"postgres","provider_name":"registry.terraform.io/hashicorp/aws","schema_version":2,"values":{"allocated_storage":10,"allow_major_version_upgrade":null,"apply_immediately":false,"auto_minor_version_upgrade":true,"blue_green_update":[],"copy_tags_to_snapshot":false,"custom_iam_instance_profile":null,"customer_owned_ip_enabled":null,"db_name":"postgres","db_subnet_group_name":"joo-var.db-subnet-group","delete_automated_backups":true,"deletion_protection":null,"domain":null,"domain_iam_role_name":null,"enabled_cloudwatch_logs_exports":null,"engine":"postgres","engine_version":"15.3","final_snapshot_identifier":null,"iam_database_authentication_enabled":null,"identifier":"joo","instance_class":"db.t3.micro","manage_master_user_password":null,"max_allocated_storage":null,"monitoring_interval":0,"multi_az":true,"password":"juiceb7597","performance_insights_enabled":false,"port":5432,"publicly_accessible":false,"replicate_source_db":null,"restore_to_point_in_time":[],"s3_import":[],"skip_final_snapshot":true,"storage_encrypted":true,"tags":{"Name":"joo-postgres","owner":"joo"},"tags_all":{"Name":"joo-postgres","owner":"joo"},"timeouts":null,"username":"juiceb"},"sensitive_values":{"blue_green_update":[],"listener_endpoint":[],"master_user_secret":[],"password":true,"replicas":[],"restore_to_point_in_time":[],"s3_import":[],"tags":{},"tags_all":{},"username":true,"vpc_security_group_ids":[]}},{"address":"module.db.aws_db_subnet_group.this","mode":"managed","type":"aws_db_subnet_group","name":"this","provider_name":"registry.terraform.io/hashicorp/aws","schema_version":0,"values":{"description":"joo-var.db-subnet-group","name":"joo-var.db-subnet-group","tags":{"Name":"joo-db-subnet-group","owner":"joo"},"tags_all":{"Name":"joo-db-subnet-group","owner":"joo"}},"sensitive_values":{"subnet_ids":[],"supported_network_types":[],"tags":{},"tags_all":{}}},{"address":"module.db.aws_security_group.db","mode":"managed","type":"aws_security_group","name":"db","provider_name":"registry.terraform.io/hashicorp/aws","schema_version":1,"values":{"description":"joo-db-sg","egress":[{"cidr_blocks":["0.0.0.0/0"],"description":"","from_port":0,"ipv6_cidr_blocks":["::/0"],"prefix_list_ids":[],"protocol":"-1","security_groups":[],"self":false,"to_port":0}],"ingress":[{"cidr_blocks":[],"description":"Allow postgresql","from_port":5432,"ipv6_cidr_blocks":[],"prefix_list_ids":[],"protocol":"tcp","self":false,"to_port":5432}],"name":"joo-db-sg","revoke_rules_on_delete":false,"tags":{"Name":"joo-db-sg","owner":"joo"},"tags_all":{"Name":"joo-db-sg","owner":"joo"},"timeouts":null},"sensitive_values":{"egress":[{"cidr_blocks":[false],"ipv6_cidr_blocks":[false],"prefix_list_ids":[],"security_groups":[]}],"ingress":[{"cidr_blocks":[],"ipv6_cidr_blocks":[],"prefix_list_ids":[],"security_groups":[]}],"tags":{},"tags_all":{}}}],"address":"module.db"},{"resources":[{"address":"module.iam.aws_iam_instance_profile.this","mode":"managed","type":"aws_iam_instance_profile","name":"this","provider_name":"registry.terraform.io/hashicorp/aws","schema_version":0,"values":{"name":"EC2InstanceProfileECR","path":"/","role":"ec2_role_ECR","tags":{"Name":"joo-instance-profile-ecr","owner":"joo"},"tags_all":{"Name":"joo-instance-profile-ecr","owner":"joo"}},"sensitive_values":{"tags":{},"tags_all":{}}},{"address":"module.iam.aws_iam_policy.ecr_policy","mode":"managed","type":"aws_iam_policy","name":"ecr_policy","provider_name":"registry.terraform.io/hashicorp/aws","schema_version":0,"values":{"description":"ecr policy","name":"ecr-policy","path":"/","policy":"{\"Statement\":[{\"Action\":[\"ecr-public:GetAuthorizationToken\",\"sts:GetServiceBearerToken\",\"ecr-public:BatchCheckLayerAvailability\",\"ecr-public:GetRepositoryPolicy\",\"ecr-public:DescribeRepositories\",\"ecr-public:DescribeRegistries\",\"ecr-public:DescribeImages\",\"ecr-public:DescribeImageTags\",\"ecr-public:GetRepositoryCatalogData\",\"ecr-public:GetRegistryCatalogData\",\"ecr-public:InitiateLayerUpload\",\"ecr-public:UploadLayerPart\",\"ecr-public:CompleteLayerUpload\",\"ecr-public:PutImage\"],\"Effect\":\"Allow\",\"Resource\":\"*\"}],\"Version\":\"2012-10-17\"}","tags":null},"sensitive_values":{"tags_all":{}}},{"address":"module.iam.aws_iam_role.ec2_role","mode":"managed","type":"aws_iam_role","name":"ec2_role","provider_name":"registry.terraform.io/hashicorp/aws","schema_version":0,"values":{"assume_role_policy":"{\"Statement\":[{\"Action\":\"sts:AssumeRole\",\"Effect\":\"Allow\",\"Principal\":{\"Service\":\"ec2.amazonaws.com\"},\"Sid\":\"\"}],\"Version\":\"2012-10-17\"}","description":null,"force_detach_policies":false,"max_session_duration":3600,"name":"ec2_role_ECR","path":"/","permissions_boundary":null,"tags":{"Name":"joo-ec2-role","owner":"joo"},"tags_all":{"Name":"joo-ec2-role","owner":"joo"}},"sensitive_values":{"inline_policy":[],"managed_policy_arns":[],"tags":{},"tags_all":{}}},{"address":"module.iam.aws_iam_role_policy_attachment.ec2_role","mode":"managed","type":"aws_iam_role_policy_attachment","name":"ec2_role","provider_name":"registry.terraform.io/hashicorp/aws","schema_version":0,"values":{"role":"ec2_role_ECR"},"sensitive_values":{}}],"address":"module.iam"},{"resources":[{"address":"module.network.aws_eip.nat[0]","mode":"managed","type":"aws_eip","name":"nat","index":0,"provider_name":"registry.terraform.io/hashicorp/aws","schema_version":0,"values":{"address":null,"associate_with_private_ip":null,"customer_owned_ipv4_pool":null,"domain":"vpc","tags":{"Name":"joo-ap-northeast-2a-eip","owner":"joo"},"tags_all":{"Name":"joo-ap-northeast-2a-eip","owner":"joo"},"timeouts":null},"sensitive_values":{"tags":{},"tags_all":{}}},{"address":"module.network.aws_eip.nat[1]","mode":"managed","type":"aws_eip","name":"nat","index":1,"provider_name":"registry.terraform.io/hashicorp/aws","schema_version":0,"values":{"address":null,"associate_with_private_ip":null,"customer_owned_ipv4_pool":null,"domain":"vpc","tags":{"Name":"joo-ap-northeast-2c-eip","owner":"joo"},"tags_all":{"Name":"joo-ap-northeast-2c-eip","owner":"joo"},"timeouts":null},"sensitive_values":{"tags":{},"tags_all":{}}},{"address":"module.network.aws_internet_gateway.this","mode":"managed","type":"aws_internet_gateway","name":"this","provider_name":"registry.terraform.io/hashicorp/aws","schema_version":0,"values":{"tags":{"Name":"joo-igw","owner":"joo"},"tags_all":{"Name":"joo-igw","owner":"joo"},"timeouts":null},"sensitive_values":{"tags":{},"tags_all":{}}},{"address":"module.network.aws_nat_gateway.this[0]","mode":"managed","type":"aws_nat_gateway","name":"this","index":0,"provider_name":"registry.terraform.io/hashicorp/aws","schema_version":0,"values":{"connectivity_type":"public","secondary_allocation_ids":null,"tags":{"Name":"joo-ap-northeast-2a-nat-gateway","owner":"joo"},"tags_all":{"Name":"joo-ap-northeast-2a-nat-gateway","owner":"joo"},"timeouts":null},"sensitive_values":{"secondary_private_ip_addresses":[],"tags":{},"tags_all":{}}},{"address":"module.network.aws_nat_gateway.this[1]","mode":"managed","type":"aws_nat_gateway","name":"this","index":1,"provider_name":"registry.terraform.io/hashicorp/aws","schema_version":0,"values":{"connectivity_type":"public","secondary_allocation_ids":null,"tags":{"Name":"joo-ap-northeast-2c-nat-gateway","owner":"joo"},"tags_all":{"Name":"joo-ap-northeast-2c-nat-gateway","owner":"joo"},"timeouts":null},"sensitive_values":{"secondary_private_ip_addresses":[],"tags":{},"tags_all":{}}},{"address":"module.network.aws_route.public_internet_gateway","mode":"managed","type":"aws_route","name":"public_internet_gateway","provider_name":"registry.terraform.io/hashicorp/aws","schema_version":0,"values":{"carrier_gateway_id":null,"core_network_arn":null,"destination_cidr_block":"0.0.0.0/0","destination_ipv6_cidr_block":null,"destination_prefix_list_id":null,"egress_only_gateway_id":null,"local_gateway_id":null,"nat_gateway_id":null,"timeouts":null,"transit_gateway_id":null,"vpc_endpoint_id":null,"vpc_peering_connection_id":null},"sensitive_values":{}},{"address":"module.network.aws_route.web_nat_gateway[0]","mode":"managed","type":"aws_route","name":"web_nat_gateway","index":0,"provider_name":"registry.terraform.io/hashicorp/aws","schema_version":0,"values":{"carrier_gateway_id":null,"core_network_arn":null,"destination_cidr_block":"0.0.0.0/0","destination_ipv6_cidr_block":null,"destination_prefix_list_id":null,"egress_only_gateway_id":null,"gateway_id":null,"local_gateway_id":null,"timeouts":null,"transit_gateway_id":null,"vpc_endpoint_id":null,"vpc_peering_connection_id":null},"sensitive_values":{}},{"address":"module.network.aws_route.web_nat_gateway[1]","mode":"managed","type":"aws_route","name":"web_nat_gateway","index":1,"provider_name":"registry.terraform.io/hashicorp/aws","schema_version":0,"values":{"carrier_gateway_id":null,"core_network_arn":null,"destination_cidr_block":"0.0.0.0/0","destination_ipv6_cidr_block":null,"destination_prefix_list_id":null,"egress_only_gateway_id":null,"gateway_id":null,"local_gateway_id":null,"timeouts":null,"transit_gateway_id":null,"vpc_endpoint_id":null,"vpc_peering_connection_id":null},"sensitive_values":{}},{"address":"module.network.aws_route_table.public","mode":"managed","type":"aws_route_table","name":"public","provider_name":"registry.terraform.io/hashicorp/aws","schema_version":0,"values":{"tags":{"Name":"joo-ap-northeast-2a-public-route-table","owner":"joo"},"tags_all":{"Name":"joo-ap-northeast-2a-public-route-table","owner":"joo"},"timeouts":null},"sensitive_values":{"propagating_vgws":[],"route":[],"tags":{},"tags_all":{}}},{"address":"module.network.aws_route_table.web[0]","mode":"managed","type":"aws_route_table","name":"web","index":0,"provider_name":"registry.terraform.io/hashicorp/aws","schema_version":0,"values":{"tags":{"Name":"joo-ap-northeast-2a-private-route-table","owner":"joo"},"tags_all":{"Name":"joo-ap-northeast-2a-private-route-table","owner":"joo"},"timeouts":null},"sensitive_values":{"propagating_vgws":[],"route":[],"tags":{},"tags_all":{}}},{"address":"module.network.aws_route_table.web[1]","mode":"managed","type":"aws_route_table","name":"web","index":1,"provider_name":"registry.terraform.io/hashicorp/aws","schema_version":0,"values":{"tags":{"Name":"joo-ap-northeast-2c-private-route-table","owner":"joo"},"tags_all":{"Name":"joo-ap-northeast-2c-private-route-table","owner":"joo"},"timeouts":null},"sensitive_values":{"propagating_vgws":[],"route":[],"tags":{},"tags_all":{}}},{"address":"module.network.aws_route_table_association.db[0]","mode":"managed","type":"aws_route_table_association","name":"db","index":0,"provider_name":"registry.terraform.io/hashicorp/aws","schema_version":0,"values":{"gateway_id":null,"timeouts":null},"sensitive_values":{}},{"address":"module.network.aws_route_table_association.db[1]","mode":"managed","type":"aws_route_table_association","name":"db","index":1,"provider_name":"registry.terraform.io/hashicorp/aws","schema_version":0,"values":{"gateway_id":null,"timeouts":null},"sensitive_values":{}},{"address":"module.network.aws_route_table_association.public[0]","mode":"managed","type":"aws_route_table_association","name":"public","index":0,"provider_name":"registry.terraform.io/hashicorp/aws","schema_version":0,"values":{"gateway_id":null,"timeouts":null},"sensitive_values":{}},{"address":"module.network.aws_route_table_association.public[1]","mode":"managed","type":"aws_route_table_association","name":"public","index":1,"provider_name":"registry.terraform.io/hashicorp/aws","schema_version":0,"values":{"gateway_id":null,"timeouts":null},"sensitive_values":{}},{"address":"module.network.aws_route_table_association.was[0]","mode":"managed","type":"aws_route_table_association","name":"was","index":0,"provider_name":"registry.terraform.io/hashicorp/aws","schema_version":0,"values":{"gateway_id":null,"timeouts":null},"sensitive_values":{}},{"address":"module.network.aws_route_table_association.was[1]","mode":"managed","type":"aws_route_table_association","name":"was","index":1,"provider_name":"registry.terraform.io/hashicorp/aws","schema_version":0,"values":{"gateway_id":null,"timeouts":null},"sensitive_values":{}},{"address":"module.network.aws_route_table_association.web[0]","mode":"managed","type":"aws_route_table_association","name":"web","index":0,"provider_name":"registry.terraform.io/hashicorp/aws","schema_version":0,"values":{"gateway_id":null,"timeouts":null},"sensitive_values":{}},{"address":"module.network.aws_route_table_association.web[1]","mode":"managed","type":"aws_route_table_association","name":"web","index":1,"provider_name":"registry.terraform.io/hashicorp/aws","schema_version":0,"values":{"gateway_id":null,"timeouts":null},"sensitive_values":{}},{"address":"module.network.aws_subnet.db[0]","mode":"managed","type":"aws_subnet","name":"db","index":0,"provider_name":"registry.terraform.io/hashicorp/aws","schema_version":1,"values":{"assign_ipv6_address_on_creation":false,"availability_zone":"ap-northeast-2a","cidr_block":"10.0.80.0/24","customer_owned_ipv4_pool":null,"enable_dns64":false,"enable_lni_at_device_index":null,"enable_resource_name_dns_a_record_on_launch":false,"enable_resource_name_dns_aaaa_record_on_launch":false,"ipv6_cidr_block":null,"ipv6_native":false,"map_customer_owned_ip_on_launch":null,"map_public_ip_on_launch":false,"outpost_arn":null,"tags":{"Name":"joo-ap-northeast-2a-db-subnet","owner":"joo"},"tags_all":{"Name":"joo-ap-northeast-2a-db-subnet","owner":"joo"},"timeouts":null},"sensitive_values":{"tags":{},"tags_all":{}}},{"address":"module.network.aws_subnet.db[1]","mode":"managed","type":"aws_subnet","name":"db","index":1,"provider_name":"registry.terraform.io/hashicorp/aws","schema_version":1,"values":{"assign_ipv6_address_on_creation":false,"availability_zone":"ap-northeast-2c","cidr_block":"10.0.90.0/24","customer_owned_ipv4_pool":null,"enable_dns64":false,"enable_lni_at_device_index":null,"enable_resource_name_dns_a_record_on_launch":false,"enable_resource_name_dns_aaaa_record_on_launch":false,"ipv6_cidr_block":null,"ipv6_native":false,"map_customer_owned_ip_on_launch":null,"map_public_ip_on_launch":false,"outpost_arn":null,"tags":{"Name":"joo-ap-northeast-2c-db-subnet","owner":"joo"},"tags_all":{"Name":"joo-ap-northeast-2c-db-subnet","owner":"joo"},"timeouts":null},"sensitive_values":{"tags":{},"tags_all":{}}},{"address":"module.network.aws_subnet.private_lb[0]","mode":"managed","type":"aws_subnet","name":"private_lb","index":0,"provider_name":"registry.terraform.io/hashicorp/aws","schema_version":1,"values":{"assign_ipv6_address_on_creation":false,"availability_zone":"ap-northeast-2a","cidr_block":"10.0.40.0/24","customer_owned_ipv4_pool":null,"enable_dns64":false,"enable_lni_at_device_index":null,"enable_resource_name_dns_a_record_on_launch":false,"enable_resource_name_dns_aaaa_record_on_launch":false,"ipv6_cidr_block":null,"ipv6_native":false,"map_customer_owned_ip_on_launch":null,"map_public_ip_on_launch":false,"outpost_arn":null,"tags":{"Name":"joo-ap-northeast-2a-private-lb-subnet","owner":"joo"},"tags_all":{"Name":"joo-ap-northeast-2a-private-lb-subnet","owner":"joo"},"timeouts":null},"sensitive_values":{"tags":{},"tags_all":{}}},{"address":"module.network.aws_subnet.private_lb[1]","mode":"managed","type":"aws_subnet","name":"private_lb","index":1,"provider_name":"registry.terraform.io/hashicorp/aws","schema_version":1,"values":{"assign_ipv6_address_on_creation":false,"availability_zone":"ap-northeast-2c","cidr_block":"10.0.50.0/24","customer_owned_ipv4_pool":null,"enable_dns64":false,"enable_lni_at_device_index":null,"enable_resource_name_dns_a_record_on_launch":false,"enable_resource_name_dns_aaaa_record_on_launch":false,"ipv6_cidr_block":null,"ipv6_native":false,"map_customer_owned_ip_on_launch":null,"map_public_ip_on_launch":false,"outpost_arn":null,"tags":{"Name":"joo-ap-northeast-2c-private-lb-subnet","owner":"joo"},"tags_all":{"Name":"joo-ap-northeast-2c-private-lb-subnet","owner":"joo"},"timeouts":null},"sensitive_values":{"tags":{},"tags_all":{}}},{"address":"module.network.aws_subnet.public[0]","mode":"managed","type":"aws_subnet","name":"public","index":0,"provider_name":"registry.terraform.io/hashicorp/aws","schema_version":1,"values":{"assign_ipv6_address_on_creation":false,"availability_zone":"ap-northeast-2a","cidr_block":"10.0.0.0/24","customer_owned_ipv4_pool":null,"enable_dns64":false,"enable_lni_at_device_index":null,"enable_resource_name_dns_a_record_on_launch":false,"enable_resource_name_dns_aaaa_record_on_launch":false,"ipv6_cidr_block":null,"ipv6_native":false,"map_customer_owned_ip_on_launch":null,"map_public_ip_on_launch":false,"outpost_arn":null,"tags":{"Name":"joo-ap-northeast-2a-public-subnet","owner":"joo"},"tags_all":{"Name":"joo-ap-northeast-2a-public-subnet","owner":"joo"},"timeouts":null},"sensitive_values":{"tags":{},"tags_all":{}}},{"address":"module.network.aws_subnet.public[1]","mode":"managed","type":"aws_subnet","name":"public","index":1,"provider_name":"registry.terraform.io/hashicorp/aws","schema_version":1,"values":{"assign_ipv6_address_on_creation":false,"availability_zone":"ap-northeast-2c","cidr_block":"10.0.10.0/24","customer_owned_ipv4_pool":null,"enable_dns64":false,"enable_lni_at_device_index":null,"enable_resource_name_dns_a_record_on_launch":false,"enable_resource_name_dns_aaaa_record_on_launch":false,"ipv6_cidr_block":null,"ipv6_native":false,"map_customer_owned_ip_on_launch":null,"map_public_ip_on_launch":false,"outpost_arn":null,"tags":{"Name":"joo-ap-northeast-2c-public-subnet","owner":"joo"},"tags_all":{"Name":"joo-ap-northeast-2c-public-subnet","owner":"joo"},"timeouts":null},"sensitive_values":{"tags":{},"tags_all":{}}},{"address":"module.network.aws_subnet.was[0]","mode":"managed","type":"aws_subnet","name":"was","index":0,"provider_name":"registry.terraform.io/hashicorp/aws","schema_version":1,"values":{"assign_ipv6_address_on_creation":false,"availability_zone":"ap-northeast-2a","cidr_block":"10.0.60.0/24","customer_owned_ipv4_pool":null,"enable_dns64":false,"enable_lni_at_device_index":null,"enable_resource_name_dns_a_record_on_launch":false,"enable_resource_name_dns_aaaa_record_on_launch":false,"ipv6_cidr_block":null,"ipv6_native":false,"map_customer_owned_ip_on_launch":null,"map_public_ip_on_launch":false,"outpost_arn":null,"tags":{"Name":"joo-ap-northeast-2a-was-subnet","owner":"joo"},"tags_all":{"Name":"joo-ap-northeast-2a-was-subnet","owner":"joo"},"timeouts":null},"sensitive_values":{"tags":{},"tags_all":{}}},{"address":"module.network.aws_subnet.was[1]","mode":"managed","type":"aws_subnet","name":"was","index":1,"provider_name":"registry.terraform.io/hashicorp/aws","schema_version":1,"values":{"assign_ipv6_address_on_creation":false,"availability_zone":"ap-northeast-2c","cidr_block":"10.0.70.0/24","customer_owned_ipv4_pool":null,"enable_dns64":false,"enable_lni_at_device_index":null,"enable_resource_name_dns_a_record_on_launch":false,"enable_resource_name_dns_aaaa_record_on_launch":false,"ipv6_cidr_block":null,"ipv6_native":false,"map_customer_owned_ip_on_launch":null,"map_public_ip_on_launch":false,"outpost_arn":null,"tags":{"Name":"joo-ap-northeast-2c-was-subnet","owner":"joo"},"tags_all":{"Name":"joo-ap-northeast-2c-was-subnet","owner":"joo"},"timeouts":null},"sensitive_values":{"tags":{},"tags_all":{}}},{"address":"module.network.aws_subnet.web[0]","mode":"managed","type":"aws_subnet","name":"web","index":0,"provider_name":"registry.terraform.io/hashicorp/aws","schema_version":1,"values":{"assign_ipv6_address_on_creation":false,"availability_zone":"ap-northeast-2a","cidr_block":"10.0.20.0/24","customer_owned_ipv4_pool":null,"enable_dns64":false,"enable_lni_at_device_index":null,"enable_resource_name_dns_a_record_on_launch":false,"enable_resource_name_dns_aaaa_record_on_launch":false,"ipv6_cidr_block":null,"ipv6_native":false,"map_customer_owned_ip_on_launch":null,"map_public_ip_on_launch":false,"outpost_arn":null,"tags":{"Name":"joo-ap-northeast-2a-web-subnet","owner":"joo"},"tags_all":{"Name":"joo-ap-northeast-2a-web-subnet","owner":"joo"},"timeouts":null},"sensitive_values":{"tags":{},"tags_all":{}}},{"address":"module.network.aws_subnet.web[1]","mode":"managed","type":"aws_subnet","name":"web","index":1,"provider_name":"registry.terraform.io/hashicorp/aws","schema_version":1,"values":{"assign_ipv6_address_on_creation":false,"availability_zone":"ap-northeast-2c","cidr_block":"10.0.30.0/24","customer_owned_ipv4_pool":null,"enable_dns64":false,"enable_lni_at_device_index":null,"enable_resource_name_dns_a_record_on_launch":false,"enable_resource_name_dns_aaaa_record_on_launch":false,"ipv6_cidr_block":null,"ipv6_native":false,"map_customer_owned_ip_on_launch":null,"map_public_ip_on_launch":false,"outpost_arn":null,"tags":{"Name":"joo-ap-northeast-2c-web-subnet","owner":"joo"},"tags_all":{"Name":"joo-ap-northeast-2c-web-subnet","owner":"joo"},"timeouts":null},"sensitive_values":{"tags":{},"tags_all":{}}},{"address":"module.network.aws_vpc.main","mode":"managed","type":"aws_vpc","name":"main","provider_name":"registry.terraform.io/hashicorp/aws","schema_version":1,"values":{"assign_generated_ipv6_cidr_block":null,"cidr_block":"10.0.0.0/16","enable_dns_hostnames":true,"enable_dns_support":true,"instance_tenancy":"default","ipv4_ipam_pool_id":null,"ipv4_netmask_length":null,"ipv6_ipam_pool_id":null,"ipv6_netmask_length":null,"tags":{"Name":"joo-vpc","owner":"joo"},"tags_all":{"Name":"joo-vpc","owner":"joo"}},"sensitive_values":{"tags":{},"tags_all":{}}}],"address":"module.network"},{"resources":[{"address":"module.private_lb.aws_lb.private","mode":"managed","type":"aws_lb","name":"private","provider_name":"registry.terraform.io/hashicorp/aws","schema_version":0,"values":{"access_logs":[],"customer_owned_ipv4_pool":null,"desync_mitigation_mode":"defensive","dns_record_client_routing_policy":null,"drop_invalid_header_fields":false,"enable_cross_zone_load_balancing":null,"enable_deletion_protection":false,"enable_http2":true,"enable_tls_version_and_cipher_suite_headers":false,"enable_waf_fail_open":false,"enable_xff_client_port":false,"idle_timeout":60,"internal":true,"load_balancer_type":"application","name":"joo-private-lb","preserve_host_header":false,"tags":{"Name":"joo-private-lb","owner":"joo"},"tags_all":{"Name":"joo-private-lb","owner":"joo"},"timeouts":null,"xff_header_processing_mode":"append"},"sensitive_values":{"access_logs":[],"security_groups":[],"subnet_mapping":[],"subnets":[],"tags":{},"tags_all":{}}},{"address":"module.private_lb.aws_lb_listener.app","mode":"managed","type":"aws_lb_listener","name":"app","provider_name":"registry.terraform.io/hashicorp/aws","schema_version":0,"values":{"alpn_policy":null,"certificate_arn":null,"default_action":[{"authenticate_cognito":[],"authenticate_oidc":[],"fixed_response":[],"forward":[],"redirect":[],"type":"forward"}],"port":80,"protocol":"HTTP","tags":{"Name":"joo-private-lb-Listener","owner":"joo"},"tags_all":{"Name":"joo-private-lb-Listener","owner":"joo"},"timeouts":null},"sensitive_values":{"default_action":[{"authenticate_cognito":[],"authenticate_oidc":[],"fixed_response":[],"forward":[],"redirect":[]}],"tags":{},"tags_all":{}}},{"address":"module.private_lb.aws_lb_target_group.was","mode":"managed","type":"aws_lb_target_group","name":"was","provider_name":"registry.terraform.io/hashicorp/aws","schema_version":0,"values":{"deregistration_delay":"300","lambda_multi_value_headers_enabled":false,"name":"was-TG","port":8000,"protocol":"HTTP","proxy_protocol_v2":false,"slow_start":0,"tags":{"Name":"joo-was-TG","owner":"joo"},"tags_all":{"Name":"joo-was-TG","owner":"joo"},"target_type":"instance"},"sensitive_values":{"health_check":[],"stickiness":[],"tags":{},"tags_all":{},"target_failover":[],"target_health_state":[]}},{"address":"module.private_lb.aws_security_group.private_lb","mode":"managed","type":"aws_security_group","name":"private_lb","provider_name":"registry.terraform.io/hashicorp/aws","schema_version":1,"values":{"description":"joo-private-lb-sg","egress":[{"cidr_blocks":["0.0.0.0/0"],"description":"","from_port":0,"ipv6_cidr_blocks":["::/0"],"prefix_list_ids":[],"protocol":"-1","security_groups":[],"self":false,"to_port":0}],"ingress":[{"cidr_blocks":[],"description":"Allow app","from_port":80,"ipv6_cidr_blocks":[],"prefix_list_ids":[],"protocol":"tcp","self":false,"to_port":80}],"name":"joo-private-lb-sg","revoke_rules_on_delete":false,"tags":{"Name":"joo-private-lb-sg","owner":"joo"},"tags_all":{"Name":"joo-private-lb-sg","owner":"joo"},"timeouts":null},"sensitive_values":{"egress":[{"cidr_blocks":[false],"ipv6_cidr_blocks":[false],"prefix_list_ids":[],"security_groups":[]}],"ingress":[{"cidr_blocks":[],"ipv6_cidr_blocks":[],"prefix_list_ids":[],"security_groups":[]}],"tags":{},"tags_all":{}}}],"address":"module.private_lb"},{"resources":[{"address":"module.public_lb.aws_lb.public","mode":"managed","type":"aws_lb","name":"public","provider_name":"registry.terraform.io/hashicorp/aws","schema_version":0,"values":{"access_logs":[],"customer_owned_ipv4_pool":null,"desync_mitigation_mode":"defensive","dns_record_client_routing_policy":null,"drop_invalid_header_fields":false,"enable_cross_zone_load_balancing":null,"enable_deletion_protection":false,"enable_http2":true,"enable_tls_version_and_cipher_suite_headers":false,"enable_waf_fail_open":false,"enable_xff_client_port":false,"idle_timeout":60,"load_balancer_type":"application","name":"joo-public-lb","preserve_host_header":false,"tags":{"Name":"joo-public-lb","owner":"joo"},"tags_all":{"Name":"joo-public-lb","owner":"joo"},"timeouts":null,"xff_header_processing_mode":"append"},"sensitive_values":{"access_logs":[],"security_groups":[],"subnet_mapping":[],"subnets":[],"tags":{},"tags_all":{}}},{"address":"module.public_lb.aws_lb_listener.http","mode":"managed","type":"aws_lb_listener","name":"http","provider_name":"registry.terraform.io/hashicorp/aws","schema_version":0,"values":{"alpn_policy":null,"certificate_arn":null,"default_action":[{"authenticate_cognito":[],"authenticate_oidc":[],"fixed_response":[],"forward":[],"redirect":[],"type":"forward"},{"authenticate_cognito":[],"authenticate_oidc":[],"fixed_response":[],"forward":[],"redirect":[{"host":"#{host}","path":"/#{path}","port":"443","protocol":"HTTPS","query":"#{query}","status_code":"HTTP_301"}],"target_group_arn":null,"type":"redirect"}],"port":80,"protocol":"HTTP","tags":{"Name":"joo-public-lb-http-Listener","owner":"joo"},"tags_all":{"Name":"joo-public-lb-http-Listener","owner":"joo"},"timeouts":null},"sensitive_values":{"default_action":[{"authenticate_cognito":[],"authenticate_oidc":[],"fixed_response":[],"forward":[],"redirect":[]},{"authenticate_cognito":[],"authenticate_oidc":[],"fixed_response":[],"forward":[],"redirect":[{}]}],"tags":{},"tags_all":{}}},{"address":"module.public_lb.aws_lb_listener.https","mode":"managed","type":"aws_lb_listener","name":"https","provider_name":"registry.terraform.io/hashicorp/aws","schema_version":0,"values":{"alpn_policy":null,"certificate_arn":"arn:aws:acm:ap-northeast-2:458197257493:certificate/8d41f3f3-96de-4dd5-8f9a-e72e5e5ef013","default_action":[{"authenticate_cognito":[],"authenticate_oidc":[],"fixed_response":[],"forward":[],"redirect":[],"type":"forward"}],"port":443,"protocol":"HTTPS","ssl_policy":"ELBSecurityPolicy-TLS13-1-2-2021-06","tags":{"Name":"joo-public-lb-https-Listener","owner":"joo"},"tags_all":{"Name":"joo-public-lb-https-Listener","owner":"joo"},"timeouts":null},"sensitive_values":{"default_action":[{"authenticate_cognito":[],"authenticate_oidc":[],"fixed_response":[],"forward":[],"redirect":[]}],"tags":{},"tags_all":{}}},{"address":"module.public_lb.aws_lb_target_group.web","mode":"managed","type":"aws_lb_target_group","name":"web","provider_name":"registry.terraform.io/hashicorp/aws","schema_version":0,"values":{"deregistration_delay":"300","lambda_multi_value_headers_enabled":false,"name":"web-TG","port":80,"protocol":"HTTP","proxy_protocol_v2":false,"slow_start":0,"tags":{"Name":"joo-web-TG","owner":"joo"},"tags_all":{"Name":"joo-web-TG","owner":"joo"},"target_type":"instance"},"sensitive_values":{"health_check":[],"stickiness":[],"tags":{},"tags_all":{},"target_failover":[],"target_health_state":[]}},{"address":"module.public_lb.aws_security_group.public_lb","mode":"managed","type":"aws_security_group","name":"public_lb","provider_name":"registry.terraform.io/hashicorp/aws","schema_version":1,"values":{"description":"joo-public-lb-sg","egress":[{"cidr_blocks":["0.0.0.0/0"],"description":"","from_port":0,"ipv6_cidr_blocks":["::/0"],"prefix_list_ids":[],"protocol":"-1","security_groups":[],"self":false,"to_port":0}],"ingress":[{"cidr_blocks":["0.0.0.0/0"],"description":"Allow https","from_port":443,"ipv6_cidr_blocks":[],"prefix_list_ids":[],"protocol":"tcp","security_groups":[],"self":false,"to_port":443}],"name":"joo-public-lb-sg","revoke_rules_on_delete":false,"tags":{"Name":"joo-public-lb-sg","owner":"joo"},"tags_all":{"Name":"joo-public-lb-sg","owner":"joo"},"timeouts":null},"sensitive_values":{"egress":[{"cidr_blocks":[false],"ipv6_cidr_blocks":[false],"prefix_list_ids":[],"security_groups":[]}],"ingress":[{"cidr_blocks":[false],"ipv6_cidr_blocks":[],"prefix_list_ids":[],"security_groups":[]}],"tags":{},"tags_all":{}}}],"address":"module.public_lb"},{"resources":[{"address":"module.route53.aws_route53_record.private_lb","mode":"managed","type":"aws_route53_record","name":"private_lb","provider_name":"registry.terraform.io/hashicorp/aws","schema_version":2,"values":{"alias":[{"evaluate_target_health":true,"zone_id":"ZWKZPGTI48KDX"}],"cidr_routing_policy":[],"failover_routing_policy":[],"geolocation_routing_policy":[],"health_check_id":null,"latency_routing_policy":[],"multivalue_answer_routing_policy":null,"name":"lb","records":null,"set_identifier":null,"ttl":null,"type":"A","weighted_routing_policy":[]},"sensitive_values":{"alias":[{}],"cidr_routing_policy":[],"failover_routing_policy":[],"geolocation_routing_policy":[],"latency_routing_policy":[],"weighted_routing_policy":[]}},{"address":"module.route53.aws_route53_record.public_lb","mode":"managed","type":"aws_route53_record","name":"public_lb","provider_name":"registry.terraform.io/hashicorp/aws","schema_version":2,"values":{"alias":[{"evaluate_target_health":true,"zone_id":"ZWKZPGTI48KDX"}],"cidr_routing_policy":[],"failover_routing_policy":[],"geolocation_routing_policy":[],"health_check_id":null,"latency_routing_policy":[],"multivalue_answer_routing_policy":null,"name":"app","records":null,"set_identifier":null,"ttl":null,"type":"A","weighted_routing_policy":[],"zone_id":"Z05489631OD6CTLXAVCWK"},"sensitive_values":{"alias":[{}],"cidr_routing_policy":[],"failover_routing_policy":[],"geolocation_routing_policy":[],"latency_routing_policy":[],"weighted_routing_policy":[]}},{"address":"module.route53.aws_route53_zone.private","mode":"managed","type":"aws_route53_zone","name":"private","provider_name":"registry.terraform.io/hashicorp/aws","schema_version":0,"values":{"comment":"Private DNS for Private LB","delegation_set_id":null,"force_destroy":true,"name":"joo.com","tags":{"Name":"joo-private-zone","owner":"joo"},"tags_all":{"Name":"joo-private-zone","owner":"joo"},"vpc":[{}]},"sensitive_values":{"name_servers":[],"tags":{},"tags_all":{},"vpc":[{}]}}],"address":"module.route53"},{"resources":[{"address":"module.was.aws_autoscaling_group.was","mode":"managed","type":"aws_autoscaling_group","name":"was","provider_name":"registry.terraform.io/hashicorp/aws","schema_version":1,"values":{"capacity_rebalance":null,"context":null,"default_instance_warmup":null,"desired_capacity":2,"desired_capacity_type":null,"enabled_metrics":null,"force_delete":false,"force_delete_warm_pool":false,"health_check_grace_period":300,"health_check_type":"EC2","ignore_failed_scaling_activities":false,"initial_lifecycle_hook":[],"instance_refresh":[],"launch_configuration":null,"launch_template":[{"version":null}],"max_instance_lifetime":null,"max_size":4,"metrics_granularity":"1Minute","min_elb_capacity":null,"min_size":2,"name":"joo-was-asg","placement_group":null,"protect_from_scale_in":false,"suspended_processes":null,"tag":[{"key":"Name","propagate_at_launch":true,"value":"joo-was"},{"key":"owner","propagate_at_launch":true,"value":"joo"}],"termination_policies":null,"timeouts":null,"wait_for_capacity_timeout":"5m","wait_for_elb_capacity":null,"warm_pool":[]},"sensitive_values":{"availability_zones":[],"initial_lifecycle_hook":[],"instance_refresh":[],"launch_template":[{}],"load_balancers":[],"mixed_instances_policy":[],"tag":[{},{}],"target_group_arns":[],"traffic_source":[],"vpc_zone_identifier":[],"warm_pool":[]}},{"address":"module.was.aws_launch_template.was","mode":"managed","type":"aws_launch_template","name":"was","provider_name":"registry.terraform.io/hashicorp/aws","schema_version":0,"values":{"block_device_mappings":[],"capacity_reservation_specification":[],"cpu_options":[],"credit_specification":[],"description":"joo-was-launch-template","disable_api_stop":null,"disable_api_termination":null,"ebs_optimized":null,"elastic_gpu_specifications":[],"elastic_inference_accelerator":[],"enclave_options":[],"hibernation_options":[],"iam_instance_profile":[{"name":null}],"image_id":"ami-037f5c5c1aab1ae51","instance_initiated_shutdown_behavior":null,"instance_market_options":[],"instance_requirements":[],"instance_type":"t3.micro","kernel_id":null,"key_name":"juiceb","license_specification":[],"maintenance_options":[],"monitoring":[],"name":"joo-was-launch-template","network_interfaces":[],"placement":[],"private_dns_name_options":[],"ram_disk_id":null,"security_group_names":null,"tag_specifications":[],"tags":{"Name":"joo-was-launch-template","owner":"joo"},"tags_all":{"Name":"joo-was-launch-template","owner":"joo"},"update_default_version":null,"user_data":"IyEvYmluL2Jhc2gNCg0KZWNobyAiLi4uLi4uLi4uLS0tLS0tLS0tLS0tLS0tLSMjIyMjIyMjIyMjIyMjIyMjLl8uLS4tSU5TVEFMTC1Eb2NrZXIuLS5fLiMjIyMjIyMjIyMjIyMjIyMjLS0tLS0tLS0tLS0tLS0tLS4uLi4uLi4uLiINCnN1ZG8gYXB0LWdldCB1cGRhdGUNCnN1ZG8gYXB0LWdldCBpbnN0YWxsIGNhLWNlcnRpZmljYXRlcyBjdXJsIGdudXBnIC15DQpzdWRvIGluc3RhbGwgLW0gMDc1NSAtZCAvZXRjL2FwdC9rZXlyaW5ncw0KY3VybCAtZnNTTCBodHRwczovL2Rvd25sb2FkLmRvY2tlci5jb20vbGludXgvdWJ1bnR1L2dwZyB8IHN1ZG8gZ3BnIC0tZGVhcm1vciAtbyAvZXRjL2FwdC9rZXlyaW5ncy9kb2NrZXIuZ3BnDQpzdWRvIGNobW9kIGErciAvZXRjL2FwdC9rZXlyaW5ncy9kb2NrZXIuZ3BnDQplY2hvIFwNCiAgImRlYiBbYXJjaD0iJChkcGtnIC0tcHJpbnQtYXJjaGl0ZWN0dXJlKSIgc2lnbmVkLWJ5PS9ldGMvYXB0L2tleXJpbmdzL2RvY2tlci5ncGddIGh0dHBzOi8vZG93bmxvYWQuZG9ja2VyLmNvbS9saW51eC91YnVudHUgXA0KICAiJCguIC9ldGMvb3MtcmVsZWFzZSAmJiBlY2hvICIkVkVSU0lPTl9DT0RFTkFNRSIpIiBzdGFibGUiIHwgXA0KICBzdWRvIHRlZSAvZXRjL2FwdC9zb3VyY2VzLmxpc3QuZC9kb2NrZXIubGlzdCA+IC9kZXYvbnVsbA0Kc3VkbyBhcHQtZ2V0IHVwZGF0ZQ0Kc3VkbyBhcHQtZ2V0IGluc3RhbGwgZG9ja2VyLWNlIGRvY2tlci1jZS1jbGkgY29udGFpbmVyZC5pbyBkb2NrZXItYnVpbGR4LXBsdWdpbiBkb2NrZXItY29tcG9zZS1wbHVnaW4gLXkNCg0KZWNobyAiLi4uLi4uLi4uLS0tLS0tLS0tLS0tLS0tLSMjIyMjIyMjIyMjIyMjIyMjLl8uLS4tSU5TVEFMTC1BV1MtQ0xJLi0uXy4jIyMjIyMjIyMjIyMjIyMjIy0tLS0tLS0tLS0tLS0tLS0uLi4uLi4uLi4iDQpzdWRvIGFwdCBpbnN0YWxsIHVuemlwIC15DQpjdXJsICJodHRwczovL2F3c2NsaS5hbWF6b25hd3MuY29tL2F3c2NsaS1leGUtbGludXgteDg2XzY0LnppcCIgLW8gImF3c2NsaXYyLnppcCINCnN1ZG8gdW56aXAgYXdzY2xpdjIuemlwDQpzdWRvIC4vYXdzL2luc3RhbGwgLWkgL3Vzci9sb2NhbC9hd3MtY2xpIC1iIC91c3IvbG9jYWwvYmluDQoNCmVjaG8gIi4uLi4uLi4uLi0tLS0tLS0tLS0tLS0tLS0jIyMjIyMjIyMjIyMjIyMjIy5fLi0uLURFUExPWS1DT05UQUlORVIuLS5fLiMjIyMjIyMjIyMjIyMjIyMjLS0tLS0tLS0tLS0tLS0tLS4uLi4uLi4uLiINCmF3cyBlY3ItcHVibGljIGdldC1sb2dpbi1wYXNzd29yZCAtLXJlZ2lvbiB1cy1lYXN0LTEgfCBzdWRvIGRvY2tlciBsb2dpbiAtLXVzZXJuYW1lIEFXUyAtLXBhc3N3b3JkLXN0ZGluIHB1YmxpYy5lY3IuYXdzL2g1djhrNXk4DQpzdWRvIGRvY2tlciBydW4gLWQgLXAgODAwMDo4MDAwIC0tbmFtZSBhcHAgcHVibGljLmVjci5hd3MvaDV2OGs1eTgvYXBwOjAuMQ=="},"sensitive_values":{"block_device_mappings":[],"capacity_reservation_specification":[],"cpu_options":[],"credit_specification":[],"elastic_gpu_specifications":[],"elastic_inference_accelerator":[],"enclave_options":[],"hibernation_options":[],"iam_instance_profile":[{}],"instance_market_options":[],"instance_requirements":[],"license_specification":[],"maintenance_options":[],"metadata_options":[],"monitoring":[],"network_interfaces":[],"placement":[],"private_dns_name_options":[],"tag_specifications":[],"tags":{},"tags_all":{},"vpc_security_group_ids":[]}},{"address":"module.was.aws_security_group.was","mode":"managed","type":"aws_security_group","name":"was","provider_name":"registry.terraform.io/hashicorp/aws","schema_version":1,"values":{"description":"joo-was-sg","egress":[{"cidr_blocks":["0.0.0.0/0"],"description":"","from_port":0,"ipv6_cidr_blocks":["::/0"],"prefix_list_ids":[],"protocol":"-1","security_groups":[],"self":false,"to_port":0}],"ingress":[{"cidr_blocks":[],"description":"Allow app","from_port":8000,"ipv6_cidr_blocks":[],"prefix_list_ids":[],"protocol":"tcp","self":false,"to_port":8000}],"name":"joo-was-sg","revoke_rules_on_delete":false,"tags":{"Name":"joo-was-sg","owner":"joo"},"tags_all":{"Name":"joo-was-sg","owner":"joo"},"timeouts":null},"sensitive_values":{"egress":[{"cidr_blocks":[false],"ipv6_cidr_blocks":[false],"prefix_list_ids":[],"security_groups":[]}],"ingress":[{"cidr_blocks":[],"ipv6_cidr_blocks":[],"prefix_list_ids":[],"security_groups":[]}],"tags":{},"tags_all":{}}}],"address":"module.was"},{"resources":[{"address":"module.web.aws_autoscaling_group.web","mode":"managed","type":"aws_autoscaling_group","name":"web","provider_name":"registry.terraform.io/hashicorp/aws","schema_version":1,"values":{"capacity_rebalance":null,"context":null,"default_instance_warmup":null,"desired_capacity":2,"desired_capacity_type":null,"enabled_metrics":null,"force_delete":false,"force_delete_warm_pool":false,"health_check_grace_period":300,"health_check_type":"EC2","ignore_failed_scaling_activities":false,"initial_lifecycle_hook":[],"instance_refresh":[],"launch_configuration":null,"launch_template":[{"version":null}],"max_instance_lifetime":null,"max_size":4,"metrics_granularity":"1Minute","min_elb_capacity":null,"min_size":2,"name":"joo-web-asg","placement_group":null,"protect_from_scale_in":false,"suspended_processes":null,"tag":[{"key":"Name","propagate_at_launch":true,"value":"joo-web"},{"key":"owner","propagate_at_launch":true,"value":"joo"}],"termination_policies":null,"timeouts":null,"wait_for_capacity_timeout":"5m","wait_for_elb_capacity":null,"warm_pool":[]},"sensitive_values":{"availability_zones":[],"initial_lifecycle_hook":[],"instance_refresh":[],"launch_template":[{}],"load_balancers":[],"mixed_instances_policy":[],"tag":[{},{}],"target_group_arns":[],"traffic_source":[],"vpc_zone_identifier":[],"warm_pool":[]}},{"address":"module.web.aws_launch_template.web","mode":"managed","type":"aws_launch_template","name":"web","provider_name":"registry.terraform.io/hashicorp/aws","schema_version":0,"values":{"block_device_mappings":[],"capacity_reservation_specification":[],"cpu_options":[],"credit_specification":[],"description":"joo-web-launch-template","disable_api_stop":null,"disable_api_termination":null,"ebs_optimized":null,"elastic_gpu_specifications":[],"elastic_inference_accelerator":[],"enclave_options":[],"hibernation_options":[],"iam_instance_profile":[{"name":null}],"image_id":"ami-037f5c5c1aab1ae51","instance_initiated_shutdown_behavior":null,"instance_market_options":[],"instance_requirements":[],"instance_type":"t3.micro","kernel_id":null,"key_name":"juiceb","license_specification":[],"maintenance_options":[],"monitoring":[],"name":"joo-web-launch-template","network_interfaces":[],"placement":[],"private_dns_name_options":[],"ram_disk_id":null,"security_group_names":null,"tag_specifications":[],"tags":{"Name":"joo-web-launch-template","owner":"joo"},"tags_all":{"Name":"joo-web-launch-template","owner":"joo"},"update_default_version":null,"user_data":"IyEvYmluL2Jhc2gNCg0KZWNobyAiLi4uLi4uLi4uLS0tLS0tLS0tLS0tLS0tLSMjIyMjIyMjIyMjIyMjIyMjLl8uLS4tSU5TVEFMTC1Eb2NrZXIuLS5fLiMjIyMjIyMjIyMjIyMjIyMjLS0tLS0tLS0tLS0tLS0tLS4uLi4uLi4uLiINCnN1ZG8gYXB0LWdldCB1cGRhdGUNCnN1ZG8gYXB0LWdldCBpbnN0YWxsIGNhLWNlcnRpZmljYXRlcyBjdXJsIGdudXBnIC15DQpzdWRvIGluc3RhbGwgLW0gMDc1NSAtZCAvZXRjL2FwdC9rZXlyaW5ncw0KY3VybCAtZnNTTCBodHRwczovL2Rvd25sb2FkLmRvY2tlci5jb20vbGludXgvdWJ1bnR1L2dwZyB8IHN1ZG8gZ3BnIC0tZGVhcm1vciAtbyAvZXRjL2FwdC9rZXlyaW5ncy9kb2NrZXIuZ3BnDQpzdWRvIGNobW9kIGErciAvZXRjL2FwdC9rZXlyaW5ncy9kb2NrZXIuZ3BnDQplY2hvIFwNCiAgImRlYiBbYXJjaD0iJChkcGtnIC0tcHJpbnQtYXJjaGl0ZWN0dXJlKSIgc2lnbmVkLWJ5PS9ldGMvYXB0L2tleXJpbmdzL2RvY2tlci5ncGddIGh0dHBzOi8vZG93bmxvYWQuZG9ja2VyLmNvbS9saW51eC91YnVudHUgXA0KICAiJCguIC9ldGMvb3MtcmVsZWFzZSAmJiBlY2hvICIkVkVSU0lPTl9DT0RFTkFNRSIpIiBzdGFibGUiIHwgXA0KICBzdWRvIHRlZSAvZXRjL2FwdC9zb3VyY2VzLmxpc3QuZC9kb2NrZXIubGlzdCA+IC9kZXYvbnVsbA0Kc3VkbyBhcHQtZ2V0IHVwZGF0ZQ0Kc3VkbyBhcHQtZ2V0IGluc3RhbGwgZG9ja2VyLWNlIGRvY2tlci1jZS1jbGkgY29udGFpbmVyZC5pbyBkb2NrZXItYnVpbGR4LXBsdWdpbiBkb2NrZXItY29tcG9zZS1wbHVnaW4gLXkNCg0KZWNobyAiLi4uLi4uLi4uLS0tLS0tLS0tLS0tLS0tLSMjIyMjIyMjIyMjIyMjIyMjLl8uLS4tSU5TVEFMTC1BV1MtQ0xJLi0uXy4jIyMjIyMjIyMjIyMjIyMjIy0tLS0tLS0tLS0tLS0tLS0uLi4uLi4uLi4iDQpzdWRvIGFwdCBpbnN0YWxsIHVuemlwIC15DQpjdXJsICJodHRwczovL2F3c2NsaS5hbWF6b25hd3MuY29tL2F3c2NsaS1leGUtbGludXgteDg2XzY0LnppcCIgLW8gImF3c2NsaXYyLnppcCINCnN1ZG8gdW56aXAgYXdzY2xpdjIuemlwDQpzdWRvIC4vYXdzL2luc3RhbGwgLWkgL3Vzci9sb2NhbC9hd3MtY2xpIC1iIC91c3IvbG9jYWwvYmluDQoNCmVjaG8gIi4uLi4uLi4uLi0tLS0tLS0tLS0tLS0tLS0jIyMjIyMjIyMjIyMjIyMjIy5fLi0uLURFUExPWS1DT05UQUlORVIuLS5fLiMjIyMjIyMjIyMjIyMjIyMjLS0tLS0tLS0tLS0tLS0tLS4uLi4uLi4uLiINCmF3cyBlY3ItcHVibGljIGdldC1sb2dpbi1wYXNzd29yZCAtLXJlZ2lvbiB1cy1lYXN0LTEgfCBzdWRvIGRvY2tlciBsb2dpbiAtLXVzZXJuYW1lIEFXUyAtLXBhc3N3b3JkLXN0ZGluIHB1YmxpYy5lY3IuYXdzL2g1djhrNXk4DQpzdWRvIGRvY2tlciBydW4gLWQgLXAgODA6ODAgLS1uYW1lIG5naW54IHB1YmxpYy5lY3IuYXdzL2g1djhrNXk4L25naW54OjAuMQ=="},"sensitive_values":{"block_device_mappings":[],"capacity_reservation_specification":[],"cpu_options":[],"credit_specification":[],"elastic_gpu_specifications":[],"elastic_inference_accelerator":[],"enclave_options":[],"hibernation_options":[],"iam_instance_profile":[{}],"instance_market_options":[],"instance_requirements":[],"license_specification":[],"maintenance_options":[],"metadata_options":[],"monitoring":[],"network_interfaces":[],"placement":[],"private_dns_name_options":[],"tag_specifications":[],"tags":{},"tags_all":{},"vpc_security_group_ids":[]}},{"address":"module.web.aws_security_group.web","mode":"managed","type":"aws_security_group","name":"web","provider_name":"registry.terraform.io/hashicorp/aws","schema_version":1,"values":{"description":"joo-web-sg","egress":[{"cidr_blocks":["0.0.0.0/0"],"description":"","from_port":0,"ipv6_cidr_blocks":["::/0"],"prefix_list_ids":[],"protocol":"-1","security_groups":[],"self":false,"to_port":0}],"ingress":[{"cidr_blocks":[],"description":"Allow http","from_port":80,"ipv6_cidr_blocks":[],"prefix_list_ids":[],"protocol":"tcp","self":false,"to_port":80},{"cidr_blocks":[],"description":"Allow https","from_port":443,"ipv6_cidr_blocks":[],"prefix_list_ids":[],"protocol":"tcp","self":false,"to_port":443}],"name":"joo-web-sg","revoke_rules_on_delete":false,"tags":{"Name":"joo-web-sg","owner":"joo"},"tags_all":{"Name":"joo-web-sg","owner":"joo"},"timeouts":null},"sensitive_values":{"egress":[{"cidr_blocks":[false],"ipv6_cidr_blocks":[false],"prefix_list_ids":[],"security_groups":[]}],"ingress":[{"cidr_blocks":[],"ipv6_cidr_blocks":[],"prefix_list_ids":[],"security_groups":[]},{"cidr_blocks":[],"ipv6_cidr_blocks":[],"prefix_list_ids":[],"security_groups":[]}],"tags":{},"tags_all":{}}}],"address":"module.web"}]}},"resource_changes":[{"address":"module.db.aws_db_instance.postgres","module_address":"module.db","mode":"managed","type":"aws_db_instance","name":"postgres","provider_name":"registry.terraform.io/hashicorp/aws","change":{"actions":["create"],"before":null,"after":{"allocated_storage":10,"allow_major_version_upgrade":null,"apply_immediately":false,"auto_minor_version_upgrade":true,"blue_green_update":[],"copy_tags_to_snapshot":false,"custom_iam_instance_profile":null,"customer_owned_ip_enabled":null,"db_name":"postgres","db_subnet_group_name":"joo-var.db-subnet-group","delete_automated_backups":true,"deletion_protection":null,"domain":null,"domain_iam_role_name":null,"enabled_cloudwatch_logs_exports":null,"engine":"postgres","engine_version":"15.3","final_snapshot_identifier":null,"iam_database_authentication_enabled":null,"identifier":"joo","instance_class":"db.t3.micro","manage_master_user_password":null,"max_allocated_storage":null,"monitoring_interval":0,"multi_az":true,"password":"juiceb7597","performance_insights_enabled":false,"port":5432,"publicly_accessible":false,"replicate_source_db":null,"restore_to_point_in_time":[],"s3_import":[],"skip_final_snapshot":true,"storage_encrypted":true,"tags":{"Name":"joo-postgres","owner":"joo"},"tags_all":{"Name":"joo-postgres","owner":"joo"},"timeouts":null,"username":"juiceb"},"after_unknown":{"address":true,"arn":true,"availability_zone":true,"backup_retention_period":true,"backup_target":true,"backup_window":true,"blue_green_update":[],"ca_cert_identifier":true,"character_set_name":true,"endpoint":true,"engine_version_actual":true,"hosted_zone_id":true,"id":true,"identifier_prefix":true,"iops":true,"kms_key_id":true,"latest_restorable_time":true,"license_model":true,"listener_endpoint":true,"maintenance_window":true,"master_user_secret":true,"master_user_secret_kms_key_id":true,"monitoring_role_arn":true,"nchar_character_set_name":true,"network_type":true,"option_group_name":true,"parameter_group_name":true,"performance_insights_kms_key_id":true,"performance_insights_retention_period":true,"replica_mode":true,"replicas":true,"resource_id":true,"restore_to_point_in_time":[],"s3_import":[],"snapshot_identifier":true,"status":true,"storage_throughput":true,"storage_type":true,"tags":{},"tags_all":{},"timezone":true,"vpc_security_group_ids":true},"before_sensitive":false,"after_sensitive":{"blue_green_update":[],"listener_endpoint":[],"master_user_secret":[],"password":true,"replicas":[],"restore_to_point_in_time":[],"s3_import":[],"tags":{},"tags_all":{},"username":true,"vpc_security_group_ids":[]}}},{"address":"module.db.aws_db_subnet_group.this","module_address":"module.db","mode":"managed","type":"aws_db_subnet_group","name":"this","provider_name":"registry.terraform.io/hashicorp/aws","change":{"actions":["create"],"before":null,"after":{"description":"joo-var.db-subnet-group","name":"joo-var.db-subnet-group","tags":{"Name":"joo-db-subnet-group","owner":"joo"},"tags_all":{"Name":"joo-db-subnet-group","owner":"joo"}},"after_unknown":{"arn":true,"id":true,"name_prefix":true,"subnet_ids":true,"supported_network_types":true,"tags":{},"tags_all":{},"vpc_id":true},"before_sensitive":false,"after_sensitive":{"subnet_ids":[],"supported_network_types":[],"tags":{},"tags_all":{}}}},{"address":"module.db.aws_security_group.db","module_address":"module.db","mode":"managed","type":"aws_security_group","name":"db","provider_name":"registry.terraform.io/hashicorp/aws","change":{"actions":["create"],"before":null,"after":{"description":"joo-db-sg","egress":[{"cidr_blocks":["0.0.0.0/0"],"description":"","from_port":0,"ipv6_cidr_blocks":["::/0"],"prefix_list_ids":[],"protocol":"-1","security_groups":[],"self":false,"to_port":0}],"ingress":[{"cidr_blocks":[],"description":"Allow postgresql","from_port":5432,"ipv6_cidr_blocks":[],"prefix_list_ids":[],"protocol":"tcp","self":false,"to_port":5432}],"name":"joo-db-sg","revoke_rules_on_delete":false,"tags":{"Name":"joo-db-sg","owner":"joo"},"tags_all":{"Name":"joo-db-sg","owner":"joo"},"timeouts":null},"after_unknown":{"arn":true,"egress":[{"cidr_blocks":[false],"ipv6_cidr_blocks":[false],"prefix_list_ids":[],"security_groups":[]}],"id":true,"ingress":[{"cidr_blocks":[],"ipv6_cidr_blocks":[],"prefix_list_ids":[],"security_groups":true}],"name_prefix":true,"owner_id":true,"tags":{},"tags_all":{},"vpc_id":true},"before_sensitive":false,"after_sensitive":{"egress":[{"cidr_blocks":[false],"ipv6_cidr_blocks":[false],"prefix_list_ids":[],"security_groups":[]}],"ingress":[{"cidr_blocks":[],"ipv6_cidr_blocks":[],"prefix_list_ids":[],"security_groups":[]}],"tags":{},"tags_all":{}}}},{"address":"module.iam.aws_iam_instance_profile.this","module_address":"module.iam","mode":"managed","type":"aws_iam_instance_profile","name":"this","provider_name":"registry.terraform.io/hashicorp/aws","change":{"actions":["create"],"before":null,"after":{"name":"EC2InstanceProfileECR","path":"/","role":"ec2_role_ECR","tags":{"Name":"joo-instance-profile-ecr","owner":"joo"},"tags_all":{"Name":"joo-instance-profile-ecr","owner":"joo"}},"after_unknown":{"arn":true,"create_date":true,"id":true,"name_prefix":true,"tags":{},"tags_all":{},"unique_id":true},"before_sensitive":false,"after_sensitive":{"tags":{},"tags_all":{}}}},{"address":"module.iam.aws_iam_policy.ecr_policy","module_address":"module.iam","mode":"managed","type":"aws_iam_policy","name":"ecr_policy","provider_name":"registry.terraform.io/hashicorp/aws","change":{"actions":["create"],"before":null,"after":{"description":"ecr policy","name":"ecr-policy","path":"/","policy":"{\"Statement\":[{\"Action\":[\"ecr-public:GetAuthorizationToken\",\"sts:GetServiceBearerToken\",\"ecr-public:BatchCheckLayerAvailability\",\"ecr-public:GetRepositoryPolicy\",\"ecr-public:DescribeRepositories\",\"ecr-public:DescribeRegistries\",\"ecr-public:DescribeImages\",\"ecr-public:DescribeImageTags\",\"ecr-public:GetRepositoryCatalogData\",\"ecr-public:GetRegistryCatalogData\",\"ecr-public:InitiateLayerUpload\",\"ecr-public:UploadLayerPart\",\"ecr-public:CompleteLayerUpload\",\"ecr-public:PutImage\"],\"Effect\":\"Allow\",\"Resource\":\"*\"}],\"Version\":\"2012-10-17\"}","tags":null},"after_unknown":{"arn":true,"id":true,"name_prefix":true,"policy_id":true,"tags_all":true},"before_sensitive":false,"after_sensitive":{"tags_all":{}}}},{"address":"module.iam.aws_iam_role.ec2_role","module_address":"module.iam","mode":"managed","type":"aws_iam_role","name":"ec2_role","provider_name":"registry.terraform.io/hashicorp/aws","change":{"actions":["create"],"before":null,"after":{"assume_role_policy":"{\"Statement\":[{\"Action\":\"sts:AssumeRole\",\"Effect\":\"Allow\",\"Principal\":{\"Service\":\"ec2.amazonaws.com\"},\"Sid\":\"\"}],\"Version\":\"2012-10-17\"}","description":null,"force_detach_policies":false,"max_session_duration":3600,"name":"ec2_role_ECR","path":"/","permissions_boundary":null,"tags":{"Name":"joo-ec2-role","owner":"joo"},"tags_all":{"Name":"joo-ec2-role","owner":"joo"}},"after_unknown":{"arn":true,"create_date":true,"id":true,"inline_policy":true,"managed_policy_arns":true,"name_prefix":true,"tags":{},"tags_all":{},"unique_id":true},"before_sensitive":false,"after_sensitive":{"inline_policy":[],"managed_policy_arns":[],"tags":{},"tags_all":{}}}},{"address":"module.iam.aws_iam_role_policy_attachment.ec2_role","module_address":"module.iam","mode":"managed","type":"aws_iam_role_policy_attachment","name":"ec2_role","provider_name":"registry.terraform.io/hashicorp/aws","change":{"actions":["create"],"before":null,"after":{"role":"ec2_role_ECR"},"after_unknown":{"id":true,"policy_arn":true},"before_sensitive":false,"after_sensitive":{}}},{"address":"module.network.aws_eip.nat[0]","module_address":"module.network","mode":"managed","type":"aws_eip","name":"nat","index":0,"provider_name":"registry.terraform.io/hashicorp/aws","change":{"actions":["create"],"before":null,"after":{"address":null,"associate_with_private_ip":null,"customer_owned_ipv4_pool":null,"domain":"vpc","tags":{"Name":"joo-ap-northeast-2a-eip","owner":"joo"},"tags_all":{"Name":"joo-ap-northeast-2a-eip","owner":"joo"},"timeouts":null},"after_unknown":{"allocation_id":true,"association_id":true,"carrier_ip":true,"customer_owned_ip":true,"id":true,"instance":true,"network_border_group":true,"network_interface":true,"private_dns":true,"private_ip":true,"public_dns":true,"public_ip":true,"public_ipv4_pool":true,"tags":{},"tags_all":{},"vpc":true},"before_sensitive":false,"after_sensitive":{"tags":{},"tags_all":{}}}},{"address":"module.network.aws_eip.nat[1]","module_address":"module.network","mode":"managed","type":"aws_eip","name":"nat","index":1,"provider_name":"registry.terraform.io/hashicorp/aws","change":{"actions":["create"],"before":null,"after":{"address":null,"associate_with_private_ip":null,"customer_owned_ipv4_pool":null,"domain":"vpc","tags":{"Name":"joo-ap-northeast-2c-eip","owner":"joo"},"tags_all":{"Name":"joo-ap-northeast-2c-eip","owner":"joo"},"timeouts":null},"after_unknown":{"allocation_id":true,"association_id":true,"carrier_ip":true,"customer_owned_ip":true,"id":true,"instance":true,"network_border_group":true,"network_interface":true,"private_dns":true,"private_ip":true,"public_dns":true,"public_ip":true,"public_ipv4_pool":true,"tags":{},"tags_all":{},"vpc":true},"before_sensitive":false,"after_sensitive":{"tags":{},"tags_all":{}}}},{"address":"module.network.aws_internet_gateway.this","module_address":"module.network","mode":"managed","type":"aws_internet_gateway","name":"this","provider_name":"registry.terraform.io/hashicorp/aws","change":{"actions":["create"],"before":null,"after":{"tags":{"Name":"joo-igw","owner":"joo"},"tags_all":{"Name":"joo-igw","owner":"joo"},"timeouts":null},"after_unknown":{"arn":true,"id":true,"owner_id":true,"tags":{},"tags_all":{},"vpc_id":true},"before_sensitive":false,"after_sensitive":{"tags":{},"tags_all":{}}}},{"address":"module.network.aws_nat_gateway.this[0]","module_address":"module.network","mode":"managed","type":"aws_nat_gateway","name":"this","index":0,"provider_name":"registry.terraform.io/hashicorp/aws","change":{"actions":["create"],"before":null,"after":{"connectivity_type":"public","secondary_allocation_ids":null,"tags":{"Name":"joo-ap-northeast-2a-nat-gateway","owner":"joo"},"tags_all":{"Name":"joo-ap-northeast-2a-nat-gateway","owner":"joo"},"timeouts":null},"after_unknown":{"allocation_id":true,"association_id":true,"id":true,"network_interface_id":true,"private_ip":true,"public_ip":true,"secondary_private_ip_address_count":true,"secondary_private_ip_addresses":true,"subnet_id":true,"tags":{},"tags_all":{}},"before_sensitive":false,"after_sensitive":{"secondary_private_ip_addresses":[],"tags":{},"tags_all":{}}}},{"address":"module.network.aws_nat_gateway.this[1]","module_address":"module.network","mode":"managed","type":"aws_nat_gateway","name":"this","index":1,"provider_name":"registry.terraform.io/hashicorp/aws","change":{"actions":["create"],"before":null,"after":{"connectivity_type":"public","secondary_allocation_ids":null,"tags":{"Name":"joo-ap-northeast-2c-nat-gateway","owner":"joo"},"tags_all":{"Name":"joo-ap-northeast-2c-nat-gateway","owner":"joo"},"timeouts":null},"after_unknown":{"allocation_id":true,"association_id":true,"id":true,"network_interface_id":true,"private_ip":true,"public_ip":true,"secondary_private_ip_address_count":true,"secondary_private_ip_addresses":true,"subnet_id":true,"tags":{},"tags_all":{}},"before_sensitive":false,"after_sensitive":{"secondary_private_ip_addresses":[],"tags":{},"tags_all":{}}}},{"address":"module.network.aws_route.public_internet_gateway","module_address":"module.network","mode":"managed","type":"aws_route","name":"public_internet_gateway","provider_name":"registry.terraform.io/hashicorp/aws","change":{"actions":["create"],"before":null,"after":{"carrier_gateway_id":null,"core_network_arn":null,"destination_cidr_block":"0.0.0.0/0","destination_ipv6_cidr_block":null,"destination_prefix_list_id":null,"egress_only_gateway_id":null,"local_gateway_id":null,"nat_gateway_id":null,"timeouts":null,"transit_gateway_id":null,"vpc_endpoint_id":null,"vpc_peering_connection_id":null},"after_unknown":{"gateway_id":true,"id":true,"instance_id":true,"instance_owner_id":true,"network_interface_id":true,"origin":true,"route_table_id":true,"state":true},"before_sensitive":false,"after_sensitive":{}}},{"address":"module.network.aws_route.web_nat_gateway[0]","module_address":"module.network","mode":"managed","type":"aws_route","name":"web_nat_gateway","index":0,"provider_name":"registry.terraform.io/hashicorp/aws","change":{"actions":["create"],"before":null,"after":{"carrier_gateway_id":null,"core_network_arn":null,"destination_cidr_block":"0.0.0.0/0","destination_ipv6_cidr_block":null,"destination_prefix_list_id":null,"egress_only_gateway_id":null,"gateway_id":null,"local_gateway_id":null,"timeouts":null,"transit_gateway_id":null,"vpc_endpoint_id":null,"vpc_peering_connection_id":null},"after_unknown":{"id":true,"instance_id":true,"instance_owner_id":true,"nat_gateway_id":true,"network_interface_id":true,"origin":true,"route_table_id":true,"state":true},"before_sensitive":false,"after_sensitive":{}}},{"address":"module.network.aws_route.web_nat_gateway[1]","module_address":"module.network","mode":"managed","type":"aws_route","name":"web_nat_gateway","index":1,"provider_name":"registry.terraform.io/hashicorp/aws","change":{"actions":["create"],"before":null,"after":{"carrier_gateway_id":null,"core_network_arn":null,"destination_cidr_block":"0.0.0.0/0","destination_ipv6_cidr_block":null,"destination_prefix_list_id":null,"egress_only_gateway_id":null,"gateway_id":null,"local_gateway_id":null,"timeouts":null,"transit_gateway_id":null,"vpc_endpoint_id":null,"vpc_peering_connection_id":null},"after_unknown":{"id":true,"instance_id":true,"instance_owner_id":true,"nat_gateway_id":true,"network_interface_id":true,"origin":true,"route_table_id":true,"state":true},"before_sensitive":false,"after_sensitive":{}}},{"address":"module.network.aws_route_table.public","module_address":"module.network","mode":"managed","type":"aws_route_table","name":"public","provider_name":"registry.terraform.io/hashicorp/aws","change":{"actions":["create"],"before":null,"after":{"tags":{"Name":"joo-ap-northeast-2a-public-route-table","owner":"joo"},"tags_all":{"Name":"joo-ap-northeast-2a-public-route-table","owner":"joo"},"timeouts":null},"after_unknown":{"arn":true,"id":true,"owner_id":true,"propagating_vgws":true,"route":true,"tags":{},"tags_all":{},"vpc_id":true},"before_sensitive":false,"after_sensitive":{"propagating_vgws":[],"route":[],"tags":{},"tags_all":{}}}},{"address":"module.network.aws_route_table.web[0]","module_address":"module.network","mode":"managed","type":"aws_route_table","name":"web","index":0,"provider_name":"registry.terraform.io/hashicorp/aws","change":{"actions":["create"],"before":null,"after":{"tags":{"Name":"joo-ap-northeast-2a-private-route-table","owner":"joo"},"tags_all":{"Name":"joo-ap-northeast-2a-private-route-table","owner":"joo"},"timeouts":null},"after_unknown":{"arn":true,"id":true,"owner_id":true,"propagating_vgws":true,"route":true,"tags":{},"tags_all":{},"vpc_id":true},"before_sensitive":false,"after_sensitive":{"propagating_vgws":[],"route":[],"tags":{},"tags_all":{}}}},{"address":"module.network.aws_route_table.web[1]","module_address":"module.network","mode":"managed","type":"aws_route_table","name":"web","index":1,"provider_name":"registry.terraform.io/hashicorp/aws","change":{"actions":["create"],"before":null,"after":{"tags":{"Name":"joo-ap-northeast-2c-private-route-table","owner":"joo"},"tags_all":{"Name":"joo-ap-northeast-2c-private-route-table","owner":"joo"},"timeouts":null},"after_unknown":{"arn":true,"id":true,"owner_id":true,"propagating_vgws":true,"route":true,"tags":{},"tags_all":{},"vpc_id":true},"before_sensitive":false,"after_sensitive":{"propagating_vgws":[],"route":[],"tags":{},"tags_all":{}}}},{"address":"module.network.aws_route_table_association.db[0]","module_address":"module.network","mode":"managed","type":"aws_route_table_association","name":"db","index":0,"provider_name":"registry.terraform.io/hashicorp/aws","change":{"actions":["create"],"before":null,"after":{"gateway_id":null,"timeouts":null},"after_unknown":{"id":true,"route_table_id":true,"subnet_id":true},"before_sensitive":false,"after_sensitive":{}}},{"address":"module.network.aws_route_table_association.db[1]","module_address":"module.network","mode":"managed","type":"aws_route_table_association","name":"db","index":1,"provider_name":"registry.terraform.io/hashicorp/aws","change":{"actions":["create"],"before":null,"after":{"gateway_id":null,"timeouts":null},"after_unknown":{"id":true,"route_table_id":true,"subnet_id":true},"before_sensitive":false,"after_sensitive":{}}},{"address":"module.network.aws_route_table_association.public[0]","module_address":"module.network","mode":"managed","type":"aws_route_table_association","name":"public","index":0,"provider_name":"registry.terraform.io/hashicorp/aws","change":{"actions":["create"],"before":null,"after":{"gateway_id":null,"timeouts":null},"after_unknown":{"id":true,"route_table_id":true,"subnet_id":true},"before_sensitive":false,"after_sensitive":{}}},{"address":"module.network.aws_route_table_association.public[1]","module_address":"module.network","mode":"managed","type":"aws_route_table_association","name":"public","index":1,"provider_name":"registry.terraform.io/hashicorp/aws","change":{"actions":["create"],"before":null,"after":{"gateway_id":null,"timeouts":null},"after_unknown":{"id":true,"route_table_id":true,"subnet_id":true},"before_sensitive":false,"after_sensitive":{}}},{"address":"module.network.aws_route_table_association.was[0]","module_address":"module.network","mode":"managed","type":"aws_route_table_association","name":"was","index":0,"provider_name":"registry.terraform.io/hashicorp/aws","change":{"actions":["create"],"before":null,"after":{"gateway_id":null,"timeouts":null},"after_unknown":{"id":true,"route_table_id":true,"subnet_id":true},"before_sensitive":false,"after_sensitive":{}}},{"address":"module.network.aws_route_table_association.was[1]","module_address":"module.network","mode":"managed","type":"aws_route_table_association","name":"was","index":1,"provider_name":"registry.terraform.io/hashicorp/aws","change":{"actions":["create"],"before":null,"after":{"gateway_id":null,"timeouts":null},"after_unknown":{"id":true,"route_table_id":true,"subnet_id":true},"before_sensitive":false,"after_sensitive":{}}},{"address":"module.network.aws_route_table_association.web[0]","module_address":"module.network","mode":"managed","type":"aws_route_table_association","name":"web","index":0,"provider_name":"registry.terraform.io/hashicorp/aws","change":{"actions":["create"],"before":null,"after":{"gateway_id":null,"timeouts":null},"after_unknown":{"id":true,"route_table_id":true,"subnet_id":true},"before_sensitive":false,"after_sensitive":{}}},{"address":"module.network.aws_route_table_association.web[1]","module_address":"module.network","mode":"managed","type":"aws_route_table_association","name":"web","index":1,"provider_name":"registry.terraform.io/hashicorp/aws","change":{"actions":["create"],"before":null,"after":{"gateway_id":null,"timeouts":null},"after_unknown":{"id":true,"route_table_id":true,"subnet_id":true},"before_sensitive":false,"after_sensitive":{}}},{"address":"module.network.aws_subnet.db[0]","module_address":"module.network","mode":"managed","type":"aws_subnet","name":"db","index":0,"provider_name":"registry.terraform.io/hashicorp/aws","change":{"actions":["create"],"before":null,"after":{"assign_ipv6_address_on_creation":false,"availability_zone":"ap-northeast-2a","cidr_block":"10.0.80.0/24","customer_owned_ipv4_pool":null,"enable_dns64":false,"enable_lni_at_device_index":null,"enable_resource_name_dns_a_record_on_launch":false,"enable_resource_name_dns_aaaa_record_on_launch":false,"ipv6_cidr_block":null,"ipv6_native":false,"map_customer_owned_ip_on_launch":null,"map_public_ip_on_launch":false,"outpost_arn":null,"tags":{"Name":"joo-ap-northeast-2a-db-subnet","owner":"joo"},"tags_all":{"Name":"joo-ap-northeast-2a-db-subnet","owner":"joo"},"timeouts":null},"after_unknown":{"arn":true,"availability_zone_id":true,"id":true,"ipv6_cidr_block_association_id":true,"owner_id":true,"private_dns_hostname_type_on_launch":true,"tags":{},"tags_all":{},"vpc_id":true},"before_sensitive":false,"after_sensitive":{"tags":{},"tags_all":{}}}},{"address":"module.network.aws_subnet.db[1]","module_address":"module.network","mode":"managed","type":"aws_subnet","name":"db","index":1,"provider_name":"registry.terraform.io/hashicorp/aws","change":{"actions":["create"],"before":null,"after":{"assign_ipv6_address_on_creation":false,"availability_zone":"ap-northeast-2c","cidr_block":"10.0.90.0/24","customer_owned_ipv4_pool":null,"enable_dns64":false,"enable_lni_at_device_index":null,"enable_resource_name_dns_a_record_on_launch":false,"enable_resource_name_dns_aaaa_record_on_launch":false,"ipv6_cidr_block":null,"ipv6_native":false,"map_customer_owned_ip_on_launch":null,"map_public_ip_on_launch":false,"outpost_arn":null,"tags":{"Name":"joo-ap-northeast-2c-db-subnet","owner":"joo"},"tags_all":{"Name":"joo-ap-northeast-2c-db-subnet","owner":"joo"},"timeouts":null},"after_unknown":{"arn":true,"availability_zone_id":true,"id":true,"ipv6_cidr_block_association_id":true,"owner_id":true,"private_dns_hostname_type_on_launch":true,"tags":{},"tags_all":{},"vpc_id":true},"before_sensitive":false,"after_sensitive":{"tags":{},"tags_all":{}}}},{"address":"module.network.aws_subnet.private_lb[0]","module_address":"module.network","mode":"managed","type":"aws_subnet","name":"private_lb","index":0,"provider_name":"registry.terraform.io/hashicorp/aws","change":{"actions":["create"],"before":null,"after":{"assign_ipv6_address_on_creation":false,"availability_zone":"ap-northeast-2a","cidr_block":"10.0.40.0/24","customer_owned_ipv4_pool":null,"enable_dns64":false,"enable_lni_at_device_index":null,"enable_resource_name_dns_a_record_on_launch":false,"enable_resource_name_dns_aaaa_record_on_launch":false,"ipv6_cidr_block":null,"ipv6_native":false,"map_customer_owned_ip_on_launch":null,"map_public_ip_on_launch":false,"outpost_arn":null,"tags":{"Name":"joo-ap-northeast-2a-private-lb-subnet","owner":"joo"},"tags_all":{"Name":"joo-ap-northeast-2a-private-lb-subnet","owner":"joo"},"timeouts":null},"after_unknown":{"arn":true,"availability_zone_id":true,"id":true,"ipv6_cidr_block_association_id":true,"owner_id":true,"private_dns_hostname_type_on_launch":true,"tags":{},"tags_all":{},"vpc_id":true},"before_sensitive":false,"after_sensitive":{"tags":{},"tags_all":{}}}},{"address":"module.network.aws_subnet.private_lb[1]","module_address":"module.network","mode":"managed","type":"aws_subnet","name":"private_lb","index":1,"provider_name":"registry.terraform.io/hashicorp/aws","change":{"actions":["create"],"before":null,"after":{"assign_ipv6_address_on_creation":false,"availability_zone":"ap-northeast-2c","cidr_block":"10.0.50.0/24","customer_owned_ipv4_pool":null,"enable_dns64":false,"enable_lni_at_device_index":null,"enable_resource_name_dns_a_record_on_launch":false,"enable_resource_name_dns_aaaa_record_on_launch":false,"ipv6_cidr_block":null,"ipv6_native":false,"map_customer_owned_ip_on_launch":null,"map_public_ip_on_launch":false,"outpost_arn":null,"tags":{"Name":"joo-ap-northeast-2c-private-lb-subnet","owner":"joo"},"tags_all":{"Name":"joo-ap-northeast-2c-private-lb-subnet","owner":"joo"},"timeouts":null},"after_unknown":{"arn":true,"availability_zone_id":true,"id":true,"ipv6_cidr_block_association_id":true,"owner_id":true,"private_dns_hostname_type_on_launch":true,"tags":{},"tags_all":{},"vpc_id":true},"before_sensitive":false,"after_sensitive":{"tags":{},"tags_all":{}}}},{"address":"module.network.aws_subnet.public[0]","module_address":"module.network","mode":"managed","type":"aws_subnet","name":"public","index":0,"provider_name":"registry.terraform.io/hashicorp/aws","change":{"actions":["create"],"before":null,"after":{"assign_ipv6_address_on_creation":false,"availability_zone":"ap-northeast-2a","cidr_block":"10.0.0.0/24","customer_owned_ipv4_pool":null,"enable_dns64":false,"enable_lni_at_device_index":null,"enable_resource_name_dns_a_record_on_launch":false,"enable_resource_name_dns_aaaa_record_on_launch":false,"ipv6_cidr_block":null,"ipv6_native":false,"map_customer_owned_ip_on_launch":null,"map_public_ip_on_launch":false,"outpost_arn":null,"tags":{"Name":"joo-ap-northeast-2a-public-subnet","owner":"joo"},"tags_all":{"Name":"joo-ap-northeast-2a-public-subnet","owner":"joo"},"timeouts":null},"after_unknown":{"arn":true,"availability_zone_id":true,"id":true,"ipv6_cidr_block_association_id":true,"owner_id":true,"private_dns_hostname_type_on_launch":true,"tags":{},"tags_all":{},"vpc_id":true},"before_sensitive":false,"after_sensitive":{"tags":{},"tags_all":{}}}},{"address":"module.network.aws_subnet.public[1]","module_address":"module.network","mode":"managed","type":"aws_subnet","name":"public","index":1,"provider_name":"registry.terraform.io/hashicorp/aws","change":{"actions":["create"],"before":null,"after":{"assign_ipv6_address_on_creation":false,"availability_zone":"ap-northeast-2c","cidr_block":"10.0.10.0/24","customer_owned_ipv4_pool":null,"enable_dns64":false,"enable_lni_at_device_index":null,"enable_resource_name_dns_a_record_on_launch":false,"enable_resource_name_dns_aaaa_record_on_launch":false,"ipv6_cidr_block":null,"ipv6_native":false,"map_customer_owned_ip_on_launch":null,"map_public_ip_on_launch":false,"outpost_arn":null,"tags":{"Name":"joo-ap-northeast-2c-public-subnet","owner":"joo"},"tags_all":{"Name":"joo-ap-northeast-2c-public-subnet","owner":"joo"},"timeouts":null},"after_unknown":{"arn":true,"availability_zone_id":true,"id":true,"ipv6_cidr_block_association_id":true,"owner_id":true,"private_dns_hostname_type_on_launch":true,"tags":{},"tags_all":{},"vpc_id":true},"before_sensitive":false,"after_sensitive":{"tags":{},"tags_all":{}}}},{"address":"module.network.aws_subnet.was[0]","module_address":"module.network","mode":"managed","type":"aws_subnet","name":"was","index":0,"provider_name":"registry.terraform.io/hashicorp/aws","change":{"actions":["create"],"before":null,"after":{"assign_ipv6_address_on_creation":false,"availability_zone":"ap-northeast-2a","cidr_block":"10.0.60.0/24","customer_owned_ipv4_pool":null,"enable_dns64":false,"enable_lni_at_device_index":null,"enable_resource_name_dns_a_record_on_launch":false,"enable_resource_name_dns_aaaa_record_on_launch":false,"ipv6_cidr_block":null,"ipv6_native":false,"map_customer_owned_ip_on_launch":null,"map_public_ip_on_launch":false,"outpost_arn":null,"tags":{"Name":"joo-ap-northeast-2a-was-subnet","owner":"joo"},"tags_all":{"Name":"joo-ap-northeast-2a-was-subnet","owner":"joo"},"timeouts":null},"after_unknown":{"arn":true,"availability_zone_id":true,"id":true,"ipv6_cidr_block_association_id":true,"owner_id":true,"private_dns_hostname_type_on_launch":true,"tags":{},"tags_all":{},"vpc_id":true},"before_sensitive":false,"after_sensitive":{"tags":{},"tags_all":{}}}},{"address":"module.network.aws_subnet.was[1]","module_address":"module.network","mode":"managed","type":"aws_subnet","name":"was","index":1,"provider_name":"registry.terraform.io/hashicorp/aws","change":{"actions":["create"],"before":null,"after":{"assign_ipv6_address_on_creation":false,"availability_zone":"ap-northeast-2c","cidr_block":"10.0.70.0/24","customer_owned_ipv4_pool":null,"enable_dns64":false,"enable_lni_at_device_index":null,"enable_resource_name_dns_a_record_on_launch":false,"enable_resource_name_dns_aaaa_record_on_launch":false,"ipv6_cidr_block":null,"ipv6_native":false,"map_customer_owned_ip_on_launch":null,"map_public_ip_on_launch":false,"outpost_arn":null,"tags":{"Name":"joo-ap-northeast-2c-was-subnet","owner":"joo"},"tags_all":{"Name":"joo-ap-northeast-2c-was-subnet","owner":"joo"},"timeouts":null},"after_unknown":{"arn":true,"availability_zone_id":true,"id":true,"ipv6_cidr_block_association_id":true,"owner_id":true,"private_dns_hostname_type_on_launch":true,"tags":{},"tags_all":{},"vpc_id":true},"before_sensitive":false,"after_sensitive":{"tags":{},"tags_all":{}}}},{"address":"module.network.aws_subnet.web[0]","module_address":"module.network","mode":"managed","type":"aws_subnet","name":"web","index":0,"provider_name":"registry.terraform.io/hashicorp/aws","change":{"actions":["create"],"before":null,"after":{"assign_ipv6_address_on_creation":false,"availability_zone":"ap-northeast-2a","cidr_block":"10.0.20.0/24","customer_owned_ipv4_pool":null,"enable_dns64":false,"enable_lni_at_device_index":null,"enable_resource_name_dns_a_record_on_launch":false,"enable_resource_name_dns_aaaa_record_on_launch":false,"ipv6_cidr_block":null,"ipv6_native":false,"map_customer_owned_ip_on_launch":null,"map_public_ip_on_launch":false,"outpost_arn":null,"tags":{"Name":"joo-ap-northeast-2a-web-subnet","owner":"joo"},"tags_all":{"Name":"joo-ap-northeast-2a-web-subnet","owner":"joo"},"timeouts":null},"after_unknown":{"arn":true,"availability_zone_id":true,"id":true,"ipv6_cidr_block_association_id":true,"owner_id":true,"private_dns_hostname_type_on_launch":true,"tags":{},"tags_all":{},"vpc_id":true},"before_sensitive":false,"after_sensitive":{"tags":{},"tags_all":{}}}},{"address":"module.network.aws_subnet.web[1]","module_address":"module.network","mode":"managed","type":"aws_subnet","name":"web","index":1,"provider_name":"registry.terraform.io/hashicorp/aws","change":{"actions":["create"],"before":null,"after":{"assign_ipv6_address_on_creation":false,"availability_zone":"ap-northeast-2c","cidr_block":"10.0.30.0/24","customer_owned_ipv4_pool":null,"enable_dns64":false,"enable_lni_at_device_index":null,"enable_resource_name_dns_a_record_on_launch":false,"enable_resource_name_dns_aaaa_record_on_launch":false,"ipv6_cidr_block":null,"ipv6_native":false,"map_customer_owned_ip_on_launch":null,"map_public_ip_on_launch":false,"outpost_arn":null,"tags":{"Name":"joo-ap-northeast-2c-web-subnet","owner":"joo"},"tags_all":{"Name":"joo-ap-northeast-2c-web-subnet","owner":"joo"},"timeouts":null},"after_unknown":{"arn":true,"availability_zone_id":true,"id":true,"ipv6_cidr_block_association_id":true,"owner_id":true,"private_dns_hostname_type_on_launch":true,"tags":{},"tags_all":{},"vpc_id":true},"before_sensitive":false,"after_sensitive":{"tags":{},"tags_all":{}}}},{"address":"module.network.aws_vpc.main","module_address":"module.network","mode":"managed","type":"aws_vpc","name":"main","provider_name":"registry.terraform.io/hashicorp/aws","change":{"actions":["create"],"before":null,"after":{"assign_generated_ipv6_cidr_block":null,"cidr_block":"10.0.0.0/16","enable_dns_hostnames":true,"enable_dns_support":true,"instance_tenancy":"default","ipv4_ipam_pool_id":null,"ipv4_netmask_length":null,"ipv6_ipam_pool_id":null,"ipv6_netmask_length":null,"tags":{"Name":"joo-vpc","owner":"joo"},"tags_all":{"Name":"joo-vpc","owner":"joo"}},"after_unknown":{"arn":true,"default_network_acl_id":true,"default_route_table_id":true,"default_security_group_id":true,"dhcp_options_id":true,"enable_network_address_usage_metrics":true,"id":true,"ipv6_association_id":true,"ipv6_cidr_block":true,"ipv6_cidr_block_network_border_group":true,"main_route_table_id":true,"owner_id":true,"tags":{},"tags_all":{}},"before_sensitive":false,"after_sensitive":{"tags":{},"tags_all":{}}}},{"address":"module.private_lb.aws_lb.private","module_address":"module.private_lb","mode":"managed","type":"aws_lb","name":"private","provider_name":"registry.terraform.io/hashicorp/aws","change":{"actions":["create"],"before":null,"after":{"access_logs":[],"customer_owned_ipv4_pool":null,"desync_mitigation_mode":"defensive","dns_record_client_routing_policy":null,"drop_invalid_header_fields":false,"enable_cross_zone_load_balancing":null,"enable_deletion_protection":false,"enable_http2":true,"enable_tls_version_and_cipher_suite_headers":false,"enable_waf_fail_open":false,"enable_xff_client_port":false,"idle_timeout":60,"internal":true,"load_balancer_type":"application","name":"joo-private-lb","preserve_host_header":false,"tags":{"Name":"joo-private-lb","owner":"joo"},"tags_all":{"Name":"joo-private-lb","owner":"joo"},"timeouts":null,"xff_header_processing_mode":"append"},"after_unknown":{"access_logs":[],"arn":true,"arn_suffix":true,"dns_name":true,"id":true,"ip_address_type":true,"name_prefix":true,"security_groups":true,"subnet_mapping":true,"subnets":true,"tags":{},"tags_all":{},"vpc_id":true,"zone_id":true},"before_sensitive":false,"after_sensitive":{"access_logs":[],"security_groups":[],"subnet_mapping":[],"subnets":[],"tags":{},"tags_all":{}}}},{"address":"module.private_lb.aws_lb_listener.app","module_address":"module.private_lb","mode":"managed","type":"aws_lb_listener","name":"app","provider_name":"registry.terraform.io/hashicorp/aws","change":{"actions":["create"],"before":null,"after":{"alpn_policy":null,"certificate_arn":null,"default_action":[{"authenticate_cognito":[],"authenticate_oidc":[],"fixed_response":[],"forward":[],"redirect":[],"type":"forward"}],"port":80,"protocol":"HTTP","tags":{"Name":"joo-private-lb-Listener","owner":"joo"},"tags_all":{"Name":"joo-private-lb-Listener","owner":"joo"},"timeouts":null},"after_unknown":{"arn":true,"default_action":[{"authenticate_cognito":[],"authenticate_oidc":[],"fixed_response":[],"forward":[],"order":true,"redirect":[],"target_group_arn":true}],"id":true,"load_balancer_arn":true,"ssl_policy":true,"tags":{},"tags_all":{}},"before_sensitive":false,"after_sensitive":{"default_action":[{"authenticate_cognito":[],"authenticate_oidc":[],"fixed_response":[],"forward":[],"redirect":[]}],"tags":{},"tags_all":{}}}},{"address":"module.private_lb.aws_lb_target_group.was","module_address":"module.private_lb","mode":"managed","type":"aws_lb_target_group","name":"was","provider_name":"registry.terraform.io/hashicorp/aws","change":{"actions":["create"],"before":null,"after":{"deregistration_delay":"300","lambda_multi_value_headers_enabled":false,"name":"was-TG","port":8000,"protocol":"HTTP","proxy_protocol_v2":false,"slow_start":0,"tags":{"Name":"joo-was-TG","owner":"joo"},"tags_all":{"Name":"joo-was-TG","owner":"joo"},"target_type":"instance"},"after_unknown":{"arn":true,"arn_suffix":true,"connection_termination":true,"health_check":true,"id":true,"ip_address_type":true,"load_balancing_algorithm_type":true,"load_balancing_cross_zone_enabled":true,"name_prefix":true,"preserve_client_ip":true,"protocol_version":true,"stickiness":true,"tags":{},"tags_all":{},"target_failover":true,"target_health_state":true,"vpc_id":true},"before_sensitive":false,"after_sensitive":{"health_check":[],"stickiness":[],"tags":{},"tags_all":{},"target_failover":[],"target_health_state":[]}}},{"address":"module.private_lb.aws_security_group.private_lb","module_address":"module.private_lb","mode":"managed","type":"aws_security_group","name":"private_lb","provider_name":"registry.terraform.io/hashicorp/aws","change":{"actions":["create"],"before":null,"after":{"description":"joo-private-lb-sg","egress":[{"cidr_blocks":["0.0.0.0/0"],"description":"","from_port":0,"ipv6_cidr_blocks":["::/0"],"prefix_list_ids":[],"protocol":"-1","security_groups":[],"self":false,"to_port":0}],"ingress":[{"cidr_blocks":[],"description":"Allow app","from_port":80,"ipv6_cidr_blocks":[],"prefix_list_ids":[],"protocol":"tcp","self":false,"to_port":80}],"name":"joo-private-lb-sg","revoke_rules_on_delete":false,"tags":{"Name":"joo-private-lb-sg","owner":"joo"},"tags_all":{"Name":"joo-private-lb-sg","owner":"joo"},"timeouts":null},"after_unknown":{"arn":true,"egress":[{"cidr_blocks":[false],"ipv6_cidr_blocks":[false],"prefix_list_ids":[],"security_groups":[]}],"id":true,"ingress":[{"cidr_blocks":[],"ipv6_cidr_blocks":[],"prefix_list_ids":[],"security_groups":true}],"name_prefix":true,"owner_id":true,"tags":{},"tags_all":{},"vpc_id":true},"before_sensitive":false,"after_sensitive":{"egress":[{"cidr_blocks":[false],"ipv6_cidr_blocks":[false],"prefix_list_ids":[],"security_groups":[]}],"ingress":[{"cidr_blocks":[],"ipv6_cidr_blocks":[],"prefix_list_ids":[],"security_groups":[]}],"tags":{},"tags_all":{}}}},{"address":"module.public_lb.aws_lb.public","module_address":"module.public_lb","mode":"managed","type":"aws_lb","name":"public","provider_name":"registry.terraform.io/hashicorp/aws","change":{"actions":["create"],"before":null,"after":{"access_logs":[],"customer_owned_ipv4_pool":null,"desync_mitigation_mode":"defensive","dns_record_client_routing_policy":null,"drop_invalid_header_fields":false,"enable_cross_zone_load_balancing":null,"enable_deletion_protection":false,"enable_http2":true,"enable_tls_version_and_cipher_suite_headers":false,"enable_waf_fail_open":false,"enable_xff_client_port":false,"idle_timeout":60,"load_balancer_type":"application","name":"joo-public-lb","preserve_host_header":false,"tags":{"Name":"joo-public-lb","owner":"joo"},"tags_all":{"Name":"joo-public-lb","owner":"joo"},"timeouts":null,"xff_header_processing_mode":"append"},"after_unknown":{"access_logs":[],"arn":true,"arn_suffix":true,"dns_name":true,"id":true,"internal":true,"ip_address_type":true,"name_prefix":true,"security_groups":true,"subnet_mapping":true,"subnets":true,"tags":{},"tags_all":{},"vpc_id":true,"zone_id":true},"before_sensitive":false,"after_sensitive":{"access_logs":[],"security_groups":[],"subnet_mapping":[],"subnets":[],"tags":{},"tags_all":{}}}},{"address":"module.public_lb.aws_lb_listener.http","module_address":"module.public_lb","mode":"managed","type":"aws_lb_listener","name":"http","provider_name":"registry.terraform.io/hashicorp/aws","change":{"actions":["create"],"before":null,"after":{"alpn_policy":null,"certificate_arn":null,"default_action":[{"authenticate_cognito":[],"authenticate_oidc":[],"fixed_response":[],"forward":[],"redirect":[],"type":"forward"},{"authenticate_cognito":[],"authenticate_oidc":[],"fixed_response":[],"forward":[],"redirect":[{"host":"#{host}","path":"/#{path}","port":"443","protocol":"HTTPS","query":"#{query}","status_code":"HTTP_301"}],"target_group_arn":null,"type":"redirect"}],"port":80,"protocol":"HTTP","tags":{"Name":"joo-public-lb-http-Listener","owner":"joo"},"tags_all":{"Name":"joo-public-lb-http-Listener","owner":"joo"},"timeouts":null},"after_unknown":{"arn":true,"default_action":[{"authenticate_cognito":[],"authenticate_oidc":[],"fixed_response":[],"forward":[],"order":true,"redirect":[],"target_group_arn":true},{"authenticate_cognito":[],"authenticate_oidc":[],"fixed_response":[],"forward":[],"order":true,"redirect":[{}]}],"id":true,"load_balancer_arn":true,"ssl_policy":true,"tags":{},"tags_all":{}},"before_sensitive":false,"after_sensitive":{"default_action":[{"authenticate_cognito":[],"authenticate_oidc":[],"fixed_response":[],"forward":[],"redirect":[]},{"authenticate_cognito":[],"authenticate_oidc":[],"fixed_response":[],"forward":[],"redirect":[{}]}],"tags":{},"tags_all":{}}}},{"address":"module.public_lb.aws_lb_listener.https","module_address":"module.public_lb","mode":"managed","type":"aws_lb_listener","name":"https","provider_name":"registry.terraform.io/hashicorp/aws","change":{"actions":["create"],"before":null,"after":{"alpn_policy":null,"certificate_arn":"arn:aws:acm:ap-northeast-2:458197257493:certificate/8d41f3f3-96de-4dd5-8f9a-e72e5e5ef013","default_action":[{"authenticate_cognito":[],"authenticate_oidc":[],"fixed_response":[],"forward":[],"redirect":[],"type":"forward"}],"port":443,"protocol":"HTTPS","ssl_policy":"ELBSecurityPolicy-TLS13-1-2-2021-06","tags":{"Name":"joo-public-lb-https-Listener","owner":"joo"},"tags_all":{"Name":"joo-public-lb-https-Listener","owner":"joo"},"timeouts":null},"after_unknown":{"arn":true,"default_action":[{"authenticate_cognito":[],"authenticate_oidc":[],"fixed_response":[],"forward":[],"order":true,"redirect":[],"target_group_arn":true}],"id":true,"load_balancer_arn":true,"tags":{},"tags_all":{}},"before_sensitive":false,"after_sensitive":{"default_action":[{"authenticate_cognito":[],"authenticate_oidc":[],"fixed_response":[],"forward":[],"redirect":[]}],"tags":{},"tags_all":{}}}},{"address":"module.public_lb.aws_lb_target_group.web","module_address":"module.public_lb","mode":"managed","type":"aws_lb_target_group","name":"web","provider_name":"registry.terraform.io/hashicorp/aws","change":{"actions":["create"],"before":null,"after":{"deregistration_delay":"300","lambda_multi_value_headers_enabled":false,"name":"web-TG","port":80,"protocol":"HTTP","proxy_protocol_v2":false,"slow_start":0,"tags":{"Name":"joo-web-TG","owner":"joo"},"tags_all":{"Name":"joo-web-TG","owner":"joo"},"target_type":"instance"},"after_unknown":{"arn":true,"arn_suffix":true,"connection_termination":true,"health_check":true,"id":true,"ip_address_type":true,"load_balancing_algorithm_type":true,"load_balancing_cross_zone_enabled":true,"name_prefix":true,"preserve_client_ip":true,"protocol_version":true,"stickiness":true,"tags":{},"tags_all":{},"target_failover":true,"target_health_state":true,"vpc_id":true},"before_sensitive":false,"after_sensitive":{"health_check":[],"stickiness":[],"tags":{},"tags_all":{},"target_failover":[],"target_health_state":[]}}},{"address":"module.public_lb.aws_security_group.public_lb","module_address":"module.public_lb","mode":"managed","type":"aws_security_group","name":"public_lb","provider_name":"registry.terraform.io/hashicorp/aws","change":{"actions":["create"],"before":null,"after":{"description":"joo-public-lb-sg","egress":[{"cidr_blocks":["0.0.0.0/0"],"description":"","from_port":0,"ipv6_cidr_blocks":["::/0"],"prefix_list_ids":[],"protocol":"-1","security_groups":[],"self":false,"to_port":0}],"ingress":[{"cidr_blocks":["0.0.0.0/0"],"description":"Allow https","from_port":443,"ipv6_cidr_blocks":[],"prefix_list_ids":[],"protocol":"tcp","security_groups":[],"self":false,"to_port":443}],"name":"joo-public-lb-sg","revoke_rules_on_delete":false,"tags":{"Name":"joo-public-lb-sg","owner":"joo"},"tags_all":{"Name":"joo-public-lb-sg","owner":"joo"},"timeouts":null},"after_unknown":{"arn":true,"egress":[{"cidr_blocks":[false],"ipv6_cidr_blocks":[false],"prefix_list_ids":[],"security_groups":[]}],"id":true,"ingress":[{"cidr_blocks":[false],"ipv6_cidr_blocks":[],"prefix_list_ids":[],"security_groups":[]}],"name_prefix":true,"owner_id":true,"tags":{},"tags_all":{},"vpc_id":true},"before_sensitive":false,"after_sensitive":{"egress":[{"cidr_blocks":[false],"ipv6_cidr_blocks":[false],"prefix_list_ids":[],"security_groups":[]}],"ingress":[{"cidr_blocks":[false],"ipv6_cidr_blocks":[],"prefix_list_ids":[],"security_groups":[]}],"tags":{},"tags_all":{}}}},{"address":"module.route53.aws_route53_record.private_lb","module_address":"module.route53","mode":"managed","type":"aws_route53_record","name":"private_lb","provider_name":"registry.terraform.io/hashicorp/aws","change":{"actions":["create"],"before":null,"after":{"alias":[{"evaluate_target_health":true,"zone_id":"ZWKZPGTI48KDX"}],"cidr_routing_policy":[],"failover_routing_policy":[],"geolocation_routing_policy":[],"health_check_id":null,"latency_routing_policy":[],"multivalue_answer_routing_policy":null,"name":"lb","records":null,"set_identifier":null,"ttl":null,"type":"A","weighted_routing_policy":[]},"after_unknown":{"alias":[{"name":true}],"allow_overwrite":true,"cidr_routing_policy":[],"failover_routing_policy":[],"fqdn":true,"geolocation_routing_policy":[],"id":true,"latency_routing_policy":[],"weighted_routing_policy":[],"zone_id":true},"before_sensitive":false,"after_sensitive":{"alias":[{}],"cidr_routing_policy":[],"failover_routing_policy":[],"geolocation_routing_policy":[],"latency_routing_policy":[],"weighted_routing_policy":[]}}},{"address":"module.route53.aws_route53_record.public_lb","module_address":"module.route53","mode":"managed","type":"aws_route53_record","name":"public_lb","provider_name":"registry.terraform.io/hashicorp/aws","change":{"actions":["create"],"before":null,"after":{"alias":[{"evaluate_target_health":true,"zone_id":"ZWKZPGTI48KDX"}],"cidr_routing_policy":[],"failover_routing_policy":[],"geolocation_routing_policy":[],"health_check_id":null,"latency_routing_policy":[],"multivalue_answer_routing_policy":null,"name":"app","records":null,"set_identifier":null,"ttl":null,"type":"A","weighted_routing_policy":[],"zone_id":"Z05489631OD6CTLXAVCWK"},"after_unknown":{"alias":[{"name":true}],"allow_overwrite":true,"cidr_routing_policy":[],"failover_routing_policy":[],"fqdn":true,"geolocation_routing_policy":[],"id":true,"latency_routing_policy":[],"weighted_routing_policy":[]},"before_sensitive":false,"after_sensitive":{"alias":[{}],"cidr_routing_policy":[],"failover_routing_policy":[],"geolocation_routing_policy":[],"latency_routing_policy":[],"weighted_routing_policy":[]}}},{"address":"module.route53.aws_route53_zone.private","module_address":"module.route53","mode":"managed","type":"aws_route53_zone","name":"private","provider_name":"registry.terraform.io/hashicorp/aws","change":{"actions":["create"],"before":null,"after":{"comment":"Private DNS for Private LB","delegation_set_id":null,"force_destroy":true,"name":"joo.com","tags":{"Name":"joo-private-zone","owner":"joo"},"tags_all":{"Name":"joo-private-zone","owner":"joo"},"vpc":[{}]},"after_unknown":{"arn":true,"id":true,"name_servers":true,"primary_name_server":true,"tags":{},"tags_all":{},"vpc":[{"vpc_id":true,"vpc_region":true}],"zone_id":true},"before_sensitive":false,"after_sensitive":{"name_servers":[],"tags":{},"tags_all":{},"vpc":[{}]}}},{"address":"module.was.aws_autoscaling_group.was","module_address":"module.was","mode":"managed","type":"aws_autoscaling_group","name":"was","provider_name":"registry.terraform.io/hashicorp/aws","change":{"actions":["create"],"before":null,"after":{"capacity_rebalance":null,"context":null,"default_instance_warmup":null,"desired_capacity":2,"desired_capacity_type":null,"enabled_metrics":null,"force_delete":false,"force_delete_warm_pool":false,"health_check_grace_period":300,"health_check_type":"EC2","ignore_failed_scaling_activities":false,"initial_lifecycle_hook":[],"instance_refresh":[],"launch_configuration":null,"launch_template":[{"version":null}],"max_instance_lifetime":null,"max_size":4,"metrics_granularity":"1Minute","min_elb_capacity":null,"min_size":2,"name":"joo-was-asg","placement_group":null,"protect_from_scale_in":false,"suspended_processes":null,"tag":[{"key":"Name","propagate_at_launch":true,"value":"joo-was"},{"key":"owner","propagate_at_launch":true,"value":"joo"}],"termination_policies":null,"timeouts":null,"wait_for_capacity_timeout":"5m","wait_for_elb_capacity":null,"warm_pool":[]},"after_unknown":{"arn":true,"availability_zones":true,"default_cooldown":true,"id":true,"initial_lifecycle_hook":[],"instance_refresh":[],"launch_template":[{"id":true,"name":true}],"load_balancers":true,"mixed_instances_policy":true,"name_prefix":true,"predicted_capacity":true,"service_linked_role_arn":true,"tag":[{},{}],"target_group_arns":true,"traffic_source":true,"vpc_zone_identifier":true,"warm_pool":[],"warm_pool_size":true},"before_sensitive":false,"after_sensitive":{"availability_zones":[],"initial_lifecycle_hook":[],"instance_refresh":[],"launch_template":[{}],"load_balancers":[],"mixed_instances_policy":[],"tag":[{},{}],"target_group_arns":[],"traffic_source":[],"vpc_zone_identifier":[],"warm_pool":[]}}},{"address":"module.was.aws_launch_template.was","module_address":"module.was","mode":"managed","type":"aws_launch_template","name":"was","provider_name":"registry.terraform.io/hashicorp/aws","change":{"actions":["create"],"before":null,"after":{"block_device_mappings":[],"capacity_reservation_specification":[],"cpu_options":[],"credit_specification":[],"description":"joo-was-launch-template","disable_api_stop":null,"disable_api_termination":null,"ebs_optimized":null,"elastic_gpu_specifications":[],"elastic_inference_accelerator":[],"enclave_options":[],"hibernation_options":[],"iam_instance_profile":[{"name":null}],"image_id":"ami-037f5c5c1aab1ae51","instance_initiated_shutdown_behavior":null,"instance_market_options":[],"instance_requirements":[],"instance_type":"t3.micro","kernel_id":null,"key_name":"juiceb","license_specification":[],"maintenance_options":[],"monitoring":[],"name":"joo-was-launch-template","network_interfaces":[],"placement":[],"private_dns_name_options":[],"ram_disk_id":null,"security_group_names":null,"tag_specifications":[],"tags":{"Name":"joo-was-launch-template","owner":"joo"},"tags_all":{"Name":"joo-was-launch-template","owner":"joo"},"update_default_version":null,"user_data":"IyEvYmluL2Jhc2gNCg0KZWNobyAiLi4uLi4uLi4uLS0tLS0tLS0tLS0tLS0tLSMjIyMjIyMjIyMjIyMjIyMjLl8uLS4tSU5TVEFMTC1Eb2NrZXIuLS5fLiMjIyMjIyMjIyMjIyMjIyMjLS0tLS0tLS0tLS0tLS0tLS4uLi4uLi4uLiINCnN1ZG8gYXB0LWdldCB1cGRhdGUNCnN1ZG8gYXB0LWdldCBpbnN0YWxsIGNhLWNlcnRpZmljYXRlcyBjdXJsIGdudXBnIC15DQpzdWRvIGluc3RhbGwgLW0gMDc1NSAtZCAvZXRjL2FwdC9rZXlyaW5ncw0KY3VybCAtZnNTTCBodHRwczovL2Rvd25sb2FkLmRvY2tlci5jb20vbGludXgvdWJ1bnR1L2dwZyB8IHN1ZG8gZ3BnIC0tZGVhcm1vciAtbyAvZXRjL2FwdC9rZXlyaW5ncy9kb2NrZXIuZ3BnDQpzdWRvIGNobW9kIGErciAvZXRjL2FwdC9rZXlyaW5ncy9kb2NrZXIuZ3BnDQplY2hvIFwNCiAgImRlYiBbYXJjaD0iJChkcGtnIC0tcHJpbnQtYXJjaGl0ZWN0dXJlKSIgc2lnbmVkLWJ5PS9ldGMvYXB0L2tleXJpbmdzL2RvY2tlci5ncGddIGh0dHBzOi8vZG93bmxvYWQuZG9ja2VyLmNvbS9saW51eC91YnVudHUgXA0KICAiJCguIC9ldGMvb3MtcmVsZWFzZSAmJiBlY2hvICIkVkVSU0lPTl9DT0RFTkFNRSIpIiBzdGFibGUiIHwgXA0KICBzdWRvIHRlZSAvZXRjL2FwdC9zb3VyY2VzLmxpc3QuZC9kb2NrZXIubGlzdCA+IC9kZXYvbnVsbA0Kc3VkbyBhcHQtZ2V0IHVwZGF0ZQ0Kc3VkbyBhcHQtZ2V0IGluc3RhbGwgZG9ja2VyLWNlIGRvY2tlci1jZS1jbGkgY29udGFpbmVyZC5pbyBkb2NrZXItYnVpbGR4LXBsdWdpbiBkb2NrZXItY29tcG9zZS1wbHVnaW4gLXkNCg0KZWNobyAiLi4uLi4uLi4uLS0tLS0tLS0tLS0tLS0tLSMjIyMjIyMjIyMjIyMjIyMjLl8uLS4tSU5TVEFMTC1BV1MtQ0xJLi0uXy4jIyMjIyMjIyMjIyMjIyMjIy0tLS0tLS0tLS0tLS0tLS0uLi4uLi4uLi4iDQpzdWRvIGFwdCBpbnN0YWxsIHVuemlwIC15DQpjdXJsICJodHRwczovL2F3c2NsaS5hbWF6b25hd3MuY29tL2F3c2NsaS1leGUtbGludXgteDg2XzY0LnppcCIgLW8gImF3c2NsaXYyLnppcCINCnN1ZG8gdW56aXAgYXdzY2xpdjIuemlwDQpzdWRvIC4vYXdzL2luc3RhbGwgLWkgL3Vzci9sb2NhbC9hd3MtY2xpIC1iIC91c3IvbG9jYWwvYmluDQoNCmVjaG8gIi4uLi4uLi4uLi0tLS0tLS0tLS0tLS0tLS0jIyMjIyMjIyMjIyMjIyMjIy5fLi0uLURFUExPWS1DT05UQUlORVIuLS5fLiMjIyMjIyMjIyMjIyMjIyMjLS0tLS0tLS0tLS0tLS0tLS4uLi4uLi4uLiINCmF3cyBlY3ItcHVibGljIGdldC1sb2dpbi1wYXNzd29yZCAtLXJlZ2lvbiB1cy1lYXN0LTEgfCBzdWRvIGRvY2tlciBsb2dpbiAtLXVzZXJuYW1lIEFXUyAtLXBhc3N3b3JkLXN0ZGluIHB1YmxpYy5lY3IuYXdzL2g1djhrNXk4DQpzdWRvIGRvY2tlciBydW4gLWQgLXAgODAwMDo4MDAwIC0tbmFtZSBhcHAgcHVibGljLmVjci5hd3MvaDV2OGs1eTgvYXBwOjAuMQ=="},"after_unknown":{"arn":true,"block_device_mappings":[],"capacity_reservation_specification":[],"cpu_options":[],"credit_specification":[],"default_version":true,"elastic_gpu_specifications":[],"elastic_inference_accelerator":[],"enclave_options":[],"hibernation_options":[],"iam_instance_profile":[{"arn":true}],"id":true,"instance_market_options":[],"instance_requirements":[],"latest_version":true,"license_specification":[],"maintenance_options":[],"metadata_options":true,"monitoring":[],"name_prefix":true,"network_interfaces":[],"placement":[],"private_dns_name_options":[],"tag_specifications":[],"tags":{},"tags_all":{},"vpc_security_group_ids":true},"before_sensitive":false,"after_sensitive":{"block_device_mappings":[],"capacity_reservation_specification":[],"cpu_options":[],"credit_specification":[],"elastic_gpu_specifications":[],"elastic_inference_accelerator":[],"enclave_options":[],"hibernation_options":[],"iam_instance_profile":[{}],"instance_market_options":[],"instance_requirements":[],"license_specification":[],"maintenance_options":[],"metadata_options":[],"monitoring":[],"network_interfaces":[],"placement":[],"private_dns_name_options":[],"tag_specifications":[],"tags":{},"tags_all":{},"vpc_security_group_ids":[]}}},{"address":"module.was.aws_security_group.was","module_address":"module.was","mode":"managed","type":"aws_security_group","name":"was","provider_name":"registry.terraform.io/hashicorp/aws","change":{"actions":["create"],"before":null,"after":{"description":"joo-was-sg","egress":[{"cidr_blocks":["0.0.0.0/0"],"description":"","from_port":0,"ipv6_cidr_blocks":["::/0"],"prefix_list_ids":[],"protocol":"-1","security_groups":[],"self":false,"to_port":0}],"ingress":[{"cidr_blocks":[],"description":"Allow app","from_port":8000,"ipv6_cidr_blocks":[],"prefix_list_ids":[],"protocol":"tcp","self":false,"to_port":8000}],"name":"joo-was-sg","revoke_rules_on_delete":false,"tags":{"Name":"joo-was-sg","owner":"joo"},"tags_all":{"Name":"joo-was-sg","owner":"joo"},"timeouts":null},"after_unknown":{"arn":true,"egress":[{"cidr_blocks":[false],"ipv6_cidr_blocks":[false],"prefix_list_ids":[],"security_groups":[]}],"id":true,"ingress":[{"cidr_blocks":[],"ipv6_cidr_blocks":[],"prefix_list_ids":[],"security_groups":true}],"name_prefix":true,"owner_id":true,"tags":{},"tags_all":{},"vpc_id":true},"before_sensitive":false,"after_sensitive":{"egress":[{"cidr_blocks":[false],"ipv6_cidr_blocks":[false],"prefix_list_ids":[],"security_groups":[]}],"ingress":[{"cidr_blocks":[],"ipv6_cidr_blocks":[],"prefix_list_ids":[],"security_groups":[]}],"tags":{},"tags_all":{}}}},{"address":"module.web.aws_autoscaling_group.web","module_address":"module.web","mode":"managed","type":"aws_autoscaling_group","name":"web","provider_name":"registry.terraform.io/hashicorp/aws","change":{"actions":["create"],"before":null,"after":{"capacity_rebalance":null,"context":null,"default_instance_warmup":null,"desired_capacity":2,"desired_capacity_type":null,"enabled_metrics":null,"force_delete":false,"force_delete_warm_pool":false,"health_check_grace_period":300,"health_check_type":"EC2","ignore_failed_scaling_activities":false,"initial_lifecycle_hook":[],"instance_refresh":[],"launch_configuration":null,"launch_template":[{"version":null}],"max_instance_lifetime":null,"max_size":4,"metrics_granularity":"1Minute","min_elb_capacity":null,"min_size":2,"name":"joo-web-asg","placement_group":null,"protect_from_scale_in":false,"suspended_processes":null,"tag":[{"key":"Name","propagate_at_launch":true,"value":"joo-web"},{"key":"owner","propagate_at_launch":true,"value":"joo"}],"termination_policies":null,"timeouts":null,"wait_for_capacity_timeout":"5m","wait_for_elb_capacity":null,"warm_pool":[]},"after_unknown":{"arn":true,"availability_zones":true,"default_cooldown":true,"id":true,"initial_lifecycle_hook":[],"instance_refresh":[],"launch_template":[{"id":true,"name":true}],"load_balancers":true,"mixed_instances_policy":true,"name_prefix":true,"predicted_capacity":true,"service_linked_role_arn":true,"tag":[{},{}],"target_group_arns":true,"traffic_source":true,"vpc_zone_identifier":true,"warm_pool":[],"warm_pool_size":true},"before_sensitive":false,"after_sensitive":{"availability_zones":[],"initial_lifecycle_hook":[],"instance_refresh":[],"launch_template":[{}],"load_balancers":[],"mixed_instances_policy":[],"tag":[{},{}],"target_group_arns":[],"traffic_source":[],"vpc_zone_identifier":[],"warm_pool":[]}}},{"address":"module.web.aws_launch_template.web","module_address":"module.web","mode":"managed","type":"aws_launch_template","name":"web","provider_name":"registry.terraform.io/hashicorp/aws","change":{"actions":["create"],"before":null,"after":{"block_device_mappings":[],"capacity_reservation_specification":[],"cpu_options":[],"credit_specification":[],"description":"joo-web-launch-template","disable_api_stop":null,"disable_api_termination":null,"ebs_optimized":null,"elastic_gpu_specifications":[],"elastic_inference_accelerator":[],"enclave_options":[],"hibernation_options":[],"iam_instance_profile":[{"name":null}],"image_id":"ami-037f5c5c1aab1ae51","instance_initiated_shutdown_behavior":null,"instance_market_options":[],"instance_requirements":[],"instance_type":"t3.micro","kernel_id":null,"key_name":"juiceb","license_specification":[],"maintenance_options":[],"monitoring":[],"name":"joo-web-launch-template","network_interfaces":[],"placement":[],"private_dns_name_options":[],"ram_disk_id":null,"security_group_names":null,"tag_specifications":[],"tags":{"Name":"joo-web-launch-template","owner":"joo"},"tags_all":{"Name":"joo-web-launch-template","owner":"joo"},"update_default_version":null,"user_data":"IyEvYmluL2Jhc2gNCg0KZWNobyAiLi4uLi4uLi4uLS0tLS0tLS0tLS0tLS0tLSMjIyMjIyMjIyMjIyMjIyMjLl8uLS4tSU5TVEFMTC1Eb2NrZXIuLS5fLiMjIyMjIyMjIyMjIyMjIyMjLS0tLS0tLS0tLS0tLS0tLS4uLi4uLi4uLiINCnN1ZG8gYXB0LWdldCB1cGRhdGUNCnN1ZG8gYXB0LWdldCBpbnN0YWxsIGNhLWNlcnRpZmljYXRlcyBjdXJsIGdudXBnIC15DQpzdWRvIGluc3RhbGwgLW0gMDc1NSAtZCAvZXRjL2FwdC9rZXlyaW5ncw0KY3VybCAtZnNTTCBodHRwczovL2Rvd25sb2FkLmRvY2tlci5jb20vbGludXgvdWJ1bnR1L2dwZyB8IHN1ZG8gZ3BnIC0tZGVhcm1vciAtbyAvZXRjL2FwdC9rZXlyaW5ncy9kb2NrZXIuZ3BnDQpzdWRvIGNobW9kIGErciAvZXRjL2FwdC9rZXlyaW5ncy9kb2NrZXIuZ3BnDQplY2hvIFwNCiAgImRlYiBbYXJjaD0iJChkcGtnIC0tcHJpbnQtYXJjaGl0ZWN0dXJlKSIgc2lnbmVkLWJ5PS9ldGMvYXB0L2tleXJpbmdzL2RvY2tlci5ncGddIGh0dHBzOi8vZG93bmxvYWQuZG9ja2VyLmNvbS9saW51eC91YnVudHUgXA0KICAiJCguIC9ldGMvb3MtcmVsZWFzZSAmJiBlY2hvICIkVkVSU0lPTl9DT0RFTkFNRSIpIiBzdGFibGUiIHwgXA0KICBzdWRvIHRlZSAvZXRjL2FwdC9zb3VyY2VzLmxpc3QuZC9kb2NrZXIubGlzdCA+IC9kZXYvbnVsbA0Kc3VkbyBhcHQtZ2V0IHVwZGF0ZQ0Kc3VkbyBhcHQtZ2V0IGluc3RhbGwgZG9ja2VyLWNlIGRvY2tlci1jZS1jbGkgY29udGFpbmVyZC5pbyBkb2NrZXItYnVpbGR4LXBsdWdpbiBkb2NrZXItY29tcG9zZS1wbHVnaW4gLXkNCg0KZWNobyAiLi4uLi4uLi4uLS0tLS0tLS0tLS0tLS0tLSMjIyMjIyMjIyMjIyMjIyMjLl8uLS4tSU5TVEFMTC1BV1MtQ0xJLi0uXy4jIyMjIyMjIyMjIyMjIyMjIy0tLS0tLS0tLS0tLS0tLS0uLi4uLi4uLi4iDQpzdWRvIGFwdCBpbnN0YWxsIHVuemlwIC15DQpjdXJsICJodHRwczovL2F3c2NsaS5hbWF6b25hd3MuY29tL2F3c2NsaS1leGUtbGludXgteDg2XzY0LnppcCIgLW8gImF3c2NsaXYyLnppcCINCnN1ZG8gdW56aXAgYXdzY2xpdjIuemlwDQpzdWRvIC4vYXdzL2luc3RhbGwgLWkgL3Vzci9sb2NhbC9hd3MtY2xpIC1iIC91c3IvbG9jYWwvYmluDQoNCmVjaG8gIi4uLi4uLi4uLi0tLS0tLS0tLS0tLS0tLS0jIyMjIyMjIyMjIyMjIyMjIy5fLi0uLURFUExPWS1DT05UQUlORVIuLS5fLiMjIyMjIyMjIyMjIyMjIyMjLS0tLS0tLS0tLS0tLS0tLS4uLi4uLi4uLiINCmF3cyBlY3ItcHVibGljIGdldC1sb2dpbi1wYXNzd29yZCAtLXJlZ2lvbiB1cy1lYXN0LTEgfCBzdWRvIGRvY2tlciBsb2dpbiAtLXVzZXJuYW1lIEFXUyAtLXBhc3N3b3JkLXN0ZGluIHB1YmxpYy5lY3IuYXdzL2g1djhrNXk4DQpzdWRvIGRvY2tlciBydW4gLWQgLXAgODA6ODAgLS1uYW1lIG5naW54IHB1YmxpYy5lY3IuYXdzL2g1djhrNXk4L25naW54OjAuMQ=="},"after_unknown":{"arn":true,"block_device_mappings":[],"capacity_reservation_specification":[],"cpu_options":[],"credit_specification":[],"default_version":true,"elastic_gpu_specifications":[],"elastic_inference_accelerator":[],"enclave_options":[],"hibernation_options":[],"iam_instance_profile":[{"arn":true}],"id":true,"instance_market_options":[],"instance_requirements":[],"latest_version":true,"license_specification":[],"maintenance_options":[],"metadata_options":true,"monitoring":[],"name_prefix":true,"network_interfaces":[],"placement":[],"private_dns_name_options":[],"tag_specifications":[],"tags":{},"tags_all":{},"vpc_security_group_ids":true},"before_sensitive":false,"after_sensitive":{"block_device_mappings":[],"capacity_reservation_specification":[],"cpu_options":[],"credit_specification":[],"elastic_gpu_specifications":[],"elastic_inference_accelerator":[],"enclave_options":[],"hibernation_options":[],"iam_instance_profile":[{}],"instance_market_options":[],"instance_requirements":[],"license_specification":[],"maintenance_options":[],"metadata_options":[],"monitoring":[],"network_interfaces":[],"placement":[],"private_dns_name_options":[],"tag_specifications":[],"tags":{},"tags_all":{},"vpc_security_group_ids":[]}}},{"address":"module.web.aws_security_group.web","module_address":"module.web","mode":"managed","type":"aws_security_group","name":"web","provider_name":"registry.terraform.io/hashicorp/aws","change":{"actions":["create"],"before":null,"after":{"description":"joo-web-sg","egress":[{"cidr_blocks":["0.0.0.0/0"],"description":"","from_port":0,"ipv6_cidr_blocks":["::/0"],"prefix_list_ids":[],"protocol":"-1","security_groups":[],"self":false,"to_port":0}],"ingress":[{"cidr_blocks":[],"description":"Allow http","from_port":80,"ipv6_cidr_blocks":[],"prefix_list_ids":[],"protocol":"tcp","self":false,"to_port":80},{"cidr_blocks":[],"description":"Allow https","from_port":443,"ipv6_cidr_blocks":[],"prefix_list_ids":[],"protocol":"tcp","self":false,"to_port":443}],"name":"joo-web-sg","revoke_rules_on_delete":false,"tags":{"Name":"joo-web-sg","owner":"joo"},"tags_all":{"Name":"joo-web-sg","owner":"joo"},"timeouts":null},"after_unknown":{"arn":true,"egress":[{"cidr_blocks":[false],"ipv6_cidr_blocks":[false],"prefix_list_ids":[],"security_groups":[]}],"id":true,"ingress":[{"cidr_blocks":[],"ipv6_cidr_blocks":[],"prefix_list_ids":[],"security_groups":true},{"cidr_blocks":[],"ipv6_cidr_blocks":[],"prefix_list_ids":[],"security_groups":true}],"name_prefix":true,"owner_id":true,"tags":{},"tags_all":{},"vpc_id":true},"before_sensitive":false,"after_sensitive":{"egress":[{"cidr_blocks":[false],"ipv6_cidr_blocks":[false],"prefix_list_ids":[],"security_groups":[]}],"ingress":[{"cidr_blocks":[],"ipv6_cidr_blocks":[],"prefix_list_ids":[],"security_groups":[]},{"cidr_blocks":[],"ipv6_cidr_blocks":[],"prefix_list_ids":[],"security_groups":[]}],"tags":{},"tags_all":{}}}}],"output_changes":{"db_instance_hosted_zone_id":{"actions":["create"],"before":null,"after_unknown":true,"before_sensitive":false,"after_sensitive":false},"lb_sg_id":{"actions":["create"],"before":null,"after_unknown":true,"before_sensitive":false,"after_sensitive":false},"vpc_id":{"actions":["create"],"before":null,"after_unknown":true,"before_sensitive":false,"after_sensitive":false},"vpc_zone_identifier":{"actions":["create"],"before":null,"after":[null,null],"after_unknown":[true,true],"before_sensitive":false,"after_sensitive":false},"was_sg_id":{"actions":["create"],"before":null,"after_unknown":true,"before_sensitive":false,"after_sensitive":false},"web_sg_id":{"actions":["create"],"before":null,"after_unknown":true,"before_sensitive":false,"after_sensitive":false}},"prior_state":{"format_version":"1.0","terraform_version":"1.6.2","values":{"root_module":{"child_modules":[{"resources":[{"address":"module.db.data.aws_secretsmanager_secret.by-name","mode":"data","type":"aws_secretsmanager_secret","name":"by-name","provider_name":"registry.terraform.io/hashicorp/aws","schema_version":0,"values":{"arn":"arn:aws:secretsmanager:ap-northeast-2:458197257493:secret:db-secret-6sXuZX","description":"db-secret","id":"arn:aws:secretsmanager:ap-northeast-2:458197257493:secret:db-secret-6sXuZX","kms_key_id":"","name":"db-secret","policy":"","tags":{}},"sensitive_values":{"tags":{}}},{"address":"module.db.data.aws_secretsmanager_secret_version.db-secret","mode":"data","type":"aws_secretsmanager_secret_version","name":"db-secret","provider_name":"registry.terraform.io/hashicorp/aws","schema_version":0,"values":{"arn":"arn:aws:secretsmanager:ap-northeast-2:458197257493:secret:db-secret-6sXuZX","id":"arn:aws:secretsmanager:ap-northeast-2:458197257493:secret:db-secret-6sXuZX|AWSCURRENT","secret_binary":"","secret_id":"arn:aws:secretsmanager:ap-northeast-2:458197257493:secret:db-secret-6sXuZX","secret_string":"{\"username\":\"juiceb\",\"password\":\"juiceb7597\"}","version_id":"de5bd32f-3f3f-4172-bce7-1db506f1d6e7","version_stage":"AWSCURRENT","version_stages":["AWSCURRENT"]},"sensitive_values":{"secret_binary":true,"secret_string":true,"version_stages":[false]}}],"address":"module.db"},{"resources":[{"address":"module.public_lb.data.aws_acm_certificate.amazon_issued","mode":"data","type":"aws_acm_certificate","name":"amazon_issued","provider_name":"registry.terraform.io/hashicorp/aws","schema_version":0,"values":{"arn":"arn:aws:acm:ap-northeast-2:458197257493:certificate/8d41f3f3-96de-4dd5-8f9a-e72e5e5ef013","certificate":"-----BEGIN CERTIFICATE-----\nMIIFzTCCBLWgAwIBAgIQDqtqzJ2YwrcFLhcnY4BNRjANBgkqhkiG9w0BAQsFADA8\nMQswCQYDVQQGEwJVUzEPMA0GA1UEChMGQW1hem9uMRwwGgYDVQQDExNBbWF6b24g\nUlNBIDIwNDggTTAzMB4XDTIzMTEwODAwMDAwMFoXDTI0MTIwNzIzNTk1OVowGzEZ\nMBcGA1UEAwwQKi5qdWljZWI3NTk3LmNvbTCCASIwDQYJKoZIhvcNAQEBBQADggEP\nADCCAQoCggEBALi3F/HyioCXctqyQI21+IlWV3uGIwA72NwjV8lJsvPS+rlHn2GP\nkqCzsyFZFsT0GaPdHK9vSbvCGqjqsWf5DvQOwMHkwmTXVXY02U0EjZHJnOg3RS2N\n6km+kPzUjG4oL6XxG8W3mtU63x+jBVzpPlIM0TNfQDbCHMeMtOIuPOMxeZG4NT/1\nFO1F8///hfjKw3OCEGyw/nuUdEnD1Y69MuG0T189ufI9OOMg/1NMjavR5StWYmp0\ngParMVVJsbKfWE4L04oirdQ407DiAcfBr0D32wrQg5oD3FU61QCV38HIfjZgwuqq\n2hhukSKCxa7wUHPg3nAnJudmgxqacEmj8sMCAwEAAaOCAuowggLmMB8GA1UdIwQY\nMBaAFFXZGF/SHMwB4Vi0vqvZVUIB1y4CMB0GA1UdDgQWBBQo6RLW6L3+jxUzYmQz\nRxy3/F3zkTAbBgNVHREEFDASghAqLmp1aWNlYjc1OTcuY29tMBMGA1UdIAQMMAow\nCAYGZ4EMAQIBMA4GA1UdDwEB/wQEAwIFoDAdBgNVHSUEFjAUBggrBgEFBQcDAQYI\nKwYBBQUHAwIwOwYDVR0fBDQwMjAwoC6gLIYqaHR0cDovL2NybC5yMm0wMy5hbWF6\nb250cnVzdC5jb20vcjJtMDMuY3JsMHUGCCsGAQUFBwEBBGkwZzAtBggrBgEFBQcw\nAYYhaHR0cDovL29jc3AucjJtMDMuYW1hem9udHJ1c3QuY29tMDYGCCsGAQUFBzAC\nhipodHRwOi8vY3J0LnIybTAzLmFtYXpvbnRydXN0LmNvbS9yMm0wMy5jZXIwDAYD\nVR0TAQH/BAIwADCCAX8GCisGAQQB1nkCBAIEggFvBIIBawFpAHYA7s3QZNXbGs7F\nXLedtM0TojKHRny87N7DUUhZRnEftZsAAAGLrRJHfwAABAMARzBFAiEA0nN1sgk4\nvRuDhs1a2bq35HqFul+lk7DRk1RoaO5i+GoCIEP9C6qWkdOGSibf8kvdcvJ34DwJ\nOGODXhDpX2Ai1nL5AHYASLDja9qmRzQP5WoC+p0w6xxSActW3SyB2bu/qznYhHMA\nAAGLrRJHXQAABAMARzBFAiEA2yWqF6EAwfdq+jQEwrAHTJ7U5Mc0K0vIavvFSuZo\nUl8CIC1RDvjqG27zW+WZumVgqCEAjfjLQ81hWG/mLx+rjlxBAHcAPxdLT9ciR1iU\nHWUchL4NEu2QN38fhWrrwb8ohez4ZG4AAAGLrRJHqwAABAMASDBGAiEA82eMP4X7\n/cI+DEbiweCfqYQHcqFU1c2inaxUoITwcrACIQD73Pt2zVVMjoU9Nys8y6zFN6Em\n4n7sUxs0oA+SBN9+kTANBgkqhkiG9w0BAQsFAAOCAQEAZ0dJYsmDLn2/ztmjzqnL\narX9k66Lf2RqMHgNXNSirQtRoVdfjQhsGwLc/P66PqVXrZC+mjj6aRsIQKt3audq\naJ4ER8HjgMGOAb9SImZz2k/aUx3g09yobaqi+8gR6IXqGQiNhjCXdgvGaO/Ukcgo\nWSqJ+9Dvw3iqlYdXAKOEkLkljF5CbEshEcdHmmBEe83naNhMH5Axnsd+xl8yjjWE\n3tQYfum+zjNdw3RF96tT/7KIk3byiOtgKufJDN5fNx4cQ/u7CVcfadH13AGk9BqA\nIXF7vLRi4AR6DhuW6LDbeGiKU6hAFvpgu9OfnNStS0JZEUt4MoCt75hPKETyygjK\nGw==\n-----END CERTIFICATE-----\n","certificate_chain":"-----BEGIN CERTIFICATE-----\nMIIEXjCCA0agAwIBAgITB3MSTNQG0mfAmRzdKZqfODF5hTANBgkqhkiG9w0BAQsF\nADA5MQswCQYDVQQGEwJVUzEPMA0GA1UEChMGQW1hem9uMRkwFwYDVQQDExBBbWF6\nb24gUm9vdCBDQSAxMB4XDTIyMDgyMzIyMjYwNFoXDTMwMDgyMzIyMjYwNFowPDEL\nMAkGA1UEBhMCVVMxDzANBgNVBAoTBkFtYXpvbjEcMBoGA1UEAxMTQW1hem9uIFJT\nQSAyMDQ4IE0wMzCCASIwDQYJKoZIhvcNAQEBBQADggEPADCCAQoCggEBALd/pVko\n8vuM475Tf45HV3BbCl/B9Jy89G1CRkFjcPY06WA9lS+7dWbUA7GtWUKoksr69hKM\nwcMsNpxlw7b3jeXFgxB09/nmalcAWtnLzF+LaDKEA5DQmvKzuh1nfIfqEiKCQSmX\nXh09Xs+dO7cm5qbaL2hhNJCSAejciwcvOFgFNgEMR42wm6KIFHsQW28jhA+1u/M0\np6fVwReuEgZfLfdx82Px0LJck3lST3EB/JfbdsdOzzzg5YkY1dfuqf8y5fUeZ7Cz\nWXbTjujwX/TovmeWKA36VLCz75azW6tDNuDn66FOpADZZ9omVaF6BqNJiLMVl6P3\n/c0OiUMC6Z5OfKcCAwEAAaOCAVowggFWMBIGA1UdEwEB/wQIMAYBAf8CAQAwDgYD\nVR0PAQH/BAQDAgGGMB0GA1UdJQQWMBQGCCsGAQUFBwMBBggrBgEFBQcDAjAdBgNV\nHQ4EFgQUVdkYX9IczAHhWLS+q9lVQgHXLgIwHwYDVR0jBBgwFoAUhBjMhTTsvAyU\nlC4IWZzHshBOCggwewYIKwYBBQUHAQEEbzBtMC8GCCsGAQUFBzABhiNodHRwOi8v\nb2NzcC5yb290Y2ExLmFtYXpvbnRydXN0LmNvbTA6BggrBgEFBQcwAoYuaHR0cDov\nL2NydC5yb290Y2ExLmFtYXpvbnRydXN0LmNvbS9yb290Y2ExLmNlcjA/BgNVHR8E\nODA2MDSgMqAwhi5odHRwOi8vY3JsLnJvb3RjYTEuYW1hem9udHJ1c3QuY29tL3Jv\nb3RjYTEuY3JsMBMGA1UdIAQMMAowCAYGZ4EMAQIBMA0GCSqGSIb3DQEBCwUAA4IB\nAQAGjeWm2cC+3z2MzSCnte46/7JZvj3iQZDY7EvODNdZF41n71Lrk9kbfNwerK0d\nVNzW36Wefr7j7ZSwBVg50W5ay65jNSN74TTQV1yt4WnSbVvN6KlMs1hiyOZdoHKs\nKDV2UGNxbdoBYCQNa2GYF8FQIWLugNp35aSOpMy6cFlymFQomIrnOQHwK1nvVY4q\nxDSJMU/gNJz17D8ArPN3ngnyZ2TwepJ0uBINz3G5te2rdFUF4i4Y3Bb7FUlHDYm4\nu8aIRGpk2ZpfXmxaoxnbIBZRvGLPSUuPwnwoUOMsJ8jirI5vs2dvchPb7MtI1rle\ni02f2ivH2vxkjDLltSpe2fiC\n-----END CERTIFICATE-----\n-----BEGIN CERTIFICATE-----\nMIIEkjCCA3qgAwIBAgITBn+USionzfP6wq4rAfkI7rnExjANBgkqhkiG9w0BAQsF\nADCBmDELMAkGA1UEBhMCVVMxEDAOBgNVBAgTB0FyaXpvbmExEzARBgNVBAcTClNj\nb3R0c2RhbGUxJTAjBgNVBAoTHFN0YXJmaWVsZCBUZWNobm9sb2dpZXMsIEluYy4x\nOzA5BgNVBAMTMlN0YXJmaWVsZCBTZXJ2aWNlcyBSb290IENlcnRpZmljYXRlIEF1\ndGhvcml0eSAtIEcyMB4XDTE1MDUyNTEyMDAwMFoXDTM3MTIzMTAxMDAwMFowOTEL\nMAkGA1UEBhMCVVMxDzANBgNVBAoTBkFtYXpvbjEZMBcGA1UEAxMQQW1hem9uIFJv\nb3QgQ0EgMTCCASIwDQYJKoZIhvcNAQEBBQADggEPADCCAQoCggEBALJ4gHHKeNXj\nca9HgFB0fW7Y14h29Jlo91ghYPl0hAEvrAIthtOgQ3pOsqTQNroBvo3bSMgHFzZM\n9O6II8c+6zf1tRn4SWiw3te5djgdYZ6k/oI2peVKVuRF4fn9tBb6dNqcmzU5L/qw\nIFAGbHrQgLKm+a/sRxmPUDgH3KKHOVj4utWp+UhnMJbulHheb4mjUcAwhmahRWa6\nVOujw5H5SNz/0egwLX0tdHA114gk957EWW67c4cX8jJGKLhD+rcdqsq08p8kDi1L\n93FcXmn/6pUCyziKrlA4b9v7LWIbxcceVOF34GfID5yHI9Y/QCB/IIDEgEw+OyQm\njgSubJrIqg0CAwEAAaOCATEwggEtMA8GA1UdEwEB/wQFMAMBAf8wDgYDVR0PAQH/\nBAQDAgGGMB0GA1UdDgQWBBSEGMyFNOy8DJSULghZnMeyEE4KCDAfBgNVHSMEGDAW\ngBScXwDfqgHXMCs4iKK4bUqc8hGRgzB4BggrBgEFBQcBAQRsMGowLgYIKwYBBQUH\nMAGGImh0dHA6Ly9vY3NwLnJvb3RnMi5hbWF6b250cnVzdC5jb20wOAYIKwYBBQUH\nMAKGLGh0dHA6Ly9jcnQucm9vdGcyLmFtYXpvbnRydXN0LmNvbS9yb290ZzIuY2Vy\nMD0GA1UdHwQ2MDQwMqAwoC6GLGh0dHA6Ly9jcmwucm9vdGcyLmFtYXpvbnRydXN0\nLmNvbS9yb290ZzIuY3JsMBEGA1UdIAQKMAgwBgYEVR0gADANBgkqhkiG9w0BAQsF\nAAOCAQEAYjdCXLwQtT6LLOkMm2xF4gcAevnFWAu5CIw+7bMlPLVvUOTNNWqnkzSW\nMiGpSESrnO09tKpzbeR/FoCJbM8oAxiDR3mjEH4wW6w7sGDgd9QIpuEdfF7Au/ma\neyKdpwAJfqxGF4PcnCZXmTA5YpaP7dreqsXMGz7KQ2hsVxa81Q4gLv7/wmpdLqBK\nbRRYh5TmOTFffHPLkIhqhBGWJ6bt2YFGpn6jcgAKUj6DiAdjd4lpFw85hdKrCEVN\n0FE6/V1dN2RMfjCyVSRCnTawXZwXgWHxyvkQAiSr6w10kY17RSlQOYiypok1JR4U\nakcjMS9cmvqtmg5iUaQqqcT5NJ0hGA==\n-----END CERTIFICATE-----\n-----BEGIN CERTIFICATE-----\nMIIEdTCCA12gAwIBAgIJAKcOSkw0grd/MA0GCSqGSIb3DQEBCwUAMGgxCzAJBgNV\nBAYTAlVTMSUwIwYDVQQKExxTdGFyZmllbGQgVGVjaG5vbG9naWVzLCBJbmMuMTIw\nMAYDVQQLEylTdGFyZmllbGQgQ2xhc3MgMiBDZXJ0aWZpY2F0aW9uIEF1dGhvcml0\neTAeFw0wOTA5MDIwMDAwMDBaFw0zNDA2MjgxNzM5MTZaMIGYMQswCQYDVQQGEwJV\nUzEQMA4GA1UECBMHQXJpem9uYTETMBEGA1UEBxMKU2NvdHRzZGFsZTElMCMGA1UE\nChMcU3RhcmZpZWxkIFRlY2hub2xvZ2llcywgSW5jLjE7MDkGA1UEAxMyU3RhcmZp\nZWxkIFNlcnZpY2VzIFJvb3QgQ2VydGlmaWNhdGUgQXV0aG9yaXR5IC0gRzIwggEi\nMA0GCSqGSIb3DQEBAQUAA4IBDwAwggEKAoIBAQDVDDrEKvlO4vW+GZdfjohTsR8/\ny8+fIBNtKTrID30892t2OGPZNmCom15cAICyL1l/9of5JUOG52kbUpqQ4XHj2C0N\nTm/2yEnZtvMaVq4rtnQU68/7JuMauh2WLmo7WJSJR1b/JaCTcFOD2oR0FMNnngRo\nOt+OQFodSk7PQ5E751bWAHDLUu57fa4657wx+UX2wmDPE1kCK4DMNEffud6QZW0C\nzyyRpqbn3oUYSXxmTqM6bam17jQuug0DuDPfR+uxa40l2ZvOgdFFRjKWcIfeAg5J\nQ4W2bHO7ZOphQazJ1FTfhy/HIrImzJ9ZVGif/L4qL8RVHHVAYBeFAlU5i38FAgMB\nAAGjgfAwge0wDwYDVR0TAQH/BAUwAwEB/zAOBgNVHQ8BAf8EBAMCAYYwHQYDVR0O\nBBYEFJxfAN+qAdcwKziIorhtSpzyEZGDMB8GA1UdIwQYMBaAFL9ft9HO3R+G9FtV\nrNzXEMIOqYjnME8GCCsGAQUFBwEBBEMwQTAcBggrBgEFBQcwAYYQaHR0cDovL28u\nc3MyLnVzLzAhBggrBgEFBQcwAoYVaHR0cDovL3guc3MyLnVzL3guY2VyMCYGA1Ud\nHwQfMB0wG6AZoBeGFWh0dHA6Ly9zLnNzMi51cy9yLmNybDARBgNVHSAECjAIMAYG\nBFUdIAAwDQYJKoZIhvcNAQELBQADggEBACMd44pXyn3pF3lM8R5V/cxTbj5HD9/G\nVfKyBDbtgB9TxF00KGu+x1X8Z+rLP3+QsjPNG1gQggL4+C/1E2DUBc7xgQjB3ad1\nl08YuW3e95ORCLp+QCztweq7dp4zBncdDQh/U90bZKuCJ/Fp1U1ervShw3WnWEQt\n8jxwmKy6abaVd38PMV4s/KCHOkdp8Hlf9BRUpJVeEXgSYCfOn8J3/yNTd126/+pZ\n59vPr5KW7ySaNRB6nJHGDn2Z9j8Z3/VyVOEVqQdZe4O/Ui5GjLIAZHYcSNPYeehu\nVsyuLAOQ1xk4meTKCRlb/weWsKh/NEnfVqn3sF/tM+2MR7cwA130A4w=\n-----END CERTIFICATE-----\n","domain":"*.juiceb7597.com","id":"arn:aws:acm:ap-northeast-2:458197257493:certificate/8d41f3f3-96de-4dd5-8f9a-e72e5e5ef013","key_types":null,"most_recent":true,"status":"ISSUED","statuses":null,"tags":{},"types":["AMAZON_ISSUED"]},"sensitive_values":{"tags":{},"types":[false]}}],"address":"module.public_lb"},{"resources":[{"address":"module.route53.data.aws_lb_hosted_zone_id.main","mode":"data","type":"aws_lb_hosted_zone_id","name":"main","provider_name":"registry.terraform.io/hashicorp/aws","schema_version":0,"values":{"id":"ZWKZPGTI48KDX","load_balancer_type":"application","region":"ap-northeast-2"},"sensitive_values":{}},{"address":"module.route53.data.aws_route53_zone.selected","mode":"data","type":"aws_route53_zone","name":"selected","provider_name":"registry.terraform.io/hashicorp/aws","schema_version":0,"values":{"arn":"arn:aws:route53:::hostedzone/Z05489631OD6CTLXAVCWK","caller_reference":"6fea6dc9-7536-4d68-92ff-d95c3e4ffc82","comment":"","id":"Z05489631OD6CTLXAVCWK","linked_service_description":null,"linked_service_principal":null,"name":"juiceb7597.com","name_servers":["ns-642.awsdns-16.net","ns-308.awsdns-38.com","ns-1444.awsdns-52.org","ns-1841.awsdns-38.co.uk"],"primary_name_server":"ns-642.awsdns-16.net","private_zone":false,"resource_record_set_count":3,"tags":{},"vpc_id":null,"zone_id":"Z05489631OD6CTLXAVCWK"},"sensitive_values":{"name_servers":[false,false,false,false],"tags":{}}}],"address":"module.route53"},{"resources":[{"address":"module.was.data.aws_ami.ubuntu","mode":"data","type":"aws_ami","name":"ubuntu","provider_name":"registry.terraform.io/hashicorp/aws","schema_version":0,"values":{"architecture":"x86_64","arn":"arn:aws:ec2:ap-northeast-2::image/ami-037f5c5c1aab1ae51","block_device_mappings":[{"device_name":"/dev/sda1","ebs":{"delete_on_termination":"true","encrypted":"false","iops":"0","snapshot_id":"snap-009dc4d8fbc1e55ee","throughput":"0","volume_size":"8","volume_type":"gp2"},"no_device":"","virtual_name":""},{"device_name":"/dev/sdb","ebs":{},"no_device":"","virtual_name":"ephemeral0"},{"device_name":"/dev/sdc","ebs":{},"no_device":"","virtual_name":"ephemeral1"}],"boot_mode":"uefi-preferred","creation_date":"2023-10-31T01:11:40.000Z","deprecation_time":"2025-10-31T01:11:40.000Z","description":"Canonical, Ubuntu, 23.04, amd64 lunar image build on 2023-10-30","ena_support":true,"executable_users":null,"filter":[{"name":"architecture","values":["x86_64"]},{"name":"name","values":["ubuntu/images/hvm-ssd/*"]},{"name":"root-device-type","values":["ebs"]},{"name":"virtualization-type","values":["hvm"]}],"hypervisor":"xen","id":"ami-037f5c5c1aab1ae51","image_id":"ami-037f5c5c1aab1ae51","image_location":"amazon/ubuntu/images/hvm-ssd/ubuntu-lunar-23.04-amd64-server-20231030","image_owner_alias":"amazon","image_type":"machine","imds_support":"","include_deprecated":false,"kernel_id":"","most_recent":true,"name":"ubuntu/images/hvm-ssd/ubuntu-lunar-23.04-amd64-server-20231030","name_regex":null,"owner_id":"099720109477","owners":["099720109477"],"platform":"","platform_details":"Linux/UNIX","product_codes":[],"public":true,"ramdisk_id":"","root_device_name":"/dev/sda1","root_device_type":"ebs","root_snapshot_id":"snap-009dc4d8fbc1e55ee","sriov_net_support":"simple","state":"available","state_reason":{"code":"UNSET","message":"UNSET"},"tags":{},"timeouts":null,"tpm_support":"","usage_operation":"RunInstances","virtualization_type":"hvm"},"sensitive_values":{"block_device_mappings":[{"ebs":{}},{"ebs":{}},{"ebs":{}}],"filter":[{"values":[false]},{"values":[false]},{"values":[false]},{"values":[false]}],"owners":[false],"product_codes":[],"state_reason":{},"tags":{}}}],"address":"module.was"},{"resources":[{"address":"module.web.data.aws_ami.ubuntu","mode":"data","type":"aws_ami","name":"ubuntu","provider_name":"registry.terraform.io/hashicorp/aws","schema_version":0,"values":{"architecture":"x86_64","arn":"arn:aws:ec2:ap-northeast-2::image/ami-037f5c5c1aab1ae51","block_device_mappings":[{"device_name":"/dev/sda1","ebs":{"delete_on_termination":"true","encrypted":"false","iops":"0","snapshot_id":"snap-009dc4d8fbc1e55ee","throughput":"0","volume_size":"8","volume_type":"gp2"},"no_device":"","virtual_name":""},{"device_name":"/dev/sdb","ebs":{},"no_device":"","virtual_name":"ephemeral0"},{"device_name":"/dev/sdc","ebs":{},"no_device":"","virtual_name":"ephemeral1"}],"boot_mode":"uefi-preferred","creation_date":"2023-10-31T01:11:40.000Z","deprecation_time":"2025-10-31T01:11:40.000Z","description":"Canonical, Ubuntu, 23.04, amd64 lunar image build on 2023-10-30","ena_support":true,"executable_users":null,"filter":[{"name":"architecture","values":["x86_64"]},{"name":"name","values":["ubuntu/images/hvm-ssd/*"]},{"name":"root-device-type","values":["ebs"]},{"name":"virtualization-type","values":["hvm"]}],"hypervisor":"xen","id":"ami-037f5c5c1aab1ae51","image_id":"ami-037f5c5c1aab1ae51","image_location":"amazon/ubuntu/images/hvm-ssd/ubuntu-lunar-23.04-amd64-server-20231030","image_owner_alias":"amazon","image_type":"machine","imds_support":"","include_deprecated":false,"kernel_id":"","most_recent":true,"name":"ubuntu/images/hvm-ssd/ubuntu-lunar-23.04-amd64-server-20231030","name_regex":null,"owner_id":"099720109477","owners":["099720109477"],"platform":"","platform_details":"Linux/UNIX","product_codes":[],"public":true,"ramdisk_id":"","root_device_name":"/dev/sda1","root_device_type":"ebs","root_snapshot_id":"snap-009dc4d8fbc1e55ee","sriov_net_support":"simple","state":"available","state_reason":{"code":"UNSET","message":"UNSET"},"tags":{},"timeouts":null,"tpm_support":"","usage_operation":"RunInstances","virtualization_type":"hvm"},"sensitive_values":{"block_device_mappings":[{"ebs":{}},{"ebs":{}},{"ebs":{}}],"filter":[{"values":[false]},{"values":[false]},{"values":[false]},{"values":[false]}],"owners":[false],"product_codes":[],"state_reason":{},"tags":{}}}],"address":"module.web"}]}}},"configuration":{"provider_config":{"aws":{"name":"aws","full_name":"registry.terraform.io/hashicorp/aws","version_constraint":"5.23.1","expressions":{"region":{"constant_value":"ap-northeast-2"}}}},"root_module":{"outputs":{"db_instance_hosted_zone_id":{"expression":{"references":["module.db.db_instance_hosted_zone_id","module.db"]}},"lb_sg_id":{"expression":{"references":["module.public_lb.security_group_id","module.public_lb"]}},"vpc_id":{"expression":{"references":["module.network.vpc_id","module.network"]}},"vpc_zone_identifier":{"expression":{"references":["module.network.web_subnets","module.network"]}},"was_sg_id":{"expression":{"references":["module.was.security_group_id","module.was"]}},"web_sg_id":{"expression":{"references":["module.web.security_group_id","module.web"]}}},"module_calls":{"db":{"source":"./modules/db","expressions":{"allocated_storage":{"references":["var.allocated_storage"]},"db_sg_ports":{"references":["var.db_sg_ports"]},"engine":{"references":["var.engine"]},"engine_version":{"references":["var.engine_version"]},"instance_class":{"references":["var.instance_class"]},"multi_az":{"references":["var.multi_az"]},"name":{"references":["var.name"]},"subnet_ids":{"references":["module.network.db_subnets","module.network"]},"tags":{"references":["var.tags"]},"vpc_id":{"references":["module.network.vpc_id","module.network"]},"was_sg_id":{"references":["module.was.security_group_id","module.was"]}},"module":{"outputs":{"db_instance_address":{"expression":{"references":["aws_db_instance.postgres.address","aws_db_instance.postgres"]},"description":"The address of the RDS instance"},"db_instance_arn":{"expression":{"references":["aws_db_instance.postgres.arn","aws_db_instance.postgres"]},"description":"The ARN of the RDS instance"},"db_instance_availability_zone":{"expression":{"references":["aws_db_instance.postgres.availability_zone","aws_db_instance.postgres"]},"description":"The availability zone of the RDS instance"},"db_instance_ca_cert_identifier":{"expression":{"references":["aws_db_instance.postgres.ca_cert_identifier","aws_db_instance.postgres"]},"description":"Specifies the identifier of the CA certificate for the DB instance"},"db_instance_domain":{"expression":{"references":["aws_db_instance.postgres.domain","aws_db_instance.postgres"]},"description":"The ID of the Directory Service Active Directory domain the instance is joined to"},"db_instance_domain_iam_role_name":{"expression":{"references":["aws_db_instance.postgres.domain_iam_role_name","aws_db_instance.postgres"]},"description":"The name of the IAM role to be used when making API calls to the Directory Service"},"db_instance_endpoint":{"expression":{"references":["aws_db_instance.postgres.endpoint","aws_db_instance.postgres"]},"description":"The connection endpoint"},"db_instance_engine":{"expression":{"references":["aws_db_instance.postgres.engine","aws_db_instance.postgres"]},"description":"The database engine"},"db_instance_engine_version_actual":{"expression":{"references":["aws_db_instance.postgres.engine_version_actual","aws_db_instance.postgres"]},"description":"The running version of the database"},"db_instance_hosted_zone_id":{"expression":{"references":["aws_db_instance.postgres.hosted_zone_id","aws_db_instance.postgres"]},"description":"The canonical hosted zone ID of the DB instance (to be used in a Route 53 Alias record)"},"db_instance_identifier":{"expression":{"references":["aws_db_instance.postgres.identifier","aws_db_instance.postgres"]},"description":"The RDS instance identifier"},"db_instance_name":{"expression":{"references":["aws_db_instance.postgres.db_name","aws_db_instance.postgres"]},"description":"The database name"},"db_instance_port":{"expression":{"references":["aws_db_instance.postgres.port","aws_db_instance.postgres"]},"description":"The database port"},"db_instance_resource_id":{"expression":{"references":["aws_db_instance.postgres.resource_id","aws_db_instance.postgres"]},"description":"The RDS Resource ID of this instance"},"db_instance_status":{"expression":{"references":["aws_db_instance.postgres.status","aws_db_instance.postgres"]},"description":"The RDS instance status"},"db_instance_username":{"sensitive":true,"expression":{"references":["aws_db_instance.postgres.username","aws_db_instance.postgres"]},"description":"The master username for the database"},"db_listener_endpoint":{"expression":{"references":["aws_db_instance.postgres.listener_endpoint","aws_db_instance.postgres"]},"description":"Specifies the listener connection endpoint for SQL Server Always On"},"db_subnet_group_arn":{"expression":{"references":["aws_db_subnet_group.this.arn","aws_db_subnet_group.this"]},"description":"The ARN of the db subnet group"},"db_subnet_group_id":{"expression":{"references":["aws_db_subnet_group.this.id","aws_db_subnet_group.this"]},"description":"The db subnet group name"}},"resources":[{"address":"aws_db_instance.postgres","mode":"managed","type":"aws_db_instance","name":"postgres","provider_config_key":"aws","expressions":{"allocated_storage":{"references":["var.allocated_storage"]},"db_name":{"constant_value":"postgres"},"db_subnet_group_name":{"references":["aws_db_subnet_group.this.name","aws_db_subnet_group.this"]},"engine":{"constant_value":"postgres"},"engine_version":{"constant_value":"15.3"},"identifier":{"references":["var.name"]},"instance_class":{"references":["var.instance_class"]},"multi_az":{"references":["var.multi_az"]},"password":{"references":["data.aws_secretsmanager_secret_version.db-secret.secret_string","data.aws_secretsmanager_secret_version.db-secret"]},"port":{"constant_value":"5432"},"skip_final_snapshot":{"constant_value":true},"storage_encrypted":{"constant_value":true},"tags":{"references":["var.name","var.tags"]},"username":{"references":["data.aws_secretsmanager_secret_version.db-secret.secret_string","data.aws_secretsmanager_secret_version.db-secret"]},"vpc_security_group_ids":{"references":["aws_security_group.db.id","aws_security_group.db"]}},"schema_version":2},{"address":"aws_db_subnet_group.this","mode":"managed","type":"aws_db_subnet_group","name":"this","provider_config_key":"aws","expressions":{"description":{"references":["var.name"]},"name":{"references":["var.name"]},"subnet_ids":{"references":["var.subnet_ids"]},"tags":{"references":["var.name","var.tags"]}},"schema_version":0},{"address":"aws_security_group.db","mode":"managed","type":"aws_security_group","name":"db","provider_config_key":"aws","expressions":{"description":{"references":["var.name"]},"egress":{"constant_value":[{"cidr_blocks":["0.0.0.0/0"],"description":null,"from_port":0,"ipv6_cidr_blocks":["::/0"],"prefix_list_ids":null,"protocol":"-1","security_groups":null,"self":null,"to_port":0}]},"name":{"references":["var.name"]},"tags":{"references":["var.name","var.tags"]},"vpc_id":{"references":["var.vpc_id"]}},"schema_version":1},{"address":"data.aws_secretsmanager_secret.by-name","mode":"data","type":"aws_secretsmanager_secret","name":"by-name","provider_config_key":"aws","expressions":{"name":{"constant_value":"db-secret"}},"schema_version":0},{"address":"data.aws_secretsmanager_secret_version.db-secret","mode":"data","type":"aws_secretsmanager_secret_version","name":"db-secret","provider_config_key":"aws","expressions":{"secret_id":{"references":["data.aws_secretsmanager_secret.by-name.id","data.aws_secretsmanager_secret.by-name"]}},"schema_version":0}],"variables":{"allocated_storage":{"description":"The allocated storage in gigabytes"},"db_sg_ports":{"description":"List of allowed ports to DB Security Group"},"engine":{"default":null,"description":"The database engine to use"},"engine_version":{"default":null,"description":"The engine version to use"},"instance_class":{"description":"The instance type of the RDS instance"},"multi_az":{"description":"Specifies if the RDS instance is multi-AZ"},"name":{"description":"Name to be used on all the resources as identifier"},"subnet_ids":{"description":"A list of VPC subnet IDs"},"tags":{"description":"Additional information for the all resources"},"vpc_id":{"description":"VPC ID of network module"},"was_sg_id":{"description":"Security group ID of WAS for ingress targets"}}}},"iam":{"source":"./modules/iam","expressions":{"name":{"references":["var.name"]},"tags":{"references":["var.tags"]}},"module":{"outputs":{"iam_instance_profile_arn":{"expression":{"references":["aws_iam_instance_profile.this.arn","aws_iam_instance_profile.this"]},"description":"ARN assigned by AWS to the instance profile"},"iam_instance_profile_id":{"expression":{"references":["aws_iam_instance_profile.this.id","aws_iam_instance_profile.this"]},"description":"Instance profile's ID"},"iam_instance_profile_unique":{"expression":{"references":["aws_iam_instance_profile.this.unique_id","aws_iam_instance_profile.this"]},"description":"Stable and unique string identifying the IAM instance profile"},"iam_role_arn":{"expression":{"references":["aws_iam_role.ec2_role.arn","aws_iam_role.ec2_role"]},"description":"ARN of IAM role"},"iam_role_name":{"expression":{"references":["aws_iam_role.ec2_role.name","aws_iam_role.ec2_role"]},"description":"Name of IAM role"},"iam_role_path":{"expression":{"references":["aws_iam_role.ec2_role.path","aws_iam_role.ec2_role"]},"description":"Path of IAM role"},"iam_role_unique_id":{"expression":{"references":["aws_iam_role.ec2_role.unique_id","aws_iam_role.ec2_role"]},"description":"Unique ID of IAM role"}},"resources":[{"address":"aws_iam_instance_profile.this","mode":"managed","type":"aws_iam_instance_profile","name":"this","provider_config_key":"aws","expressions":{"name":{"constant_value":"EC2InstanceProfileECR"},"path":{"constant_value":"/"},"role":{"references":["aws_iam_role.ec2_role.name","aws_iam_role.ec2_role"]},"tags":{"references":["var.name","var.tags"]}},"schema_version":0},{"address":"aws_iam_policy.ecr_policy","mode":"managed","type":"aws_iam_policy","name":"ecr_policy","provider_config_key":"aws","expressions":{"description":{"constant_value":"ecr policy"},"name":{"constant_value":"ecr-policy"},"path":{"constant_value":"/"},"policy":{}},"schema_version":0},{"address":"aws_iam_role.ec2_role","mode":"managed","type":"aws_iam_role","name":"ec2_role","provider_config_key":"aws","expressions":{"assume_role_policy":{},"name":{"constant_value":"ec2_role_ECR"},"tags":{"references":["var.name","var.tags"]}},"schema_version":0},{"address":"aws_iam_role_policy_attachment.ec2_role","mode":"managed","type":"aws_iam_role_policy_attachment","name":"ec2_role","provider_config_key":"aws","expressions":{"policy_arn":{"references":["aws_iam_policy.ecr_policy.arn","aws_iam_policy.ecr_policy"]},"role":{"references":["aws_iam_role.ec2_role.name","aws_iam_role.ec2_role"]}},"schema_version":0}],"variables":{"name":{"description":"Name to be used on all the resources as identifier"},"tags":{"description":"Additional information for the all resources"}}}},"network":{"source":"./modules/network","expressions":{"azs":{"references":["var.azs"]},"cidr":{"references":["var.cidr"]},"db_subnet_cidr":{"references":["var.db_subnet_cidr"]},"name":{"references":["var.name"]},"private_lb_subnet_cidr":{"references":["var.private_lb_subnet_cidr"]},"public_subnet_cidr":{"references":["var.public_subnet_cidr"]},"tags":{"references":["var.tags"]},"was_subnet_cidr":{"references":["var.was_subnet_cidr"]},"web_subnet_cidr":{"references":["var.web_subnet_cidr"]}},"module":{"outputs":{"azs":{"expression":{"references":["var.azs"]},"description":"A list of availability zones specified as argument to this module"},"db_route_table_association_ids":{"expression":{"references":["aws_route_table_association.db"]},"description":"List of IDs of the db route table association"},"db_route_table_ids":{"expression":{"references":["aws_route_table.web"]},"description":"List of IDs of db route tables"},"db_subnet_arns":{"expression":{"references":["aws_subnet.db"]},"description":"List of ARNs of DB subnets"},"db_subnets":{"expression":{"references":["aws_subnet.db"]},"description":"List of IDs of DB subnets"},"db_subnets_cidr_blocks":{"expression":{"references":["aws_subnet.db"]},"description":"List of cidr_blocks of DB subnets"},"igw_arn":{"expression":{"references":["aws_internet_gateway.this.arn","aws_internet_gateway.this"]},"description":"The ARN of the Internet Gateway"},"igw_id":{"expression":{"references":["aws_internet_gateway.this.id","aws_internet_gateway.this"]},"description":"The ID of the Internet Gateway"},"name":{"expression":{"references":["var.name"]},"description":"The name of the VPC specified as argument to this module"},"nat_ids":{"expression":{"references":["aws_eip.nat"]},"description":"List of allocation ID of Elastic IPs created for AWS NAT Gateway"},"nat_public_ips":{"expression":{"references":["aws_eip.nat"]},"description":"List of public Elastic IPs created for AWS NAT Gateway"},"natgw_ids":{"expression":{"references":["aws_nat_gateway.this"]},"description":"List of NAT Gateway IDs"},"private_lb_subnet_arns":{"expression":{"references":["aws_subnet.private_lb"]},"description":"List of ARNs of Private LB subnets"},"private_lb_subnets":{"expression":{"references":["aws_subnet.private_lb"]},"description":"List of IDs of Private LB subnets"},"private_lb_subnets_cidr_blocks":{"expression":{"references":["aws_subnet.private_lb"]},"description":"List of cidr_blocks of Private LB subnets"},"public_internet_gateway_route_id":{"expression":{"references":["aws_route.public_internet_gateway.id","aws_route.public_internet_gateway"]},"description":"ID of the internet gateway route"},"public_route_table_association_ids":{"expression":{"references":["aws_route_table_association.public"]},"description":"List of IDs of the public route table association"},"public_route_table_ids":{"expression":{"references":["aws_route_table.public"]},"description":"List of IDs of public route tables"},"public_subnet_arns":{"expression":{"references":["aws_subnet.public"]},"description":"List of ARNs of public subnets"},"public_subnets":{"expression":{"references":["aws_subnet.public"]},"description":"List of IDs of public subnets"},"public_subnets_cidr_blocks":{"expression":{"references":["aws_subnet.public"]},"description":"List of cidr_blocks of public subnets"},"vpc_arn":{"expression":{"references":["aws_vpc.main.arn","aws_vpc.main"]},"description":"The ARN of the VPC"},"vpc_cidr_block":{"expression":{"references":["aws_vpc.main.cidr_block","aws_vpc.main"]},"description":"The CIDR block of the VPC"},"vpc_id":{"expression":{"references":["aws_vpc.main.id","aws_vpc.main"]},"description":"The ID of the VPC"},"vpc_owner_id":{"expression":{"references":["aws_vpc.main.owner_id","aws_vpc.main"]},"description":"The ID of the AWS account that owns the VPC"},"was_route_table_association_ids":{"expression":{"references":["aws_route_table_association.was"]},"description":"List of IDs of the was route table association"},"was_route_table_ids":{"expression":{"references":["aws_route_table.web"]},"description":"List of IDs of was route tables"},"was_subnet_arns":{"expression":{"references":["aws_subnet.was"]},"description":"List of ARNs of WAS subnets"},"was_subnets":{"expression":{"references":["aws_subnet.was"]},"description":"List of IDs of WAS subnets"},"was_subnets_cidr_blocks":{"expression":{"references":["aws_subnet.was"]},"description":"List of cidr_blocks of WAS subnets"},"web_nat_gateway_route_ids":{"expression":{"references":["aws_route.web_nat_gateway"]},"description":"List of IDs of the web nat gateway route"},"web_route_table_association_ids":{"expression":{"references":["aws_route_table_association.web"]},"description":"List of IDs of the web route table association"},"web_route_table_ids":{"expression":{"references":["aws_route_table.web"]},"description":"List of IDs of web route tables"},"web_subnet_arns":{"expression":{"references":["aws_subnet.web"]},"description":"List of ARNs of WEB subnets"},"web_subnets":{"expression":{"references":["aws_subnet.web"]},"description":"List of IDs of WEB subnets"},"web_subnets_cidr_blocks":{"expression":{"references":["aws_subnet.web"]},"description":"List of cidr_blocks of WEB subnets"}},"resources":[{"address":"aws_eip.nat","mode":"managed","type":"aws_eip","name":"nat","provider_config_key":"aws","expressions":{"domain":{"constant_value":"vpc"},"tags":{"references":["var.name","var.azs","count.index","var.tags"]}},"schema_version":0,"count_expression":{"constant_value":2},"depends_on":["aws_internet_gateway.this"]},{"address":"aws_internet_gateway.this","mode":"managed","type":"aws_internet_gateway","name":"this","provider_config_key":"aws","expressions":{"tags":{"references":["var.name","var.tags"]},"vpc_id":{"references":["aws_vpc.main.id","aws_vpc.main"]}},"schema_version":0},{"address":"aws_nat_gateway.this","mode":"managed","type":"aws_nat_gateway","name":"this","provider_config_key":"aws","expressions":{"allocation_id":{"references":["aws_eip.nat","count.index"]},"subnet_id":{"references":["aws_subnet.public","count.index"]},"tags":{"references":["var.name","var.azs","count.index","var.tags"]}},"schema_version":0,"count_expression":{"constant_value":2},"depends_on":["aws_internet_gateway.this"]},{"address":"aws_route.public_internet_gateway","mode":"managed","type":"aws_route","name":"public_internet_gateway","provider_config_key":"aws","expressions":{"destination_cidr_block":{"constant_value":"0.0.0.0/0"},"gateway_id":{"references":["aws_internet_gateway.this.id","aws_internet_gateway.this"]},"route_table_id":{"references":["aws_route_table.public.id","aws_route_table.public"]}},"schema_version":0},{"address":"aws_route.web_nat_gateway","mode":"managed","type":"aws_route","name":"web_nat_gateway","provider_config_key":"aws","expressions":{"destination_cidr_block":{"constant_value":"0.0.0.0/0"},"nat_gateway_id":{"references":["aws_nat_gateway.this","count.index"]},"route_table_id":{"references":["aws_route_table.web","count.index"]}},"schema_version":0,"count_expression":{"constant_value":2}},{"address":"aws_route_table.public","mode":"managed","type":"aws_route_table","name":"public","provider_config_key":"aws","expressions":{"tags":{"references":["var.name","var.azs[0]","var.azs","var.tags"]},"vpc_id":{"references":["aws_vpc.main.id","aws_vpc.main"]}},"schema_version":0},{"address":"aws_route_table.web","mode":"managed","type":"aws_route_table","name":"web","provider_config_key":"aws","expressions":{"tags":{"references":["var.name","var.azs","count.index","var.tags"]},"vpc_id":{"references":["aws_vpc.main.id","aws_vpc.main"]}},"schema_version":0,"count_expression":{"constant_value":2}},{"address":"aws_route_table_association.db","mode":"managed","type":"aws_route_table_association","name":"db","provider_config_key":"aws","expressions":{"route_table_id":{"references":["aws_route_table.web","count.index"]},"subnet_id":{"references":["aws_subnet.db","count.index"]}},"schema_version":0,"count_expression":{"constant_value":2}},{"address":"aws_route_table_association.public","mode":"managed","type":"aws_route_table_association","name":"public","provider_config_key":"aws","expressions":{"route_table_id":{"references":["aws_route_table.public.id","aws_route_table.public"]},"subnet_id":{"references":["aws_subnet.public","count.index"]}},"schema_version":0,"count_expression":{"constant_value":2}},{"address":"aws_route_table_association.was","mode":"managed","type":"aws_route_table_association","name":"was","provider_config_key":"aws","expressions":{"route_table_id":{"references":["aws_route_table.web","count.index"]},"subnet_id":{"references":["aws_subnet.was","count.index"]}},"schema_version":0,"count_expression":{"constant_value":2}},{"address":"aws_route_table_association.web","mode":"managed","type":"aws_route_table_association","name":"web","provider_config_key":"aws","expressions":{"route_table_id":{"references":["aws_route_table.web","count.index"]},"subnet_id":{"references":["aws_subnet.web","count.index"]}},"schema_version":0,"count_expression":{"constant_value":2}},{"address":"aws_subnet.db","mode":"managed","type":"aws_subnet","name":"db","provider_config_key":"aws","expressions":{"availability_zone":{"references":["var.azs","count.index"]},"cidr_block":{"references":["var.db_subnet_cidr","count.index"]},"tags":{"references":["var.name","var.azs","count.index","var.tags"]},"vpc_id":{"references":["aws_vpc.main.id","aws_vpc.main"]}},"schema_version":1,"count_expression":{"constant_value":2}},{"address":"aws_subnet.private_lb","mode":"managed","type":"aws_subnet","name":"private_lb","provider_config_key":"aws","expressions":{"availability_zone":{"references":["var.azs","count.index"]},"cidr_block":{"references":["var.private_lb_subnet_cidr","count.index"]},"tags":{"references":["var.name","var.azs","count.index","var.tags"]},"vpc_id":{"references":["aws_vpc.main.id","aws_vpc.main"]}},"schema_version":1,"count_expression":{"constant_value":2}},{"address":"aws_subnet.public","mode":"managed","type":"aws_subnet","name":"public","provider_config_key":"aws","expressions":{"availability_zone":{"references":["var.azs","count.index"]},"cidr_block":{"references":["var.public_subnet_cidr","count.index"]},"tags":{"references":["var.name","var.azs","count.index","var.tags"]},"vpc_id":{"references":["aws_vpc.main.id","aws_vpc.main"]}},"schema_version":1,"count_expression":{"constant_value":2}},{"address":"aws_subnet.was","mode":"managed","type":"aws_subnet","name":"was","provider_config_key":"aws","expressions":{"availability_zone":{"references":["var.azs","count.index"]},"cidr_block":{"references":["var.was_subnet_cidr","count.index"]},"tags":{"references":["var.name","var.azs","count.index","var.tags"]},"vpc_id":{"references":["aws_vpc.main.id","aws_vpc.main"]}},"schema_version":1,"count_expression":{"constant_value":2}},{"address":"aws_subnet.web","mode":"managed","type":"aws_subnet","name":"web","provider_config_key":"aws","expressions":{"availability_zone":{"references":["var.azs","count.index"]},"cidr_block":{"references":["var.web_subnet_cidr","count.index"]},"tags":{"references":["var.name","var.azs","count.index","var.tags"]},"vpc_id":{"references":["aws_vpc.main.id","aws_vpc.main"]}},"schema_version":1,"count_expression":{"constant_value":2}},{"address":"aws_vpc.main","mode":"managed","type":"aws_vpc","name":"main","provider_config_key":"aws","expressions":{"cidr_block":{"references":["var.cidr"]},"enable_dns_hostnames":{"constant_value":true},"tags":{"references":["var.name","var.tags"]}},"schema_version":1}],"variables":{"azs":{"description":"A list of availability zones names or ids in the region"},"cidr":{"description":"The IPv4 CIDR block for the VPC"},"db_subnet_cidr":{"description":"The IPv4 CIDR block for the DB Subnets"},"name":{"description":"Name to be used on all the resources as identifier"},"private_lb_subnet_cidr":{"description":"The IPv4 CIDR block for the Private LB Subnets"},"public_subnet_cidr":{"description":"The IPv4 CIDR block for the Public Subnets"},"tags":{"description":"Additional information for the all resources"},"was_subnet_cidr":{"description":"The IPv4 CIDR block for the WAS Subnets"},"web_subnet_cidr":{"description":"The IPv4 CIDR block for the WEB Subnets"}}}},"private_lb":{"source":"./modules/private-lb","expressions":{"load_balancer_type":{"references":["var.load_balancer_type"]},"name":{"references":["var.name"]},"private_lb_sg_ports":{"references":["var.private_lb_sg_ports"]},"private_lb_subnets":{"references":["module.network.private_lb_subnets","module.network"]},"tags":{"references":["var.tags"]},"vpc_id":{"references":["module.network.vpc_id","module.network"]},"web_sg_id":{"references":["module.web.security_group_id","module.web"]}},"module":{"outputs":{"arn":{"expression":{"references":["aws_lb.private.arn","aws_lb.private"]},"description":"The ID and ARN of the load balancer we created"},"arn_suffix":{"expression":{"references":["aws_lb.private.arn_suffix","aws_lb.private"]},"description":"ARN suffix of our load balancer - can be used with CloudWatch"},"dns_name":{"expression":{"references":["aws_lb.private.dns_name","aws_lb.private"]},"description":"The DNS name of the load balancer"},"id":{"expression":{"references":["aws_lb.private.id","aws_lb.private"]},"description":"The ID and ARN of the load balancer we created"},"security_group_arn":{"expression":{"references":["aws_security_group.private_lb.arn","aws_security_group.private_lb"]},"description":"Amazon Resource Name (ARN) of the security group"},"security_group_id":{"expression":{"references":["aws_security_group.private_lb.id","aws_security_group.private_lb"]},"description":"ID of the security group"},"target_groups":{"expression":{"references":["aws_lb_target_group.was"]},"description":"Map of target groups created and their attributes"},"target_groups_arn":{"expression":{"references":["aws_lb_target_group.was.arn","aws_lb_target_group.was"]},"description":"A ARN of target groups"},"zone_id":{"expression":{"references":["aws_lb.private.zone_id","aws_lb.private"]},"description":"The zone_id of the load balancer to assist with creating DNS records"}},"resources":[{"address":"aws_lb.private","mode":"managed","type":"aws_lb","name":"private","provider_config_key":"aws","expressions":{"internal":{"constant_value":true},"load_balancer_type":{"references":["var.load_balancer_type"]},"name":{"references":["var.name"]},"security_groups":{"references":["aws_security_group.private_lb.id","aws_security_group.private_lb"]},"subnets":{"references":["var.private_lb_subnets"]},"tags":{"references":["var.name","var.tags"]}},"schema_version":0},{"address":"aws_lb_listener.app","mode":"managed","type":"aws_lb_listener","name":"app","provider_config_key":"aws","expressions":{"default_action":[{"target_group_arn":{"references":["aws_lb_target_group.was.arn","aws_lb_target_group.was"]},"type":{"constant_value":"forward"}}],"load_balancer_arn":{"references":["aws_lb.private.arn","aws_lb.private"]},"port":{"constant_value":80},"protocol":{"constant_value":"HTTP"},"tags":{"references":["var.name","var.tags"]}},"schema_version":0},{"address":"aws_lb_target_group.was","mode":"managed","type":"aws_lb_target_group","name":"was","provider_config_key":"aws","expressions":{"name":{"constant_value":"was-TG"},"port":{"constant_value":8000},"protocol":{"constant_value":"HTTP"},"tags":{"references":["var.name","var.tags"]},"vpc_id":{"references":["var.vpc_id"]}},"schema_version":0},{"address":"aws_security_group.private_lb","mode":"managed","type":"aws_security_group","name":"private_lb","provider_config_key":"aws","expressions":{"description":{"references":["var.name"]},"egress":{"constant_value":[{"cidr_blocks":["0.0.0.0/0"],"description":null,"from_port":0,"ipv6_cidr_blocks":["::/0"],"prefix_list_ids":null,"protocol":"-1","security_groups":null,"self":null,"to_port":0}]},"name":{"references":["var.name"]},"tags":{"references":["var.name","var.tags"]},"vpc_id":{"references":["var.vpc_id"]}},"schema_version":1}],"variables":{"load_balancer_type":{"description":"The type of load balancer to create. Possible values are `application`, `gateway`, or `network`. The default value is `application`"},"name":{"description":"Name to be used on all the resources as identifier"},"private_lb_sg_ports":{"description":"List of allowed ports to LB Security Group"},"private_lb_subnets":{"description":"ID of private subnet for LB"},"tags":{"description":"Additional information for the all resources"},"vpc_id":{"description":"VPC ID of network module"},"web_sg_id":{"description":"Security group ID of WEB for ingress targets"}}}},"public_lb":{"source":"./modules/public-lb","expressions":{"load_balancer_type":{"references":["var.load_balancer_type"]},"name":{"references":["var.name"]},"public_lb_sg_ports":{"references":["var.public_lb_sg_ports"]},"public_lb_subnets":{"references":["module.network.public_subnets","module.network"]},"tags":{"references":["var.tags"]},"vpc_id":{"references":["module.network.vpc_id","module.network"]}},"module":{"outputs":{"arn":{"expression":{"references":["aws_lb.public.arn","aws_lb.public"]},"description":"The ID and ARN of the load balancer we created"},"arn_suffix":{"expression":{"references":["aws_lb.public.arn_suffix","aws_lb.public"]},"description":"ARN suffix of our load balancer - can be used with CloudWatch"},"dns_name":{"expression":{"references":["aws_lb.public.dns_name","aws_lb.public"]},"description":"The DNS name of the load balancer"},"id":{"expression":{"references":["aws_lb.public.id","aws_lb.public"]},"description":"The ID and ARN of the load balancer we created"},"listeners_http":{"expression":{"references":["aws_lb_listener.http"]},"description":"Map of listeners created and their attributes"},"listeners_https":{"expression":{"references":["aws_lb_listener.https"]},"description":"Map of listeners created and their attributes"},"security_group_arn":{"expression":{"references":["aws_security_group.public_lb.arn","aws_security_group.public_lb"]},"description":"Amazon Resource Name (ARN) of the security group"},"security_group_id":{"expression":{"references":["aws_security_group.public_lb.id","aws_security_group.public_lb"]},"description":"ID of the security group"},"target_groups":{"expression":{"references":["aws_lb_target_group.web"]},"description":"Map of target groups created and their attributes"},"target_groups_arn":{"expression":{"references":["aws_lb_target_group.web.arn","aws_lb_target_group.web"]},"description":"A ARN of target groups"},"zone_id":{"expression":{"references":["aws_lb.public.zone_id","aws_lb.public"]},"description":"The zone_id of the load balancer to assist with creating DNS records"}},"resources":[{"address":"aws_lb.public","mode":"managed","type":"aws_lb","name":"public","provider_config_key":"aws","expressions":{"load_balancer_type":{"references":["var.load_balancer_type"]},"name":{"references":["var.name"]},"security_groups":{"references":["aws_security_group.public_lb.id","aws_security_group.public_lb"]},"subnets":{"references":["var.public_lb_subnets"]},"tags":{"references":["var.name","var.tags"]}},"schema_version":0},{"address":"aws_lb_listener.http","mode":"managed","type":"aws_lb_listener","name":"http","provider_config_key":"aws","expressions":{"default_action":[{"target_group_arn":{"references":["aws_lb_target_group.web.arn","aws_lb_target_group.web"]},"type":{"constant_value":"forward"}},{"redirect":[{"port":{"constant_value":"443"},"protocol":{"constant_value":"HTTPS"},"status_code":{"constant_value":"HTTP_301"}}],"type":{"constant_value":"redirect"}}],"load_balancer_arn":{"references":["aws_lb.public.arn","aws_lb.public"]},"port":{"constant_value":"80"},"protocol":{"constant_value":"HTTP"},"tags":{"references":["var.name","var.tags"]}},"schema_version":0},{"address":"aws_lb_listener.https","mode":"managed","type":"aws_lb_listener","name":"https","provider_config_key":"aws","expressions":{"certificate_arn":{"references":["data.aws_acm_certificate.amazon_issued.arn","data.aws_acm_certificate.amazon_issued"]},"default_action":[{"target_group_arn":{"references":["aws_lb_target_group.web.arn","aws_lb_target_group.web"]},"type":{"constant_value":"forward"}}],"load_balancer_arn":{"references":["aws_lb.public.arn","aws_lb.public"]},"port":{"constant_value":443},"protocol":{"constant_value":"HTTPS"},"ssl_policy":{"constant_value":"ELBSecurityPolicy-TLS13-1-2-2021-06"},"tags":{"references":["var.name","var.tags"]}},"schema_version":0},{"address":"aws_lb_target_group.web","mode":"managed","type":"aws_lb_target_group","name":"web","provider_config_key":"aws","expressions":{"name":{"constant_value":"web-TG"},"port":{"constant_value":80},"protocol":{"constant_value":"HTTP"},"tags":{"references":["var.name","var.tags"]},"vpc_id":{"references":["var.vpc_id"]}},"schema_version":0},{"address":"aws_security_group.public_lb","mode":"managed","type":"aws_security_group","name":"public_lb","provider_config_key":"aws","expressions":{"description":{"references":["var.name"]},"egress":{"constant_value":[{"cidr_blocks":["0.0.0.0/0"],"description":null,"from_port":0,"ipv6_cidr_blocks":["::/0"],"prefix_list_ids":null,"protocol":"-1","security_groups":null,"self":null,"to_port":0}]},"name":{"references":["var.name"]},"tags":{"references":["var.name","var.tags"]},"vpc_id":{"references":["var.vpc_id"]}},"schema_version":1},{"address":"data.aws_acm_certificate.amazon_issued","mode":"data","type":"aws_acm_certificate","name":"amazon_issued","provider_config_key":"aws","expressions":{"domain":{"constant_value":"*.juiceb7597.com"},"most_recent":{"constant_value":true},"types":{"constant_value":["AMAZON_ISSUED"]}},"schema_version":0}],"variables":{"load_balancer_type":{"description":"The type of load balancer to create. Possible values are `application`, `gateway`, or `network`. The default value is `application`"},"name":{"description":"Name to be used on all the resources as identifier"},"public_lb_sg_ports":{"description":"List of allowed ports to LB Security Group"},"public_lb_subnets":{"description":"ID of public subnet for LB"},"tags":{"description":"Additional information for the all resources"},"vpc_id":{"description":"VPC ID of network module"}}}},"route53":{"source":"./modules/route53","expressions":{"name":{"references":["var.name"]},"private_lb_dns_name":{"references":["module.private_lb.dns_name","module.private_lb"]},"private_lb_zone_id":{"references":["module.private_lb.zone_id","module.private_lb"]},"public_lb_dns_name":{"references":["module.public_lb.dns_name","module.public_lb"]},"public_lb_zone_id":{"references":["module.public_lb.zone_id","module.public_lb"]},"tags":{"references":["var.tags"]},"vpc_id":{"references":["module.network.vpc_id","module.network"]}},"module":{"outputs":{"private_lb_route53_record_fqdn":{"expression":{"references":["aws_route53_record.private_lb.fqdn","aws_route53_record.private_lb"]},"description":"FQDN built using the zone domain and name"},"private_lb_route53_record_name":{"expression":{"references":["aws_route53_record.private_lb.name","aws_route53_record.private_lb"]},"description":"The name of the record"},"public_lb_route53_record_fqdn":{"expression":{"references":["aws_route53_record.public_lb.fqdn","aws_route53_record.public_lb"]},"description":"FQDN built using the zone domain and name"},"public_lb_route53_record_name":{"expression":{"references":["aws_route53_record.public_lb.name","aws_route53_record.public_lb"]},"description":"The name of the record"},"route53_zone_name":{"expression":{"references":["aws_route53_zone.private.name","aws_route53_zone.private"]},"description":"Name of Private Route53 zone"},"route53_zone_name_servers":{"expression":{"references":["aws_route53_zone.private.name_servers","aws_route53_zone.private"]},"description":"Name servers of Private Route53 zone"},"route53_zone_zone_arn":{"expression":{"references":["aws_route53_zone.private.arn","aws_route53_zone.private"]},"description":"Zone ARN of Private Route53 zone"},"route53_zone_zone_id":{"expression":{"references":["aws_route53_zone.private.zone_id","aws_route53_zone.private"]},"description":"Zone ID of Private Route53 zone"}},"resources":[{"address":"aws_route53_record.private_lb","mode":"managed","type":"aws_route53_record","name":"private_lb","provider_config_key":"aws","expressions":{"alias":[{"evaluate_target_health":{"constant_value":true},"name":{"references":["var.private_lb_dns_name"]},"zone_id":{"references":["data.aws_lb_hosted_zone_id.main.id","data.aws_lb_hosted_zone_id.main"]}}],"name":{"constant_value":"lb"},"type":{"constant_value":"A"},"zone_id":{"references":["aws_route53_zone.private.zone_id","aws_route53_zone.private"]}},"schema_version":2},{"address":"aws_route53_record.public_lb","mode":"managed","type":"aws_route53_record","name":"public_lb","provider_config_key":"aws","expressions":{"alias":[{"evaluate_target_health":{"constant_value":true},"name":{"references":["var.public_lb_dns_name"]},"zone_id":{"references":["data.aws_lb_hosted_zone_id.main.id","data.aws_lb_hosted_zone_id.main"]}}],"name":{"constant_value":"app"},"type":{"constant_value":"A"},"zone_id":{"references":["data.aws_route53_zone.selected.zone_id","data.aws_route53_zone.selected"]}},"schema_version":2},{"address":"aws_route53_zone.private","mode":"managed","type":"aws_route53_zone","name":"private","provider_config_key":"aws","expressions":{"comment":{"constant_value":"Private DNS for Private LB"},"force_destroy":{"constant_value":true},"name":{"constant_value":"joo.com"},"tags":{"references":["var.name","var.tags"]},"vpc":[{"vpc_id":{"references":["var.vpc_id"]}}]},"schema_version":0},{"address":"data.aws_lb_hosted_zone_id.main","mode":"data","type":"aws_lb_hosted_zone_id","name":"main","provider_config_key":"aws","expressions":{"region":{"constant_value":"ap-northeast-2"}},"schema_version":0},{"address":"data.aws_route53_zone.selected","mode":"data","type":"aws_route53_zone","name":"selected","provider_config_key":"aws","expressions":{"name":{"constant_value":"juiceb7597.com."}},"schema_version":0}],"variables":{"name":{"description":"Name to be used on all the resources as identifier"},"private_lb_dns_name":{"description":"The DNS name of the Private LB"},"private_lb_zone_id":{"description":"The zone_id of the Private LB to assist with creating DNS records"},"public_lb_dns_name":{"description":"The DNS name of the Public LB"},"public_lb_zone_id":{"description":"The zone_id of the Public LB to assist with creating DNS records"},"tags":{"description":"Additional information for the all resources"},"vpc_id":{"description":"VPC ID of network module"}}}},"was":{"source":"./modules/was","expressions":{"desired_capacity":{"references":["var.desired_capacity"]},"health_check_grace_period":{"references":["var.health_check_grace_period"]},"health_check_type":{"references":["var.health_check_type"]},"iam_instance_profile_arn":{"references":["module.iam.iam_instance_profile_arn","module.iam"]},"instance_type":{"references":["var.instance_type"]},"key_name":{"references":["var.key_name"]},"max_size":{"references":["var.max_size"]},"min_size":{"references":["var.min_size"]},"name":{"references":["var.name"]},"private_lb_sg_id":{"references":["module.private_lb.security_group_id","module.private_lb"]},"tags":{"references":["var.tags"]},"target_group_arns":{"references":["module.private_lb.target_groups_arn","module.private_lb"]},"vpc_id":{"references":["module.network.vpc_id","module.network"]},"vpc_zone_identifier":{"references":["module.network.web_subnets","module.network"]},"wait_for_capacity_timeout":{"references":["var.wait_for_capacity_timeout"]},"was_sg_ports":{"references":["var.was_sg_ports"]}},"module":{"outputs":{"autoscaling_group_arn":{"expression":{"references":["aws_autoscaling_group.was.arn","aws_autoscaling_group.was"]},"description":"The ARN for this AutoScaling Group"},"autoscaling_group_availability_zones":{"expression":{"references":["aws_autoscaling_group.was.availability_zones","aws_autoscaling_group.was"]},"description":"The availability zones of the autoscale group"},"autoscaling_group_default_cooldown":{"expression":{"references":["aws_autoscaling_group.was.default_cooldown","aws_autoscaling_group.was"]},"description":"Time between a scaling activity and the succeeding scaling activity"},"autoscaling_group_desired_capacity":{"expression":{"references":["aws_autoscaling_group.was.desired_capacity","aws_autoscaling_group.was"]},"description":"The number of Amazon EC2 instances that should be running in the group"},"autoscaling_group_health_check_grace_period":{"expression":{"references":["aws_autoscaling_group.was.health_check_grace_period","aws_autoscaling_group.was"]},"description":"Time after instance comes into service before checking health"},"autoscaling_group_health_check_type":{"expression":{"references":["aws_autoscaling_group.was.health_check_type","aws_autoscaling_group.was"]},"description":"EC2 or ELB. Controls how health checking is done"},"autoscaling_group_id":{"expression":{"references":["aws_autoscaling_group.was.id","aws_autoscaling_group.was"]},"description":"The autoscaling group id"},"autoscaling_group_load_balancers":{"expression":{"references":["aws_autoscaling_group.was.load_balancers","aws_autoscaling_group.was"]},"description":"The load balancer names associated with the autoscaling group"},"autoscaling_group_max_size":{"expression":{"references":["aws_autoscaling_group.was.max_size","aws_autoscaling_group.was"]},"description":"The maximum size of the autoscale group"},"autoscaling_group_min_size":{"expression":{"references":["aws_autoscaling_group.was.min_size","aws_autoscaling_group.was"]},"description":"The minimum size of the autoscale group"},"autoscaling_group_name":{"expression":{"references":["aws_autoscaling_group.was.name","aws_autoscaling_group.was"]},"description":"The autoscaling group name"},"autoscaling_group_target_group_arns":{"expression":{"references":["aws_autoscaling_group.was.target_group_arns","aws_autoscaling_group.was"]},"description":"List of Target Group ARNs that apply to this AutoScaling Group"},"launch_template_arn":{"expression":{"references":["aws_launch_template.was.arn","aws_launch_template.was"]},"description":"The ARN of the launch template"},"launch_template_default_version":{"expression":{"references":["aws_launch_template.was.default_version","aws_launch_template.was"]},"description":"The default version of the launch template"},"launch_template_id":{"expression":{"references":["aws_launch_template.was.id","aws_launch_template.was"]},"description":"The ID of the launch template"},"launch_template_name":{"expression":{"references":["aws_launch_template.was.name","aws_launch_template.was"]},"description":"The name of the launch template"},"security_group_arn":{"expression":{"references":["aws_security_group.was.arn","aws_security_group.was"]},"description":"The ARN of the security group"},"security_group_description":{"expression":{"references":["aws_security_group.was.description","aws_security_group.was"]},"description":"The description of the security group"},"security_group_id":{"expression":{"references":["aws_security_group.was.id","aws_security_group.was"]},"description":"The ID of the security group"},"security_group_name":{"expression":{"references":["aws_security_group.was.name","aws_security_group.was"]},"description":"The name of the security group"},"security_group_owner_id":{"expression":{"references":["aws_security_group.was.owner_id","aws_security_group.was"]},"description":"The owner ID"},"security_group_vpc_id":{"expression":{"references":["aws_security_group.was.vpc_id","aws_security_group.was"]},"description":"The VPC ID"}},"resources":[{"address":"aws_autoscaling_group.was","mode":"managed","type":"aws_autoscaling_group","name":"was","provider_config_key":"aws","expressions":{"desired_capacity":{"references":["var.desired_capacity"]},"health_check_grace_period":{"references":["var.health_check_grace_period"]},"health_check_type":{"references":["var.health_check_type"]},"launch_template":[{"id":{"references":["aws_launch_template.was.id","aws_launch_template.was"]}}],"max_size":{"references":["var.max_size"]},"min_size":{"references":["var.min_size"]},"name":{"references":["var.name"]},"tag":[{"key":{"constant_value":"Name"},"propagate_at_launch":{"constant_value":true},"value":{"references":["var.name"]}},{"key":{"references":["var.tags"]},"propagate_at_launch":{"constant_value":true},"value":{"references":["var.tags"]}}],"target_group_arns":{"references":["var.target_group_arns"]},"vpc_zone_identifier":{"references":["var.vpc_zone_identifier"]},"wait_for_capacity_timeout":{"references":["var.wait_for_capacity_timeout"]}},"schema_version":1},{"address":"aws_launch_template.was","mode":"managed","type":"aws_launch_template","name":"was","provider_config_key":"aws","expressions":{"description":{"references":["var.name"]},"iam_instance_profile":[{"arn":{"references":["var.iam_instance_profile_arn"]}}],"image_id":{"references":["data.aws_ami.ubuntu.id","data.aws_ami.ubuntu"]},"instance_type":{"references":["var.instance_type"]},"key_name":{"references":["var.key_name"]},"name":{"references":["var.name"]},"tags":{"references":["var.name","var.tags"]},"user_data":{"references":["path.module"]},"vpc_security_group_ids":{"references":["aws_security_group.was"]}},"schema_version":0},{"address":"aws_security_group.was","mode":"managed","type":"aws_security_group","name":"was","provider_config_key":"aws","expressions":{"description":{"references":["var.name"]},"egress":{"constant_value":[{"cidr_blocks":["0.0.0.0/0"],"description":null,"from_port":0,"ipv6_cidr_blocks":["::/0"],"prefix_list_ids":null,"protocol":"-1","security_groups":null,"self":null,"to_port":0}]},"name":{"references":["var.name"]},"tags":{"references":["var.name","var.tags"]},"vpc_id":{"references":["var.vpc_id"]}},"schema_version":1},{"address":"data.aws_ami.ubuntu","mode":"data","type":"aws_ami","name":"ubuntu","provider_config_key":"aws","expressions":{"filter":[{"name":{"constant_value":"name"},"values":{"constant_value":["ubuntu/images/hvm-ssd/*"]}},{"name":{"constant_value":"root-device-type"},"values":{"constant_value":["ebs"]}},{"name":{"constant_value":"virtualization-type"},"values":{"constant_value":["hvm"]}},{"name":{"constant_value":"architecture"},"values":{"constant_value":["x86_64"]}}],"most_recent":{"constant_value":true},"owners":{"constant_value":["099720109477"]}},"schema_version":0}],"variables":{"desired_capacity":{"description":"The number of Amazon EC2 instances that should be running in the autoscaling group"},"health_check_grace_period":{"description":"Time (in seconds) after instance comes into service before checking health"},"health_check_type":{"description":"`EC2` or `ELB`. Controls how health checking is done"},"iam_instance_profile_arn":{"description":"ARN assigned by AWS to the instance profile"},"instance_type":{"description":"The type of the instance"},"key_name":{"description":"The key name that should be used for the instance"},"max_size":{"description":"The maximum size of the autoscaling group"},"min_size":{"description":"The minimum size of the autoscaling group"},"name":{"description":"Name to be used on all the resources as identifier"},"private_lb_sg_id":{"description":"Security group ID of Private LB for ingress targets"},"tags":{"description":"Additional information for the all resources"},"target_group_arns":{"description":"A set of `aws_alb_target_group` ARNs, for use with Application or Network Load Balancing"},"vpc_id":{"description":"VPC ID of network module"},"vpc_zone_identifier":{"description":"A list of subnet IDs to launch resources in. Subnets automatically determine which availability zones the group will reside. Conflicts with `availability_zones`"},"wait_for_capacity_timeout":{"description":"A maximum duration that Terraform should wait for ASG instances to be healthy before timing out. (See also Waiting for Capacity below.) Setting this to '0' causes Terraform to skip all Capacity Waiting behavior."},"was_sg_ports":{"description":"List of allowed ports to WAS Security Group"}}}},"web":{"source":"./modules/web","expressions":{"desired_capacity":{"references":["var.desired_capacity"]},"health_check_grace_period":{"references":["var.health_check_grace_period"]},"health_check_type":{"references":["var.health_check_type"]},"iam_instance_profile_arn":{"references":["module.iam.iam_instance_profile_arn","module.iam"]},"instance_type":{"references":["var.instance_type"]},"key_name":{"references":["var.key_name"]},"max_size":{"references":["var.max_size"]},"min_size":{"references":["var.min_size"]},"name":{"references":["var.name"]},"public_lb_sg_id":{"references":["module.public_lb.security_group_id","module.public_lb"]},"tags":{"references":["var.tags"]},"target_group_arns":{"references":["module.public_lb.target_groups_arn","module.public_lb"]},"vpc_id":{"references":["module.network.vpc_id","module.network"]},"vpc_zone_identifier":{"references":["module.network.web_subnets","module.network"]},"wait_for_capacity_timeout":{"references":["var.wait_for_capacity_timeout"]},"web_sg_ports":{"references":["var.web_sg_ports"]}},"module":{"outputs":{"autoscaling_group_arn":{"expression":{"references":["aws_autoscaling_group.web.arn","aws_autoscaling_group.web"]},"description":"The ARN for this AutoScaling Group"},"autoscaling_group_availability_zones":{"expression":{"references":["aws_autoscaling_group.web.availability_zones","aws_autoscaling_group.web"]},"description":"The availability zones of the autoscale group"},"autoscaling_group_default_cooldown":{"expression":{"references":["aws_autoscaling_group.web.default_cooldown","aws_autoscaling_group.web"]},"description":"Time between a scaling activity and the succeeding scaling activity"},"autoscaling_group_desired_capacity":{"expression":{"references":["aws_autoscaling_group.web.desired_capacity","aws_autoscaling_group.web"]},"description":"The number of Amazon EC2 instances that should be running in the group"},"autoscaling_group_health_check_grace_period":{"expression":{"references":["aws_autoscaling_group.web.health_check_grace_period","aws_autoscaling_group.web"]},"description":"Time after instance comes into service before checking health"},"autoscaling_group_health_check_type":{"expression":{"references":["aws_autoscaling_group.web.health_check_type","aws_autoscaling_group.web"]},"description":"EC2 or ELB. Controls how health checking is done"},"autoscaling_group_id":{"expression":{"references":["aws_autoscaling_group.web.id","aws_autoscaling_group.web"]},"description":"The autoscaling group id"},"autoscaling_group_load_balancers":{"expression":{"references":["aws_autoscaling_group.web.load_balancers","aws_autoscaling_group.web"]},"description":"The load balancer names associated with the autoscaling group"},"autoscaling_group_max_size":{"expression":{"references":["aws_autoscaling_group.web.max_size","aws_autoscaling_group.web"]},"description":"The maximum size of the autoscale group"},"autoscaling_group_min_size":{"expression":{"references":["aws_autoscaling_group.web.min_size","aws_autoscaling_group.web"]},"description":"The minimum size of the autoscale group"},"autoscaling_group_name":{"expression":{"references":["aws_autoscaling_group.web.name","aws_autoscaling_group.web"]},"description":"The autoscaling group name"},"autoscaling_group_target_group_arns":{"expression":{"references":["aws_autoscaling_group.web.target_group_arns","aws_autoscaling_group.web"]},"description":"List of Target Group ARNs that apply to this AutoScaling Group"},"launch_template_arn":{"expression":{"references":["aws_launch_template.web.arn","aws_launch_template.web"]},"description":"The ARN of the launch template"},"launch_template_default_version":{"expression":{"references":["aws_launch_template.web.default_version","aws_launch_template.web"]},"description":"The default version of the launch template"},"launch_template_id":{"expression":{"references":["aws_launch_template.web.id","aws_launch_template.web"]},"description":"The ID of the launch template"},"launch_template_name":{"expression":{"references":["aws_launch_template.web.name","aws_launch_template.web"]},"description":"The name of the launch template"},"security_group_arn":{"expression":{"references":["aws_security_group.web.arn","aws_security_group.web"]},"description":"The ARN of the security group"},"security_group_description":{"expression":{"references":["aws_security_group.web.description","aws_security_group.web"]},"description":"The description of the security group"},"security_group_id":{"expression":{"references":["aws_security_group.web.id","aws_security_group.web"]},"description":"The ID of the security group"},"security_group_name":{"expression":{"references":["aws_security_group.web.name","aws_security_group.web"]},"description":"The name of the security group"},"security_group_owner_id":{"expression":{"references":["aws_security_group.web.owner_id","aws_security_group.web"]},"description":"The owner ID"},"security_group_vpc_id":{"expression":{"references":["aws_security_group.web.vpc_id","aws_security_group.web"]},"description":"The VPC ID"}},"resources":[{"address":"aws_autoscaling_group.web","mode":"managed","type":"aws_autoscaling_group","name":"web","provider_config_key":"aws","expressions":{"desired_capacity":{"references":["var.desired_capacity"]},"health_check_grace_period":{"references":["var.health_check_grace_period"]},"health_check_type":{"references":["var.health_check_type"]},"launch_template":[{"id":{"references":["aws_launch_template.web.id","aws_launch_template.web"]}}],"max_size":{"references":["var.max_size"]},"min_size":{"references":["var.min_size"]},"name":{"references":["var.name"]},"tag":[{"key":{"constant_value":"Name"},"propagate_at_launch":{"constant_value":true},"value":{"references":["var.name"]}},{"key":{"references":["var.tags"]},"propagate_at_launch":{"constant_value":true},"value":{"references":["var.tags"]}}],"target_group_arns":{"references":["var.target_group_arns"]},"vpc_zone_identifier":{"references":["var.vpc_zone_identifier"]},"wait_for_capacity_timeout":{"references":["var.wait_for_capacity_timeout"]}},"schema_version":1},{"address":"aws_launch_template.web","mode":"managed","type":"aws_launch_template","name":"web","provider_config_key":"aws","expressions":{"description":{"references":["var.name"]},"iam_instance_profile":[{"arn":{"references":["var.iam_instance_profile_arn"]}}],"image_id":{"references":["data.aws_ami.ubuntu.id","data.aws_ami.ubuntu"]},"instance_type":{"references":["var.instance_type"]},"key_name":{"references":["var.key_name"]},"name":{"references":["var.name"]},"tags":{"references":["var.name","var.tags"]},"user_data":{"references":["path.module"]},"vpc_security_group_ids":{"references":["aws_security_group.web"]}},"schema_version":0},{"address":"aws_security_group.web","mode":"managed","type":"aws_security_group","name":"web","provider_config_key":"aws","expressions":{"description":{"references":["var.name"]},"egress":{"constant_value":[{"cidr_blocks":["0.0.0.0/0"],"description":null,"from_port":0,"ipv6_cidr_blocks":["::/0"],"prefix_list_ids":null,"protocol":"-1","security_groups":null,"self":null,"to_port":0}]},"name":{"references":["var.name"]},"tags":{"references":["var.name","var.tags"]},"vpc_id":{"references":["var.vpc_id"]}},"schema_version":1},{"address":"data.aws_ami.ubuntu","mode":"data","type":"aws_ami","name":"ubuntu","provider_config_key":"aws","expressions":{"filter":[{"name":{"constant_value":"name"},"values":{"constant_value":["ubuntu/images/hvm-ssd/*"]}},{"name":{"constant_value":"root-device-type"},"values":{"constant_value":["ebs"]}},{"name":{"constant_value":"virtualization-type"},"values":{"constant_value":["hvm"]}},{"name":{"constant_value":"architecture"},"values":{"constant_value":["x86_64"]}}],"most_recent":{"constant_value":true},"owners":{"constant_value":["099720109477"]}},"schema_version":0}],"variables":{"desired_capacity":{"description":"The number of Amazon EC2 instances that should be running in the autoscaling group"},"health_check_grace_period":{"description":"Time (in seconds) after instance comes into service before checking health"},"health_check_type":{"description":"`EC2` or `ELB`. Controls how health checking is done"},"iam_instance_profile_arn":{"description":"ARN assigned by AWS to the instance profile"},"instance_type":{"description":"The type of the instance"},"key_name":{"description":"The key name that should be used for the instance"},"max_size":{"description":"The maximum size of the autoscaling group"},"min_size":{"description":"The minimum size of the autoscaling group"},"name":{"description":"Name to be used on all the resources as identifier"},"public_lb_sg_id":{"description":"Security group ID of Public LB for ingress targets"},"tags":{"description":"Additional information for the all resources"},"target_group_arns":{"description":"A set of `aws_alb_target_group` ARNs, for use with Application or Network Load Balancing"},"vpc_id":{"description":"VPC ID of network module"},"vpc_zone_identifier":{"description":"A list of subnet IDs to launch resources in. Subnets automatically determine which availability zones the group will reside. Conflicts with `availability_zones`"},"wait_for_capacity_timeout":{"description":"A maximum duration that Terraform should wait for ASG instances to be healthy before timing out. (See also Waiting for Capacity below.) Setting this to '0' causes Terraform to skip all Capacity Waiting behavior."},"web_sg_ports":{"description":"List of allowed ports to WEB Security Group"}}}}},"variables":{"allocated_storage":{"description":"The allocated storage in gigabytes"},"azs":{"description":"A list of availability zones names or ids in the region"},"cidr":{"description":"The IPv4 CIDR block for the VPC"},"db_sg_ports":{"description":"List of allowed ports to DB Security Group"},"db_subnet_cidr":{"description":"The IPv4 CIDR block for the DB Subnets"},"desired_capacity":{"description":"The number of Amazon EC2 instances that should be running in the autoscaling group"},"engine":{"default":null,"description":"The database engine to use"},"engine_version":{"default":null,"description":"The engine version to use"},"health_check_grace_period":{"description":"Time (in seconds) after instance comes into service before checking health"},"health_check_type":{"description":"`EC2` or `ELB`. Controls how health checking is done"},"instance_class":{"description":"The instance type of the RDS instance"},"instance_type":{"description":"The type of the instance"},"key_name":{"description":"The key name that should be used for the instance"},"load_balancer_type":{"description":"The type of load balancer to create. Possible values are `application`, `gateway`, or `network`. The default value is `application`"},"max_size":{"description":"The maximum size of the autoscaling group"},"min_size":{"description":"The minimum size of the autoscaling group"},"multi_az":{"description":"Specifies if the RDS instance is multi-AZ"},"name":{"description":"Name to be used on all the resources as identifier"},"private_lb_sg_ports":{"description":"List of allowed ports to Private LB Security Group"},"private_lb_subnet_cidr":{"description":"The IPv4 CIDR block for the Private LB Subnets"},"public_lb_sg_ports":{"description":"List of allowed ports to Public LB Security Group"},"public_subnet_cidr":{"description":"The IPv4 CIDR block for the Public Subnets"},"tags":{"description":"Additional information for the all resources"},"wait_for_capacity_timeout":{"description":"A maximum duration that Terraform should wait for ASG instances to be healthy before timing out. (See also Waiting for Capacity below.) Setting this to '0' causes Terraform to skip all Capacity Waiting behavior."},"was_sg_ports":{"description":"List of allowed ports to WAS Security Group"},"was_subnet_cidr":{"description":"The IPv4 CIDR block for the WAS Subnets"},"web_sg_ports":{"description":"List of allowed ports to WEB Security Group"},"web_subnet_cidr":{"description":"The IPv4 CIDR block for the WEB Subnets"}}}},"relevant_attributes":[{"resource":"module.web.aws_security_group.web","attribute":["name"]},{"resource":"module.private_lb.aws_lb.private","attribute":["dns_name"]},{"resource":"module.web.aws_autoscaling_group.web","attribute":["min_size"]},{"resource":"module.network.aws_vpc.main","attribute":["id"]},{"resource":"module.private_lb.aws_lb.private","attribute":["arn"]},{"resource":"module.web.data.aws_ami.ubuntu","attribute":["id"]},{"resource":"module.iam.aws_iam_role.ec2_role","attribute":["path"]},{"resource":"module.db.aws_db_instance.postgres","attribute":["availability_zone"]},{"resource":"module.public_lb.aws_lb_target_group.web","attribute":["arn"]},{"resource":"module.network.aws_route_table.public","attribute":[]},{"resource":"module.network.aws_route_table_association.public","attribute":[]},{"resource":"module.network.aws_route_table_association.was","attribute":[]},{"resource":"module.iam.aws_iam_instance_profile.this","attribute":["unique_id"]},{"resource":"module.private_lb.aws_lb_target_group.was","attribute":[]},{"resource":"module.private_lb.aws_security_group.private_lb","attribute":["arn"]},{"resource":"module.was.aws_autoscaling_group.was","attribute":["health_check_type"]},{"resource":"module.web.aws_autoscaling_group.web","attribute":["arn"]},{"resource":"module.was.aws_autoscaling_group.was","attribute":["name"]},{"resource":"module.network.aws_vpc.main","attribute":["owner_id"]},{"resource":"module.iam.aws_iam_role.ec2_role","attribute":["unique_id"]},{"resource":"module.network.aws_internet_gateway.this","attribute":["arn"]},{"resource":"module.network.aws_route.web_nat_gateway","attribute":[]},{"resource":"module.db.aws_db_instance.postgres","attribute":["username"]},{"resource":"module.db.aws_db_instance.postgres","attribute":["resource_id"]},{"resource":"module.network.aws_subnet.db","attribute":[]},{"resource":"module.iam.aws_iam_role.ec2_role","attribute":["arn"]},{"resource":"module.public_lb.aws_lb.public","attribute":["id"]},{"resource":"module.was.aws_autoscaling_group.was","attribute":["min_size"]},{"resource":"module.db.aws_db_instance.postgres","attribute":["port"]},{"resource":"module.was.aws_autoscaling_group.was","attribute":["arn"]},{"resource":"module.iam.aws_iam_policy.ecr_policy","attribute":["arn"]},{"resource":"module.network.aws_nat_gateway.this","attribute":[]},{"resource":"module.iam.aws_iam_instance_profile.this","attribute":["id"]},{"resource":"module.web.aws_security_group.web","attribute":["vpc_id"]},{"resource":"module.network.aws_route_table_association.db","attribute":[]},{"resource":"module.public_lb.aws_lb_listener.https","attribute":[]},{"resource":"module.was.aws_launch_template.was","attribute":["default_version"]},{"resource":"module.web.aws_autoscaling_group.web","attribute":["id"]},{"resource":"module.was.aws_autoscaling_group.was","attribute":["availability_zones"]},{"resource":"module.route53.aws_route53_zone.private","attribute":["arn"]},{"resource":"module.web.aws_security_group.web","attribute":["owner_id"]},{"resource":"module.route53.aws_route53_record.private_lb","attribute":["fqdn"]},{"resource":"module.web.aws_autoscaling_group.web","attribute":["target_group_arns"]},{"resource":"module.was.aws_security_group.was","attribute":["description"]},{"resource":"module.db.aws_db_instance.postgres","attribute":["address"]},{"resource":"module.route53.aws_route53_record.public_lb","attribute":["name"]},{"resource":"module.network.aws_subnet.web","attribute":[]},{"resource":"module.db.data.aws_secretsmanager_secret_version.db-secret","attribute":["secret_string"]},{"resource":"module.network.aws_vpc.main","attribute":["cidr_block"]},{"resource":"module.was.aws_security_group.was","attribute":["vpc_id"]},{"resource":"module.network.aws_route_table.public","attribute":["id"]},{"resource":"module.network.aws_route_table.web","attribute":[]},{"resource":"module.web.aws_autoscaling_group.web","attribute":["desired_capacity"]},{"resource":"module.web.aws_autoscaling_group.web","attribute":["health_check_type"]},{"resource":"module.web.aws_autoscaling_group.web","attribute":["default_cooldown"]},{"resource":"module.route53.aws_route53_record.public_lb","attribute":["fqdn"]},{"resource":"module.private_lb.aws_security_group.private_lb","attribute":["id"]},{"resource":"module.db.aws_security_group.db","attribute":["id"]},{"resource":"module.web.aws_launch_template.web","attribute":["arn"]},{"resource":"module.web.aws_autoscaling_group.web","attribute":["load_balancers"]},{"resource":"module.public_lb.aws_lb.public","attribute":["arn"]},{"resource":"module.public_lb.aws_lb.public","attribute":["arn_suffix"]},{"resource":"module.db.aws_db_instance.postgres","attribute":["engine_version_actual"]},{"resource":"module.web.aws_autoscaling_group.web","attribute":["name"]},{"resource":"module.db.aws_db_instance.postgres","attribute":["endpoint"]},{"resource":"module.was.aws_autoscaling_group.was","attribute":["health_check_grace_period"]},{"resource":"module.was.aws_security_group.was","attribute":["id"]},{"resource":"module.db.aws_db_instance.postgres","attribute":["listener_endpoint"]},{"resource":"module.was.aws_autoscaling_group.was","attribute":["target_group_arns"]},{"resource":"module.was.aws_autoscaling_group.was","attribute":["desired_capacity"]},{"resource":"module.network.aws_eip.nat","attribute":[]},{"resource":"module.web.aws_launch_template.web","attribute":["id"]},{"resource":"module.was.aws_autoscaling_group.was","attribute":["load_balancers"]},{"resource":"module.public_lb.aws_lb.public","attribute":["zone_id"]},{"resource":"module.public_lb.aws_lb_listener.http","attribute":[]},{"resource":"module.was.aws_security_group.was","attribute":["owner_id"]},{"resource":"module.network.aws_internet_gateway.this","attribute":["id"]},{"resource":"module.route53.aws_route53_zone.private","attribute":["zone_id"]},{"resource":"module.db.aws_db_instance.postgres","attribute":["arn"]},{"resource":"module.db.aws_db_instance.postgres","attribute":["db_name"]},{"resource":"module.was.aws_launch_template.was","attribute":["arn"]},{"resource":"module.was.data.aws_ami.ubuntu","attribute":["id"]},{"resource":"module.was.aws_security_group.was","attribute":[]},{"resource":"module.network.aws_route.public_internet_gateway","attribute":["id"]},{"resource":"module.db.aws_db_instance.postgres","attribute":["ca_cert_identifier"]},{"resource":"module.was.aws_launch_template.was","attribute":["name"]},{"resource":"module.was.aws_autoscaling_group.was","attribute":["default_cooldown"]},{"resource":"module.private_lb.aws_lb_target_group.was","attribute":["arn"]},{"resource":"module.route53.aws_route53_zone.private","attribute":["name_servers"]},{"resource":"module.db.aws_db_instance.postgres","attribute":["hosted_zone_id"]},{"resource":"module.db.aws_db_instance.postgres","attribute":["identifier"]},{"resource":"module.network.aws_route_table_association.web","attribute":[]},{"resource":"module.private_lb.aws_lb.private","attribute":["arn_suffix"]},{"resource":"module.private_lb.aws_lb.private","attribute":["zone_id"]},{"resource":"module.was.aws_security_group.was","attribute":["name"]},{"resource":"module.was.aws_autoscaling_group.was","attribute":["max_size"]},{"resource":"module.network.aws_subnet.was","attribute":[]},{"resource":"module.db.aws_db_subnet_group.this","attribute":["name"]},{"resource":"module.network.aws_subnet.private_lb","attribute":[]},{"resource":"module.route53.aws_route53_zone.private","attribute":["name"]},{"resource":"module.network.aws_subnet.public","attribute":[]},{"resource":"module.db.aws_db_subnet_group.this","attribute":["id"]},{"resource":"module.was.aws_security_group.was","attribute":["arn"]},{"resource":"module.route53.data.aws_lb_hosted_zone_id.main","attribute":["id"]},{"resource":"module.route53.data.aws_route53_zone.selected","attribute":["zone_id"]},{"resource":"module.db.aws_db_subnet_group.this","attribute":["arn"]},{"resource":"module.public_lb.aws_lb.public","attribute":["dns_name"]},{"resource":"module.iam.aws_iam_instance_profile.this","attribute":["arn"]},{"resource":"module.public_lb.aws_security_group.public_lb","attribute":["arn"]},{"resource":"module.web.aws_autoscaling_group.web","attribute":["health_check_grace_period"]},{"resource":"module.public_lb.aws_security_group.public_lb","attribute":["id"]},{"resource":"module.web.aws_launch_template.web","attribute":["name"]},{"resource":"module.web.aws_autoscaling_group.web","attribute":["availability_zones"]},{"resource":"module.web.aws_autoscaling_group.web","attribute":["max_size"]},{"resource":"module.db.aws_db_instance.postgres","attribute":["status"]},{"resource":"module.iam.aws_iam_role.ec2_role","attribute":["name"]},{"resource":"module.web.aws_security_group.web","attribute":[]},{"resource":"module.was.aws_launch_template.was","attribute":["id"]},{"resource":"module.web.aws_security_group.web","attribute":["arn"]},{"resource":"module.public_lb.data.aws_acm_certificate.amazon_issued","attribute":["arn"]},{"resource":"module.network.aws_vpc.main","attribute":["arn"]},{"resource":"module.route53.aws_route53_record.private_lb","attribute":["name"]},{"resource":"module.db.aws_db_instance.postgres","attribute":["engine"]},{"resource":"module.public_lb.aws_lb_target_group.web","attribute":[]},{"resource":"module.was.aws_autoscaling_group.was","attribute":["id"]},{"resource":"module.web.aws_security_group.web","attribute":["description"]},{"resource":"module.web.aws_security_group.web","attribute":["id"]},{"resource":"module.private_lb.aws_lb.private","attribute":["id"]},{"resource":"module.web.aws_launch_template.web","attribute":["default_version"]}],"timestamp":"2023-11-14T02:00:17Z","errored":false}